// !$*UTF8*$!
{
	archiveVersion = 1;
	classes = {
	};
	objectVersion = 55;
	objects = {

/* Begin PBXBuildFile section */
		771AE40F296ACE7700F3A6A1 /* ImageDetailView.swift in Sources */ = {isa = PBXBuildFile; fileRef = 771AE40E296ACE7700F3A6A1 /* ImageDetailView.swift */; };
		771AE411296D4D4E00F3A6A1 /* sdInfoCardView.swift in Sources */ = {isa = PBXBuildFile; fileRef = 771AE410296D4D4E00F3A6A1 /* sdInfoCardView.swift */; };
		771EA00F28A045EC007EBC40 /* Extensions.swift in Sources */ = {isa = PBXBuildFile; fileRef = 771EA00E28A045EC007EBC40 /* Extensions.swift */; };
		771EA01128A04810007EBC40 /* MessageField.swift in Sources */ = {isa = PBXBuildFile; fileRef = 771EA01028A04810007EBC40 /* MessageField.swift */; };
		771EA01828A2435C007EBC40 /* FirebaseFirestore in Frameworks */ = {isa = PBXBuildFile; productRef = 771EA01728A2435C007EBC40 /* FirebaseFirestore */; };
		771EA01A28A2435C007EBC40 /* FirebaseFirestoreSwift in Frameworks */ = {isa = PBXBuildFile; productRef = 771EA01928A2435C007EBC40 /* FirebaseFirestoreSwift */; };
		771EA01C28A24588007EBC40 /* MessagesManager.swift in Sources */ = {isa = PBXBuildFile; fileRef = 771EA01B28A24588007EBC40 /* MessagesManager.swift */; };
		771EA01D28A24588007EBC40 /* MessagesManager.swift in Sources */ = {isa = PBXBuildFile; fileRef = 771EA01B28A24588007EBC40 /* MessagesManager.swift */; };
		771EA01E28A24588007EBC40 /* MessagesManager.swift in Sources */ = {isa = PBXBuildFile; fileRef = 771EA01B28A24588007EBC40 /* MessagesManager.swift */; };
		7731737F28CCE50100B8885B /* GoogleAuth.swift in Sources */ = {isa = PBXBuildFile; fileRef = 7731737E28CCE50100B8885B /* GoogleAuth.swift */; };
		7731738228CDBE4200B8885B /* FacebookAuth.swift in Sources */ = {isa = PBXBuildFile; fileRef = 7731738128CDBE4200B8885B /* FacebookAuth.swift */; };
		7731738528CE2F6500B8885B /* FacebookCore in Frameworks */ = {isa = PBXBuildFile; productRef = 7731738428CE2F6500B8885B /* FacebookCore */; };
		7731738728CE2F6500B8885B /* FacebookLogin in Frameworks */ = {isa = PBXBuildFile; productRef = 7731738628CE2F6500B8885B /* FacebookLogin */; };
		7731738928CE2F6500B8885B /* FacebookShare in Frameworks */ = {isa = PBXBuildFile; productRef = 7731738828CE2F6500B8885B /* FacebookShare */; };
		773B473328D6681C001217DF /* LogoView.swift in Sources */ = {isa = PBXBuildFile; fileRef = 773B473228D6681C001217DF /* LogoView.swift */; };
		77493D15291D007E00C9E283 /* CustomHeaderView.swift in Sources */ = {isa = PBXBuildFile; fileRef = 77493D14291D007E00C9E283 /* CustomHeaderView.swift */; };
		77493D17291D0C0D00C9E283 /* GamesView.swift in Sources */ = {isa = PBXBuildFile; fileRef = 77493D16291D0C0D00C9E283 /* GamesView.swift */; };
		77493D21291E3C4C00C9E283 /* TopRatedTabView.swift in Sources */ = {isa = PBXBuildFile; fileRef = 77493D20291E3C4C00C9E283 /* TopRatedTabView.swift */; };
		77493D23291E3C6C00C9E283 /* LittleThingsMainView.swift in Sources */ = {isa = PBXBuildFile; fileRef = 77493D22291E3C6C00C9E283 /* LittleThingsMainView.swift */; };
		774F2399291A501100C33E80 /* ThirdPartyButtons.swift in Sources */ = {isa = PBXBuildFile; fileRef = 774F2398291A501100C33E80 /* ThirdPartyButtons.swift */; };
		7756A48328C5192C0038903D /* MotherView.swift in Sources */ = {isa = PBXBuildFile; fileRef = 7756A48228C5192C0038903D /* MotherView.swift */; };
		7757FE22291BA991009C40CC /* LikesView.swift in Sources */ = {isa = PBXBuildFile; fileRef = 7757FE21291BA991009C40CC /* LikesView.swift */; };
		775E062928C51B140082C27E /* ViewRouter.swift in Sources */ = {isa = PBXBuildFile; fileRef = 775E062828C51B140082C27E /* ViewRouter.swift */; };
		775E062C28C51B6F0082C27E /* SignInView.swift in Sources */ = {isa = PBXBuildFile; fileRef = 775E062B28C51B6F0082C27E /* SignInView.swift */; };
		775E062E28C51B850082C27E /* SignUpView.swift in Sources */ = {isa = PBXBuildFile; fileRef = 775E062D28C51B850082C27E /* SignUpView.swift */; };
		77619ED0295DC8AE00B1BF1F /* MockService.swift in Sources */ = {isa = PBXBuildFile; fileRef = 77619ECF295DC8AE00B1BF1F /* MockService.swift */; };
		77626AEE28C87AF600D1DD9E /* AppleAuth.swift in Sources */ = {isa = PBXBuildFile; fileRef = 77626AED28C87AF600D1DD9E /* AppleAuth.swift */; };
		77626AF628CB1D2F00D1DD9E /* GoogleSignIn in Frameworks */ = {isa = PBXBuildFile; productRef = 77626AF528CB1D2F00D1DD9E /* GoogleSignIn */; };
		77626AF828CB1D2F00D1DD9E /* GoogleSignInSwift in Frameworks */ = {isa = PBXBuildFile; productRef = 77626AF728CB1D2F00D1DD9E /* GoogleSignInSwift */; };
		77626AF928CB1F0A00D1DD9E /* GoogleService-Info.plist in Resources */ = {isa = PBXBuildFile; fileRef = 776DFB5328B27E0100F9AC63 /* GoogleService-Info.plist */; };
		77626AFA28CB1F0B00D1DD9E /* GoogleService-Info.plist in Resources */ = {isa = PBXBuildFile; fileRef = 776DFB5328B27E0100F9AC63 /* GoogleService-Info.plist */; };
		776D4704295DCED700754DE5 /* TabCards.swift in Sources */ = {isa = PBXBuildFile; fileRef = 776D4703295DCED700754DE5 /* TabCards.swift */; };
		776D4706295DD64B00754DE5 /* TabCard.swift in Sources */ = {isa = PBXBuildFile; fileRef = 776D4705295DD64B00754DE5 /* TabCard.swift */; };
		776D4709295F359100754DE5 /* UserModel.swift in Sources */ = {isa = PBXBuildFile; fileRef = 776D4708295F359100754DE5 /* UserModel.swift */; };
		776D470B295F3B1300754DE5 /* sdModel.swift in Sources */ = {isa = PBXBuildFile; fileRef = 776D470A295F3B1300754DE5 /* sdModel.swift */; };
		776D470D2961A10000754DE5 /* CountdownTimerView.swift in Sources */ = {isa = PBXBuildFile; fileRef = 776D470C2961A10000754DE5 /* CountdownTimerView.swift */; };
		776D470F2961FD9000754DE5 /* ProfileViewModel.swift in Sources */ = {isa = PBXBuildFile; fileRef = 776D470E2961FD9000754DE5 /* ProfileViewModel.swift */; };
		776D47112962010000754DE5 /* ProfileInfoModel.swift in Sources */ = {isa = PBXBuildFile; fileRef = 776D47102962010000754DE5 /* ProfileInfoModel.swift */; };
		776D47132964053100754DE5 /* SideBarInfoModel.swift in Sources */ = {isa = PBXBuildFile; fileRef = 776D47122964053100754DE5 /* SideBarInfoModel.swift */; };
		776DFB5428B27E0100F9AC63 /* GoogleService-Info.plist in Resources */ = {isa = PBXBuildFile; fileRef = 776DFB5328B27E0100F9AC63 /* GoogleService-Info.plist */; };
		776DFB5B28B286B300F9AC63 /* FirebaseAuth in Frameworks */ = {isa = PBXBuildFile; productRef = 776DFB5A28B286B300F9AC63 /* FirebaseAuth */; };
		777821AA29643ADE006CD035 /* sdViewModel.swift in Sources */ = {isa = PBXBuildFile; fileRef = 777821A929643ADE006CD035 /* sdViewModel.swift */; };
		777821AC2969558F006CD035 /* TabCardBig.swift in Sources */ = {isa = PBXBuildFile; fileRef = 777821AB2969558F006CD035 /* TabCardBig.swift */; };
		77ABBE1029182DC900A7669E /* TitleView.swift in Sources */ = {isa = PBXBuildFile; fileRef = 77ABBE0F29182DC900A7669E /* TitleView.swift */; };
		77B8FD0E28BA244000AE45A8 /* ImageGridView.swift in Sources */ = {isa = PBXBuildFile; fileRef = 77B8FD0D28BA244000AE45A8 /* ImageGridView.swift */; };
		77B8FD1028BA28CE00AE45A8 /* PageViewModel.swift in Sources */ = {isa = PBXBuildFile; fileRef = 77B8FD0F28BA28CE00AE45A8 /* PageViewModel.swift */; };
		77B8FD1228BB4BDF00AE45A8 /* DropViewDelegate.swift in Sources */ = {isa = PBXBuildFile; fileRef = 77B8FD1128BB4BDF00AE45A8 /* DropViewDelegate.swift */; };
		77C3D500289910CE0088554F /* projectDateApp.swift in Sources */ = {isa = PBXBuildFile; fileRef = 77C3D4FF289910CE0088554F /* projectDateApp.swift */; };
		77C3D504289910CF0088554F /* Assets.xcassets in Resources */ = {isa = PBXBuildFile; fileRef = 77C3D503289910CF0088554F /* Assets.xcassets */; };
		77C3D507289910CF0088554F /* Preview Assets.xcassets in Resources */ = {isa = PBXBuildFile; fileRef = 77C3D506289910CF0088554F /* Preview Assets.xcassets */; };
		77C3D511289910CF0088554F /* projectDateTests.swift in Sources */ = {isa = PBXBuildFile; fileRef = 77C3D510289910CF0088554F /* projectDateTests.swift */; };
		77C3D51B289910CF0088554F /* projectDateUITests.swift in Sources */ = {isa = PBXBuildFile; fileRef = 77C3D51A289910CF0088554F /* projectDateUITests.swift */; };
		77C3D51D289910CF0088554F /* projectDateUITestsLaunchTests.swift in Sources */ = {isa = PBXBuildFile; fileRef = 77C3D51C289910CF0088554F /* projectDateUITestsLaunchTests.swift */; };
		77C3D52E289912840088554F /* EditProfileView.swift in Sources */ = {isa = PBXBuildFile; fileRef = 77C3D52D289912840088554F /* EditProfileView.swift */; };
		77C3D532289912AD0088554F /* PreviewProfileView.swift in Sources */ = {isa = PBXBuildFile; fileRef = 77C3D531289912AD0088554F /* PreviewProfileView.swift */; };
		77C3D536289912B10088554F /* UserProfileView.swift in Sources */ = {isa = PBXBuildFile; fileRef = 77C3D535289912B10088554F /* UserProfileView.swift */; };
		77C3D53A289912B60088554F /* SettingsView.swift in Sources */ = {isa = PBXBuildFile; fileRef = 77C3D539289912B60088554F /* SettingsView.swift */; };
		77C3D540289A5E650088554F /* HomeView.swift in Sources */ = {isa = PBXBuildFile; fileRef = 77C3D53F289A5E650088554F /* HomeView.swift */; };
		77C3D54D289D05020088554F /* TitleRow.swift in Sources */ = {isa = PBXBuildFile; fileRef = 77C3D54C289D05020088554F /* TitleRow.swift */; };
		77C3D55B289FB4E30088554F /* Message.swift in Sources */ = {isa = PBXBuildFile; fileRef = 77C3D55A289FB4E30088554F /* Message.swift */; };
		77C3D55F289FB5410088554F /* MessageBubble.swift in Sources */ = {isa = PBXBuildFile; fileRef = 77C3D55E289FB5410088554F /* MessageBubble.swift */; };
		77DD938E289FC9B30039CF6D /* MessageView.swift in Sources */ = {isa = PBXBuildFile; fileRef = 77DD938D289FC9B30039CF6D /* MessageView.swift */; };
		77FB23B7292A4CF3008F5469 /* CustomSegmentedControl.swift in Sources */ = {isa = PBXBuildFile; fileRef = 77FB23B6292A4CF3008F5469 /* CustomSegmentedControl.swift */; };
		77FB23B9292B5C0C008F5469 /* RecommendedTabView.swift in Sources */ = {isa = PBXBuildFile; fileRef = 77FB23B8292B5C0C008F5469 /* RecommendedTabView.swift */; };
		77FB23BB292B5C29008F5469 /* UpcomingTabView.swift in Sources */ = {isa = PBXBuildFile; fileRef = 77FB23BA292B5C29008F5469 /* UpcomingTabView.swift */; };
		77FB23BF292B5E62008F5469 /* ProfileView.swift in Sources */ = {isa = PBXBuildFile; fileRef = 77FB23BE292B5E62008F5469 /* ProfileView.swift */; };
		77FB23C2292B6227008F5469 /* ProfileInfoOverlay.swift in Sources */ = {isa = PBXBuildFile; fileRef = 77FB23C1292B6227008F5469 /* ProfileInfoOverlay.swift */; };
		77FB23C8293235F8008F5469 /* sdHomeView.swift in Sources */ = {isa = PBXBuildFile; fileRef = 77FB23C7293235F8008F5469 /* sdHomeView.swift */; };
		77FB23CA2939D0A8008F5469 /* sdCardView.swift in Sources */ = {isa = PBXBuildFile; fileRef = 77FB23C92939D0A8008F5469 /* sdCardView.swift */; };
		77FB244C294602CA008F5469 /* FacetimeView.swift in Sources */ = {isa = PBXBuildFile; fileRef = 77FB244B294602CA008F5469 /* FacetimeView.swift */; };
		77FB244F29460394008F5469 /* HMSSDK in Frameworks */ = {isa = PBXBuildFile; productRef = 77FB244E29460394008F5469 /* HMSSDK */; };
		77FB245229460426008F5469 /* TokenProvider.swift in Sources */ = {isa = PBXBuildFile; fileRef = 77FB245129460426008F5469 /* TokenProvider.swift */; };
		77FB24542946046B008F5469 /* VideoView.swift in Sources */ = {isa = PBXBuildFile; fileRef = 77FB24532946046B008F5469 /* VideoView.swift */; };
		77FB245E294DA1A2008F5469 /* SearchView.swift in Sources */ = {isa = PBXBuildFile; fileRef = 77FB245D294DA1A2008F5469 /* SearchView.swift */; };
		77FB2461294DA8D2008F5469 /* SearchInput.swift in Sources */ = {isa = PBXBuildFile; fileRef = 77FB2460294DA8D2008F5469 /* SearchInput.swift */; };
		77FB246529539DB5008F5469 /* ImageSlider.swift in Sources */ = {isa = PBXBuildFile; fileRef = 77FB246429539DB5008F5469 /* ImageSlider.swift */; };
		77FB24672954A1D5008F5469 /* RatingsView.swift in Sources */ = {isa = PBXBuildFile; fileRef = 77FB24662954A1D5008F5469 /* RatingsView.swift */; };
		77FB24692958A0C0008F5469 /* MessageHomeView.swift in Sources */ = {isa = PBXBuildFile; fileRef = 77FB24682958A0C0008F5469 /* MessageHomeView.swift */; };
		77FB246B2958A0F5008F5469 /* MessageCardView.swift in Sources */ = {isa = PBXBuildFile; fileRef = 77FB246A2958A0F5008F5469 /* MessageCardView.swift */; };
		77FB246D2958E256008F5469 /* UpcomingCardView.swift in Sources */ = {isa = PBXBuildFile; fileRef = 77FB246C2958E256008F5469 /* UpcomingCardView.swift */; };
		77FB246F2958F3E0008F5469 /* sdInfoView.swift in Sources */ = {isa = PBXBuildFile; fileRef = 77FB246E2958F3E0008F5469 /* sdInfoView.swift */; };
		77FB2474295DC11C008F5469 /* PageModel.swift in Sources */ = {isa = PBXBuildFile; fileRef = 77FB2473295DC11C008F5469 /* PageModel.swift */; };
		77FB2478295DC322008F5469 /* HomeViewModel.swift in Sources */ = {isa = PBXBuildFile; fileRef = 77FB2477295DC322008F5469 /* HomeViewModel.swift */; };
		77FB247B295DC3AB008F5469 /* ProfileModel.swift in Sources */ = {isa = PBXBuildFile; fileRef = 77FB247A295DC3AB008F5469 /* ProfileModel.swift */; };
/* End PBXBuildFile section */

/* Begin PBXContainerItemProxy section */
		77C3D50D289910CF0088554F /* PBXContainerItemProxy */ = {
			isa = PBXContainerItemProxy;
			containerPortal = 77C3D4F4289910CD0088554F /* Project object */;
			proxyType = 1;
			remoteGlobalIDString = 77C3D4FB289910CE0088554F;
			remoteInfo = projectDate;
		};
		77C3D517289910CF0088554F /* PBXContainerItemProxy */ = {
			isa = PBXContainerItemProxy;
			containerPortal = 77C3D4F4289910CD0088554F /* Project object */;
			proxyType = 1;
			remoteGlobalIDString = 77C3D4FB289910CE0088554F;
			remoteInfo = projectDate;
		};
/* End PBXContainerItemProxy section */

/* Begin PBXFileReference section */
		771AE40E296ACE7700F3A6A1 /* ImageDetailView.swift */ = {isa = PBXFileReference; lastKnownFileType = sourcecode.swift; path = ImageDetailView.swift; sourceTree = "<group>"; };
		771AE410296D4D4E00F3A6A1 /* sdInfoCardView.swift */ = {isa = PBXFileReference; lastKnownFileType = sourcecode.swift; path = sdInfoCardView.swift; sourceTree = "<group>"; };
		771EA00E28A045EC007EBC40 /* Extensions.swift */ = {isa = PBXFileReference; lastKnownFileType = sourcecode.swift; path = Extensions.swift; sourceTree = "<group>"; };
		771EA01028A04810007EBC40 /* MessageField.swift */ = {isa = PBXFileReference; lastKnownFileType = sourcecode.swift; path = MessageField.swift; sourceTree = "<group>"; };
		771EA01B28A24588007EBC40 /* MessagesManager.swift */ = {isa = PBXFileReference; lastKnownFileType = sourcecode.swift; path = MessagesManager.swift; sourceTree = "<group>"; };
		7731737E28CCE50100B8885B /* GoogleAuth.swift */ = {isa = PBXFileReference; lastKnownFileType = sourcecode.swift; path = GoogleAuth.swift; sourceTree = "<group>"; };
		7731738128CDBE4200B8885B /* FacebookAuth.swift */ = {isa = PBXFileReference; lastKnownFileType = sourcecode.swift; path = FacebookAuth.swift; sourceTree = "<group>"; };
		773B473228D6681C001217DF /* LogoView.swift */ = {isa = PBXFileReference; lastKnownFileType = sourcecode.swift; path = LogoView.swift; sourceTree = "<group>"; };
		77493D14291D007E00C9E283 /* CustomHeaderView.swift */ = {isa = PBXFileReference; lastKnownFileType = sourcecode.swift; path = CustomHeaderView.swift; sourceTree = "<group>"; };
		77493D16291D0C0D00C9E283 /* GamesView.swift */ = {isa = PBXFileReference; lastKnownFileType = sourcecode.swift; path = GamesView.swift; sourceTree = "<group>"; };
		77493D20291E3C4C00C9E283 /* TopRatedTabView.swift */ = {isa = PBXFileReference; lastKnownFileType = sourcecode.swift; path = TopRatedTabView.swift; sourceTree = "<group>"; };
		77493D22291E3C6C00C9E283 /* LittleThingsMainView.swift */ = {isa = PBXFileReference; lastKnownFileType = sourcecode.swift; path = LittleThingsMainView.swift; sourceTree = "<group>"; };
		774F2398291A501100C33E80 /* ThirdPartyButtons.swift */ = {isa = PBXFileReference; lastKnownFileType = sourcecode.swift; path = ThirdPartyButtons.swift; sourceTree = "<group>"; };
		7756A48228C5192C0038903D /* MotherView.swift */ = {isa = PBXFileReference; lastKnownFileType = sourcecode.swift; path = MotherView.swift; sourceTree = "<group>"; };
		7757FE21291BA991009C40CC /* LikesView.swift */ = {isa = PBXFileReference; lastKnownFileType = sourcecode.swift; path = LikesView.swift; sourceTree = "<group>"; };
		775E062828C51B140082C27E /* ViewRouter.swift */ = {isa = PBXFileReference; lastKnownFileType = sourcecode.swift; path = ViewRouter.swift; sourceTree = "<group>"; };
		775E062B28C51B6F0082C27E /* SignInView.swift */ = {isa = PBXFileReference; lastKnownFileType = sourcecode.swift; path = SignInView.swift; sourceTree = "<group>"; };
		775E062D28C51B850082C27E /* SignUpView.swift */ = {isa = PBXFileReference; lastKnownFileType = sourcecode.swift; path = SignUpView.swift; sourceTree = "<group>"; };
		775E062F28C72B450082C27E /* projectDate.entitlements */ = {isa = PBXFileReference; lastKnownFileType = text.plist.entitlements; path = projectDate.entitlements; sourceTree = "<group>"; };
		77619ECF295DC8AE00B1BF1F /* MockService.swift */ = {isa = PBXFileReference; lastKnownFileType = sourcecode.swift; path = MockService.swift; sourceTree = "<group>"; };
		77626AED28C87AF600D1DD9E /* AppleAuth.swift */ = {isa = PBXFileReference; lastKnownFileType = sourcecode.swift; path = AppleAuth.swift; sourceTree = "<group>"; };
		776D4703295DCED700754DE5 /* TabCards.swift */ = {isa = PBXFileReference; lastKnownFileType = sourcecode.swift; path = TabCards.swift; sourceTree = "<group>"; };
		776D4705295DD64B00754DE5 /* TabCard.swift */ = {isa = PBXFileReference; lastKnownFileType = sourcecode.swift; path = TabCard.swift; sourceTree = "<group>"; };
		776D4708295F359100754DE5 /* UserModel.swift */ = {isa = PBXFileReference; lastKnownFileType = sourcecode.swift; path = UserModel.swift; sourceTree = "<group>"; };
		776D470A295F3B1300754DE5 /* sdModel.swift */ = {isa = PBXFileReference; lastKnownFileType = sourcecode.swift; path = sdModel.swift; sourceTree = "<group>"; };
		776D470C2961A10000754DE5 /* CountdownTimerView.swift */ = {isa = PBXFileReference; lastKnownFileType = sourcecode.swift; path = CountdownTimerView.swift; sourceTree = "<group>"; };
		776D470E2961FD9000754DE5 /* ProfileViewModel.swift */ = {isa = PBXFileReference; lastKnownFileType = sourcecode.swift; name = ProfileViewModel.swift; path = projectDate/feats/utils/views/ProfileViewModel.swift; sourceTree = SOURCE_ROOT; };
		776D47102962010000754DE5 /* ProfileInfoModel.swift */ = {isa = PBXFileReference; lastKnownFileType = sourcecode.swift; path = ProfileInfoModel.swift; sourceTree = "<group>"; };
		776D47122964053100754DE5 /* SideBarInfoModel.swift */ = {isa = PBXFileReference; lastKnownFileType = sourcecode.swift; path = SideBarInfoModel.swift; sourceTree = "<group>"; };
		776DFB5328B27E0100F9AC63 /* GoogleService-Info.plist */ = {isa = PBXFileReference; lastKnownFileType = text.plist; path = "GoogleService-Info.plist"; sourceTree = SOURCE_ROOT; };
		777821A929643ADE006CD035 /* sdViewModel.swift */ = {isa = PBXFileReference; lastKnownFileType = sourcecode.swift; path = sdViewModel.swift; sourceTree = "<group>"; };
		777821AB2969558F006CD035 /* TabCardBig.swift */ = {isa = PBXFileReference; lastKnownFileType = sourcecode.swift; path = TabCardBig.swift; sourceTree = "<group>"; };
		77ABBE0F29182DC900A7669E /* TitleView.swift */ = {isa = PBXFileReference; lastKnownFileType = sourcecode.swift; path = TitleView.swift; sourceTree = "<group>"; };
		77B8FD0D28BA244000AE45A8 /* ImageGridView.swift */ = {isa = PBXFileReference; lastKnownFileType = sourcecode.swift; path = ImageGridView.swift; sourceTree = "<group>"; };
		77B8FD0F28BA28CE00AE45A8 /* PageViewModel.swift */ = {isa = PBXFileReference; lastKnownFileType = sourcecode.swift; path = PageViewModel.swift; sourceTree = "<group>"; };
		77B8FD1128BB4BDF00AE45A8 /* DropViewDelegate.swift */ = {isa = PBXFileReference; lastKnownFileType = sourcecode.swift; path = DropViewDelegate.swift; sourceTree = "<group>"; };
		77C3D4FC289910CE0088554F /* projectDate.app */ = {isa = PBXFileReference; explicitFileType = wrapper.application; includeInIndex = 0; path = projectDate.app; sourceTree = BUILT_PRODUCTS_DIR; };
		77C3D4FF289910CE0088554F /* projectDateApp.swift */ = {isa = PBXFileReference; lastKnownFileType = sourcecode.swift; path = projectDateApp.swift; sourceTree = "<group>"; };
		77C3D503289910CF0088554F /* Assets.xcassets */ = {isa = PBXFileReference; lastKnownFileType = folder.assetcatalog; path = Assets.xcassets; sourceTree = "<group>"; };
		77C3D506289910CF0088554F /* Preview Assets.xcassets */ = {isa = PBXFileReference; lastKnownFileType = folder.assetcatalog; path = "Preview Assets.xcassets"; sourceTree = "<group>"; };
		77C3D50C289910CF0088554F /* projectDateTests.xctest */ = {isa = PBXFileReference; explicitFileType = wrapper.cfbundle; includeInIndex = 0; path = projectDateTests.xctest; sourceTree = BUILT_PRODUCTS_DIR; };
		77C3D510289910CF0088554F /* projectDateTests.swift */ = {isa = PBXFileReference; lastKnownFileType = sourcecode.swift; path = projectDateTests.swift; sourceTree = "<group>"; };
		77C3D516289910CF0088554F /* projectDateUITests.xctest */ = {isa = PBXFileReference; explicitFileType = wrapper.cfbundle; includeInIndex = 0; path = projectDateUITests.xctest; sourceTree = BUILT_PRODUCTS_DIR; };
		77C3D51A289910CF0088554F /* projectDateUITests.swift */ = {isa = PBXFileReference; lastKnownFileType = sourcecode.swift; path = projectDateUITests.swift; sourceTree = "<group>"; };
		77C3D51C289910CF0088554F /* projectDateUITestsLaunchTests.swift */ = {isa = PBXFileReference; lastKnownFileType = sourcecode.swift; path = projectDateUITestsLaunchTests.swift; sourceTree = "<group>"; };
		77C3D52D289912840088554F /* EditProfileView.swift */ = {isa = PBXFileReference; fileEncoding = 4; lastKnownFileType = sourcecode.swift; path = EditProfileView.swift; sourceTree = "<group>"; };
		77C3D531289912AD0088554F /* PreviewProfileView.swift */ = {isa = PBXFileReference; fileEncoding = 4; lastKnownFileType = sourcecode.swift; path = PreviewProfileView.swift; sourceTree = "<group>"; };
		77C3D535289912B10088554F /* UserProfileView.swift */ = {isa = PBXFileReference; fileEncoding = 4; lastKnownFileType = sourcecode.swift; path = UserProfileView.swift; sourceTree = "<group>"; };
		77C3D539289912B60088554F /* SettingsView.swift */ = {isa = PBXFileReference; fileEncoding = 4; lastKnownFileType = sourcecode.swift; path = SettingsView.swift; sourceTree = "<group>"; };
		77C3D53F289A5E650088554F /* HomeView.swift */ = {isa = PBXFileReference; lastKnownFileType = sourcecode.swift; path = HomeView.swift; sourceTree = "<group>"; };
		77C3D54C289D05020088554F /* TitleRow.swift */ = {isa = PBXFileReference; lastKnownFileType = sourcecode.swift; path = TitleRow.swift; sourceTree = "<group>"; };
		77C3D55A289FB4E30088554F /* Message.swift */ = {isa = PBXFileReference; lastKnownFileType = sourcecode.swift; path = Message.swift; sourceTree = "<group>"; };
		77C3D55E289FB5410088554F /* MessageBubble.swift */ = {isa = PBXFileReference; lastKnownFileType = sourcecode.swift; path = MessageBubble.swift; sourceTree = "<group>"; };
		77DD938D289FC9B30039CF6D /* MessageView.swift */ = {isa = PBXFileReference; lastKnownFileType = sourcecode.swift; path = MessageView.swift; sourceTree = "<group>"; };
		77FB23B6292A4CF3008F5469 /* CustomSegmentedControl.swift */ = {isa = PBXFileReference; lastKnownFileType = sourcecode.swift; path = CustomSegmentedControl.swift; sourceTree = "<group>"; };
		77FB23B8292B5C0C008F5469 /* RecommendedTabView.swift */ = {isa = PBXFileReference; lastKnownFileType = sourcecode.swift; path = RecommendedTabView.swift; sourceTree = "<group>"; };
		77FB23BA292B5C29008F5469 /* UpcomingTabView.swift */ = {isa = PBXFileReference; lastKnownFileType = sourcecode.swift; path = UpcomingTabView.swift; sourceTree = "<group>"; };
		77FB23BE292B5E62008F5469 /* ProfileView.swift */ = {isa = PBXFileReference; lastKnownFileType = sourcecode.swift; path = ProfileView.swift; sourceTree = "<group>"; };
		77FB23C1292B6227008F5469 /* ProfileInfoOverlay.swift */ = {isa = PBXFileReference; lastKnownFileType = sourcecode.swift; path = ProfileInfoOverlay.swift; sourceTree = "<group>"; };
		77FB23C7293235F8008F5469 /* sdHomeView.swift */ = {isa = PBXFileReference; lastKnownFileType = sourcecode.swift; path = sdHomeView.swift; sourceTree = "<group>"; };
		77FB23C92939D0A8008F5469 /* sdCardView.swift */ = {isa = PBXFileReference; lastKnownFileType = sourcecode.swift; path = sdCardView.swift; sourceTree = "<group>"; };
		77FB244B294602CA008F5469 /* FacetimeView.swift */ = {isa = PBXFileReference; lastKnownFileType = sourcecode.swift; path = FacetimeView.swift; sourceTree = "<group>"; };
		77FB245129460426008F5469 /* TokenProvider.swift */ = {isa = PBXFileReference; lastKnownFileType = sourcecode.swift; path = TokenProvider.swift; sourceTree = "<group>"; };
		77FB24532946046B008F5469 /* VideoView.swift */ = {isa = PBXFileReference; lastKnownFileType = sourcecode.swift; path = VideoView.swift; sourceTree = "<group>"; };
		77FB245D294DA1A2008F5469 /* SearchView.swift */ = {isa = PBXFileReference; lastKnownFileType = sourcecode.swift; path = SearchView.swift; sourceTree = "<group>"; };
		77FB2460294DA8D2008F5469 /* SearchInput.swift */ = {isa = PBXFileReference; lastKnownFileType = sourcecode.swift; path = SearchInput.swift; sourceTree = "<group>"; };
		77FB246429539DB5008F5469 /* ImageSlider.swift */ = {isa = PBXFileReference; lastKnownFileType = sourcecode.swift; path = ImageSlider.swift; sourceTree = "<group>"; };
		77FB24662954A1D5008F5469 /* RatingsView.swift */ = {isa = PBXFileReference; lastKnownFileType = sourcecode.swift; path = RatingsView.swift; sourceTree = "<group>"; };
		77FB24682958A0C0008F5469 /* MessageHomeView.swift */ = {isa = PBXFileReference; lastKnownFileType = sourcecode.swift; path = MessageHomeView.swift; sourceTree = "<group>"; };
		77FB246A2958A0F5008F5469 /* MessageCardView.swift */ = {isa = PBXFileReference; lastKnownFileType = sourcecode.swift; path = MessageCardView.swift; sourceTree = "<group>"; };
		77FB246C2958E256008F5469 /* UpcomingCardView.swift */ = {isa = PBXFileReference; lastKnownFileType = sourcecode.swift; path = UpcomingCardView.swift; sourceTree = "<group>"; };
		77FB246E2958F3E0008F5469 /* sdInfoView.swift */ = {isa = PBXFileReference; lastKnownFileType = sourcecode.swift; path = sdInfoView.swift; sourceTree = "<group>"; };
		77FB2473295DC11C008F5469 /* PageModel.swift */ = {isa = PBXFileReference; lastKnownFileType = sourcecode.swift; path = PageModel.swift; sourceTree = "<group>"; };
		77FB2477295DC322008F5469 /* HomeViewModel.swift */ = {isa = PBXFileReference; lastKnownFileType = sourcecode.swift; path = HomeViewModel.swift; sourceTree = "<group>"; };
		77FB247A295DC3AB008F5469 /* ProfileModel.swift */ = {isa = PBXFileReference; lastKnownFileType = sourcecode.swift; path = ProfileModel.swift; sourceTree = "<group>"; };
/* End PBXFileReference section */

/* Begin PBXFrameworksBuildPhase section */
		77C3D4F9289910CE0088554F /* Frameworks */ = {
			isa = PBXFrameworksBuildPhase;
			buildActionMask = 2147483647;
			files = (
				77626AF828CB1D2F00D1DD9E /* GoogleSignInSwift in Frameworks */,
				7731738528CE2F6500B8885B /* FacebookCore in Frameworks */,
				7731738928CE2F6500B8885B /* FacebookShare in Frameworks */,
				77FB244F29460394008F5469 /* HMSSDK in Frameworks */,
				771EA01828A2435C007EBC40 /* FirebaseFirestore in Frameworks */,
				77626AF628CB1D2F00D1DD9E /* GoogleSignIn in Frameworks */,
				776DFB5B28B286B300F9AC63 /* FirebaseAuth in Frameworks */,
				7731738728CE2F6500B8885B /* FacebookLogin in Frameworks */,
				771EA01A28A2435C007EBC40 /* FirebaseFirestoreSwift in Frameworks */,
			);
			runOnlyForDeploymentPostprocessing = 0;
		};
		77C3D509289910CF0088554F /* Frameworks */ = {
			isa = PBXFrameworksBuildPhase;
			buildActionMask = 2147483647;
			files = (
			);
			runOnlyForDeploymentPostprocessing = 0;
		};
		77C3D513289910CF0088554F /* Frameworks */ = {
			isa = PBXFrameworksBuildPhase;
			buildActionMask = 2147483647;
			files = (
			);
			runOnlyForDeploymentPostprocessing = 0;
		};
/* End PBXFrameworksBuildPhase section */

/* Begin PBXGroup section */
		77493D18291D12F400C9E283 /* match */ = {
			isa = PBXGroup;
			children = (
			);
			name = match;
			path = ../match;
			sourceTree = "<group>";
		};
		77493D19291D130300C9E283 /* beacon */ = {
			isa = PBXGroup;
			children = (
			);
			name = beacon;
			path = ../beacon;
			sourceTree = "<group>";
		};
		77493D1A291E3B3200C9E283 /* filters */ = {
			isa = PBXGroup;
			children = (
				77493D1D291E3BAF00C9E283 /* stores */,
				77493D1B291E3B9800C9E283 /* views */,
			);
			path = filters;
			sourceTree = "<group>";
		};
		77493D1B291E3B9800C9E283 /* views */ = {
			isa = PBXGroup;
			children = (
				77493D1C291E3BA100C9E283 /* shared */,
				77493D22291E3C6C00C9E283 /* LittleThingsMainView.swift */,
			);
			path = views;
			sourceTree = "<group>";
		};
		77493D1C291E3BA100C9E283 /* shared */ = {
			isa = PBXGroup;
			children = (
			);
			path = shared;
			sourceTree = "<group>";
		};
		77493D1D291E3BAF00C9E283 /* stores */ = {
			isa = PBXGroup;
			children = (
			);
			path = stores;
			sourceTree = "<group>";
		};
		774F2397291A4FEB00C33E80 /* shared */ = {
			isa = PBXGroup;
			children = (
				77587DE528EEBDDD00A46031 /* signInButtons */,
				774F2398291A501100C33E80 /* ThirdPartyButtons.swift */,
			);
			path = shared;
			sourceTree = "<group>";
		};
		7757FE1C291BA938009C40CC /* likes */ = {
			isa = PBXGroup;
			children = (
				7757FE1F291BA96D009C40CC /* views */,
				7757FE1E291BA961009C40CC /* stores */,
				7757FE1D291BA959009C40CC /* navigation */,
			);
			path = likes;
			sourceTree = "<group>";
		};
		7757FE1D291BA959009C40CC /* navigation */ = {
			isa = PBXGroup;
			children = (
			);
			path = navigation;
			sourceTree = "<group>";
		};
		7757FE1E291BA961009C40CC /* stores */ = {
			isa = PBXGroup;
			children = (
			);
			path = stores;
			sourceTree = "<group>";
		};
		7757FE1F291BA96D009C40CC /* views */ = {
			isa = PBXGroup;
			children = (
				7757FE20291BA976009C40CC /* shared */,
				7757FE21291BA991009C40CC /* LikesView.swift */,
			);
			path = views;
			sourceTree = "<group>";
		};
		7757FE20291BA976009C40CC /* shared */ = {
			isa = PBXGroup;
			children = (
			);
			path = shared;
			sourceTree = "<group>";
		};
		77587DE128EEB88C00A46031 /* views */ = {
			isa = PBXGroup;
			children = (
				77587DE428EEBB4E00A46031 /* shared */,
				77FB2458294605E0008F5469 /* tabViews */,
				77493D16291D0C0D00C9E283 /* GamesView.swift */,
				77C3D53F289A5E650088554F /* HomeView.swift */,
				77C3D539289912B60088554F /* SettingsView.swift */,
			);
			path = views;
			sourceTree = "<group>";
		};
		77587DE428EEBB4E00A46031 /* shared */ = {
			isa = PBXGroup;
			children = (
				773B473228D6681C001217DF /* LogoView.swift */,
				77493D14291D007E00C9E283 /* CustomHeaderView.swift */,
				77FB23B6292A4CF3008F5469 /* CustomSegmentedControl.swift */,
				776D4703295DCED700754DE5 /* TabCards.swift */,
				776D4705295DD64B00754DE5 /* TabCard.swift */,
				777821AB2969558F006CD035 /* TabCardBig.swift */,
			);
			path = shared;
			sourceTree = "<group>";
		};
		77587DE528EEBDDD00A46031 /* signInButtons */ = {
			isa = PBXGroup;
			children = (
				7731738128CDBE4200B8885B /* FacebookAuth.swift */,
				7731737E28CCE50100B8885B /* GoogleAuth.swift */,
				77626AED28C87AF600D1DD9E /* AppleAuth.swift */,
			);
			path = signInButtons;
			sourceTree = "<group>";
		};
		77619ECE295DC88C00B1BF1F /* mockData */ = {
			isa = PBXGroup;
			children = (
				77619ECF295DC8AE00B1BF1F /* MockService.swift */,
			);
			path = mockData;
			sourceTree = "<group>";
		};
		776D4700295DCC2700754DE5 /* feats */ = {
			isa = PBXGroup;
			children = (
				77ABBDFB2918289A00A7669E /* messenger */,
				77ABBE00291829D000A7669E /* imageGrid */,
				77ABBE0329182BFD00A7669E /* profile */,
				77ABBE0429182C1600A7669E /* auth */,
				7757FE1C291BA938009C40CC /* likes */,
				77493D19291D130300C9E283 /* beacon */,
				77493D18291D12F400C9E283 /* match */,
				77493D1A291E3B3200C9E283 /* filters */,
				77FB23C3293235AA008F5469 /* sd */,
				77FB2459294C58E1008F5469 /* utils */,
			);
			path = feats;
			sourceTree = "<group>";
		};
		776D4707295F357600754DE5 /* model */ = {
			isa = PBXGroup;
			children = (
				776D4708295F359100754DE5 /* UserModel.swift */,
			);
			path = model;
			sourceTree = "<group>";
		};
		77ABBDFB2918289A00A7669E /* messenger */ = {
			isa = PBXGroup;
			children = (
				77ABBE0829182C9500A7669E /* stores */,
				77ABBE0729182C8D00A7669E /* navigation */,
				77ABBDFE2918293900A7669E /* views */,
				77ABBDFD291828F700A7669E /* models */,
				77ABBDFC291828D400A7669E /* resources */,
			);
			path = messenger;
			sourceTree = "<group>";
		};
		77ABBDFC291828D400A7669E /* resources */ = {
			isa = PBXGroup;
			children = (
				771EA01B28A24588007EBC40 /* MessagesManager.swift */,
			);
			path = resources;
			sourceTree = "<group>";
		};
		77ABBDFD291828F700A7669E /* models */ = {
			isa = PBXGroup;
			children = (
				77C3D55A289FB4E30088554F /* Message.swift */,
			);
			path = models;
			sourceTree = "<group>";
		};
		77ABBDFE2918293900A7669E /* views */ = {
			isa = PBXGroup;
			children = (
				77ABBDFF2918297000A7669E /* shared */,
				77DD938D289FC9B30039CF6D /* MessageView.swift */,
				77FB24682958A0C0008F5469 /* MessageHomeView.swift */,
			);
			path = views;
			sourceTree = "<group>";
		};
		77ABBDFF2918297000A7669E /* shared */ = {
			isa = PBXGroup;
			children = (
				77C3D55E289FB5410088554F /* MessageBubble.swift */,
				77C3D54C289D05020088554F /* TitleRow.swift */,
				771EA01028A04810007EBC40 /* MessageField.swift */,
				77FB246A2958A0F5008F5469 /* MessageCardView.swift */,
			);
			path = shared;
			sourceTree = "<group>";
		};
		77ABBE00291829D000A7669E /* imageGrid */ = {
			isa = PBXGroup;
			children = (
				77FB2470295DC0EB008F5469 /* Model */,
				77ABBE0929182CAA00A7669E /* navigation */,
				77ABBE0229182B9A00A7669E /* stores */,
				77ABBE0129182A6000A7669E /* views */,
				77B8FD1128BB4BDF00AE45A8 /* DropViewDelegate.swift */,
			);
			path = imageGrid;
			sourceTree = "<group>";
		};
		77ABBE0129182A6000A7669E /* views */ = {
			isa = PBXGroup;
			children = (
				77B8FD0D28BA244000AE45A8 /* ImageGridView.swift */,
			);
			path = views;
			sourceTree = "<group>";
		};
		77ABBE0229182B9A00A7669E /* stores */ = {
			isa = PBXGroup;
			children = (
				77B8FD0F28BA28CE00AE45A8 /* PageViewModel.swift */,
			);
			path = stores;
			sourceTree = "<group>";
		};
		77ABBE0329182BFD00A7669E /* profile */ = {
			isa = PBXGroup;
			children = (
				77FB2479295DC372008F5469 /* model */,
				77ABBE0C29182CDC00A7669E /* stores */,
				77ABBE0B29182CC700A7669E /* navigation */,
				77ABBE0629182C2600A7669E /* views */,
			);
			path = profile;
			sourceTree = "<group>";
		};
		77ABBE0429182C1600A7669E /* auth */ = {
			isa = PBXGroup;
			children = (
				776D4707295F357600754DE5 /* model */,
				77ABBE0E29182D0700A7669E /* stores */,
				77ABBE0D29182D0000A7669E /* navigation */,
				77ABBE0529182C2100A7669E /* views */,
			);
			path = auth;
			sourceTree = "<group>";
		};
		77ABBE0529182C2100A7669E /* views */ = {
			isa = PBXGroup;
			children = (
				774F2397291A4FEB00C33E80 /* shared */,
				775E062B28C51B6F0082C27E /* SignInView.swift */,
				775E062D28C51B850082C27E /* SignUpView.swift */,
				77ABBE0F29182DC900A7669E /* TitleView.swift */,
			);
			path = views;
			sourceTree = "<group>";
		};
		77ABBE0629182C2600A7669E /* views */ = {
			isa = PBXGroup;
			children = (
				77FB23C0292B61FD008F5469 /* shared */,
				77C3D535289912B10088554F /* UserProfileView.swift */,
				77C3D531289912AD0088554F /* PreviewProfileView.swift */,
				77C3D52D289912840088554F /* EditProfileView.swift */,
				77FB23BE292B5E62008F5469 /* ProfileView.swift */,
			);
			path = views;
			sourceTree = "<group>";
		};
		77ABBE0729182C8D00A7669E /* navigation */ = {
			isa = PBXGroup;
			children = (
			);
			path = navigation;
			sourceTree = "<group>";
		};
		77ABBE0829182C9500A7669E /* stores */ = {
			isa = PBXGroup;
			children = (
			);
			path = stores;
			sourceTree = "<group>";
		};
		77ABBE0929182CAA00A7669E /* navigation */ = {
			isa = PBXGroup;
			children = (
			);
			path = navigation;
			sourceTree = "<group>";
		};
		77ABBE0B29182CC700A7669E /* navigation */ = {
			isa = PBXGroup;
			children = (
			);
			path = navigation;
			sourceTree = "<group>";
		};
		77ABBE0C29182CDC00A7669E /* stores */ = {
			isa = PBXGroup;
			children = (
				776D470E2961FD9000754DE5 /* ProfileViewModel.swift */,
			);
			path = stores;
			sourceTree = "<group>";
		};
		77ABBE0D29182D0000A7669E /* navigation */ = {
			isa = PBXGroup;
			children = (
			);
			path = navigation;
			sourceTree = "<group>";
		};
		77ABBE0E29182D0700A7669E /* stores */ = {
			isa = PBXGroup;
			children = (
			);
			path = stores;
			sourceTree = "<group>";
		};
		77C3D4F3289910CD0088554F = {
			isa = PBXGroup;
			children = (
				77C3D4FE289910CE0088554F /* projectDate */,
				77C3D50F289910CF0088554F /* projectDateTests */,
				77C3D519289910CF0088554F /* projectDateUITests */,
				77C3D4FD289910CE0088554F /* Products */,
			);
			sourceTree = "<group>";
		};
		77C3D4FD289910CE0088554F /* Products */ = {
			isa = PBXGroup;
			children = (
				77C3D4FC289910CE0088554F /* projectDate.app */,
				77C3D50C289910CF0088554F /* projectDateTests.xctest */,
				77C3D516289910CF0088554F /* projectDateUITests.xctest */,
			);
			name = Products;
			sourceTree = "<group>";
		};
		77C3D4FE289910CE0088554F /* projectDate */ = {
			isa = PBXGroup;
			children = (
				776D4700295DCC2700754DE5 /* feats */,
				77587DE128EEB88C00A46031 /* views */,
				77FB2475295DC246008F5469 /* stores */,
				77619ECE295DC88C00B1BF1F /* mockData */,
				77C3D503289910CF0088554F /* Assets.xcassets */,
				775E062828C51B140082C27E /* ViewRouter.swift */,
				771EA00E28A045EC007EBC40 /* Extensions.swift */,
				7756A48228C5192C0038903D /* MotherView.swift */,
				77C3D4FF289910CE0088554F /* projectDateApp.swift */,
				775E062F28C72B450082C27E /* projectDate.entitlements */,
				776DFB5328B27E0100F9AC63 /* GoogleService-Info.plist */,
				77C3D505289910CF0088554F /* Preview Content */,
			);
			path = projectDate;
			sourceTree = "<group>";
		};
		77C3D505289910CF0088554F /* Preview Content */ = {
			isa = PBXGroup;
			children = (
				77C3D506289910CF0088554F /* Preview Assets.xcassets */,
			);
			path = "Preview Content";
			sourceTree = "<group>";
		};
		77C3D50F289910CF0088554F /* projectDateTests */ = {
			isa = PBXGroup;
			children = (
				77C3D510289910CF0088554F /* projectDateTests.swift */,
			);
			path = projectDateTests;
			sourceTree = "<group>";
		};
		77C3D519289910CF0088554F /* projectDateUITests */ = {
			isa = PBXGroup;
			children = (
				77C3D51A289910CF0088554F /* projectDateUITests.swift */,
				77C3D51C289910CF0088554F /* projectDateUITestsLaunchTests.swift */,
			);
			path = projectDateUITests;
			sourceTree = "<group>";
		};
		77FB23C0292B61FD008F5469 /* shared */ = {
			isa = PBXGroup;
			children = (
				77FB23C1292B6227008F5469 /* ProfileInfoOverlay.swift */,
				77FB246429539DB5008F5469 /* ImageSlider.swift */,
				771AE40E296ACE7700F3A6A1 /* ImageDetailView.swift */,
			);
			path = shared;
			sourceTree = "<group>";
		};
		77FB23C3293235AA008F5469 /* sd */ = {
			isa = PBXGroup;
			children = (
				77FB2455294604C0008F5469 /* model */,
				77FB2450294603E5008F5469 /* controllers */,
				77FB23C5293235DA008F5469 /* views */,
				77FB23C4293235D4008F5469 /* stores */,
			);
			path = sd;
			sourceTree = "<group>";
		};
		77FB23C4293235D4008F5469 /* stores */ = {
			isa = PBXGroup;
			children = (
				777821A929643ADE006CD035 /* sdViewModel.swift */,
			);
			path = stores;
			sourceTree = "<group>";
		};
		77FB23C5293235DA008F5469 /* views */ = {
			isa = PBXGroup;
			children = (
				77FB23C6293235E6008F5469 /* shared */,
				77FB23C7293235F8008F5469 /* sdHomeView.swift */,
				77FB244B294602CA008F5469 /* FacetimeView.swift */,
				77FB246E2958F3E0008F5469 /* sdInfoView.swift */,
			);
			path = views;
			sourceTree = "<group>";
		};
		77FB23C6293235E6008F5469 /* shared */ = {
			isa = PBXGroup;
			children = (
				77FB23C92939D0A8008F5469 /* sdCardView.swift */,
				77FB24532946046B008F5469 /* VideoView.swift */,
				771AE410296D4D4E00F3A6A1 /* sdInfoCardView.swift */,
			);
			path = shared;
			sourceTree = "<group>";
		};
		77FB2450294603E5008F5469 /* controllers */ = {
			isa = PBXGroup;
			children = (
				77FB245129460426008F5469 /* TokenProvider.swift */,
			);
			path = controllers;
			sourceTree = "<group>";
		};
		77FB2455294604C0008F5469 /* model */ = {
			isa = PBXGroup;
			children = (
				776D470A295F3B1300754DE5 /* sdModel.swift */,
			);
			path = model;
			sourceTree = "<group>";
		};
		77FB2458294605E0008F5469 /* tabViews */ = {
			isa = PBXGroup;
			children = (
				77FB23BA292B5C29008F5469 /* UpcomingTabView.swift */,
				77FB23B8292B5C0C008F5469 /* RecommendedTabView.swift */,
				77493D20291E3C4C00C9E283 /* TopRatedTabView.swift */,
				77FB246C2958E256008F5469 /* UpcomingCardView.swift */,
			);
			path = tabViews;
			sourceTree = "<group>";
		};
		77FB2459294C58E1008F5469 /* utils */ = {
			isa = PBXGroup;
			children = (
				77FB245A294C58F5008F5469 /* views */,
			);
			path = utils;
			sourceTree = "<group>";
		};
		77FB245A294C58F5008F5469 /* views */ = {
			isa = PBXGroup;
			children = (
				77FB245F294DA8BA008F5469 /* shared */,
				77FB245D294DA1A2008F5469 /* SearchView.swift */,
				77FB24662954A1D5008F5469 /* RatingsView.swift */,
				776D470C2961A10000754DE5 /* CountdownTimerView.swift */,
			);
			path = views;
			sourceTree = "<group>";
		};
		77FB245F294DA8BA008F5469 /* shared */ = {
			isa = PBXGroup;
			children = (
				77FB2460294DA8D2008F5469 /* SearchInput.swift */,
			);
			path = shared;
			sourceTree = "<group>";
		};
		77FB2470295DC0EB008F5469 /* Model */ = {
			isa = PBXGroup;
			children = (
				77FB2473295DC11C008F5469 /* PageModel.swift */,
			);
			path = Model;
			sourceTree = "<group>";
		};
		77FB2475295DC246008F5469 /* stores */ = {
			isa = PBXGroup;
			children = (
				77FB2477295DC322008F5469 /* HomeViewModel.swift */,
			);
			path = stores;
			sourceTree = "<group>";
		};
		77FB2479295DC372008F5469 /* model */ = {
			isa = PBXGroup;
			children = (
				77FB247A295DC3AB008F5469 /* ProfileModel.swift */,
				776D47102962010000754DE5 /* ProfileInfoModel.swift */,
				776D47122964053100754DE5 /* SideBarInfoModel.swift */,
			);
			path = model;
			sourceTree = "<group>";
		};
/* End PBXGroup section */

/* Begin PBXNativeTarget section */
		77C3D4FB289910CE0088554F /* projectDate */ = {
			isa = PBXNativeTarget;
			buildConfigurationList = 77C3D520289910CF0088554F /* Build configuration list for PBXNativeTarget "projectDate" */;
			buildPhases = (
				77C3D4F8289910CE0088554F /* Sources */,
				77C3D4F9289910CE0088554F /* Frameworks */,
				77C3D4FA289910CE0088554F /* Resources */,
			);
			buildRules = (
			);
			dependencies = (
			);
			name = projectDate;
			packageProductDependencies = (
				771EA01728A2435C007EBC40 /* FirebaseFirestore */,
				771EA01928A2435C007EBC40 /* FirebaseFirestoreSwift */,
				776DFB5A28B286B300F9AC63 /* FirebaseAuth */,
				77626AF528CB1D2F00D1DD9E /* GoogleSignIn */,
				77626AF728CB1D2F00D1DD9E /* GoogleSignInSwift */,
				7731738428CE2F6500B8885B /* FacebookCore */,
				7731738628CE2F6500B8885B /* FacebookLogin */,
				7731738828CE2F6500B8885B /* FacebookShare */,
				77FB244E29460394008F5469 /* HMSSDK */,
			);
			productName = projectDate;
			productReference = 77C3D4FC289910CE0088554F /* projectDate.app */;
			productType = "com.apple.product-type.application";
		};
		77C3D50B289910CF0088554F /* projectDateTests */ = {
			isa = PBXNativeTarget;
			buildConfigurationList = 77C3D523289910CF0088554F /* Build configuration list for PBXNativeTarget "projectDateTests" */;
			buildPhases = (
				77C3D508289910CF0088554F /* Sources */,
				77C3D509289910CF0088554F /* Frameworks */,
				77C3D50A289910CF0088554F /* Resources */,
			);
			buildRules = (
			);
			dependencies = (
				77C3D50E289910CF0088554F /* PBXTargetDependency */,
			);
			name = projectDateTests;
			productName = projectDateTests;
			productReference = 77C3D50C289910CF0088554F /* projectDateTests.xctest */;
			productType = "com.apple.product-type.bundle.unit-test";
		};
		77C3D515289910CF0088554F /* projectDateUITests */ = {
			isa = PBXNativeTarget;
			buildConfigurationList = 77C3D526289910CF0088554F /* Build configuration list for PBXNativeTarget "projectDateUITests" */;
			buildPhases = (
				77C3D512289910CF0088554F /* Sources */,
				77C3D513289910CF0088554F /* Frameworks */,
				77C3D514289910CF0088554F /* Resources */,
			);
			buildRules = (
			);
			dependencies = (
				77C3D518289910CF0088554F /* PBXTargetDependency */,
			);
			name = projectDateUITests;
			productName = projectDateUITests;
			productReference = 77C3D516289910CF0088554F /* projectDateUITests.xctest */;
			productType = "com.apple.product-type.bundle.ui-testing";
		};
/* End PBXNativeTarget section */

/* Begin PBXProject section */
		77C3D4F4289910CD0088554F /* Project object */ = {
			isa = PBXProject;
			attributes = {
				BuildIndependentTargetsInParallel = 1;
				LastSwiftUpdateCheck = 1340;
				LastUpgradeCheck = 1340;
				TargetAttributes = {
					77C3D4FB289910CE0088554F = {
						CreatedOnToolsVersion = 13.4.1;
					};
					77C3D50B289910CF0088554F = {
						CreatedOnToolsVersion = 13.4.1;
						TestTargetID = 77C3D4FB289910CE0088554F;
					};
					77C3D515289910CF0088554F = {
						CreatedOnToolsVersion = 13.4.1;
						TestTargetID = 77C3D4FB289910CE0088554F;
					};
				};
			};
			buildConfigurationList = 77C3D4F7289910CD0088554F /* Build configuration list for PBXProject "projectDate" */;
			compatibilityVersion = "Xcode 13.0";
			developmentRegion = en;
			hasScannedForEncodings = 0;
			knownRegions = (
				en,
				Base,
			);
			mainGroup = 77C3D4F3289910CD0088554F;
			packageReferences = (
				771EA01628A2435C007EBC40 /* XCRemoteSwiftPackageReference "firebase-ios-sdk" */,
				776DFB5928B286B300F9AC63 /* XCRemoteSwiftPackageReference "firebase-ios-sdk" */,
				77626AF428CB1D2F00D1DD9E /* XCRemoteSwiftPackageReference "GoogleSignIn-iOS" */,
				7731738328CE2F6500B8885B /* XCRemoteSwiftPackageReference "facebook-ios-sdk" */,
				77FB244D29460394008F5469 /* XCRemoteSwiftPackageReference "100ms-ios-sdk" */,
			);
			productRefGroup = 77C3D4FD289910CE0088554F /* Products */;
			projectDirPath = "";
			projectRoot = "";
			targets = (
				77C3D4FB289910CE0088554F /* projectDate */,
				77C3D50B289910CF0088554F /* projectDateTests */,
				77C3D515289910CF0088554F /* projectDateUITests */,
			);
		};
/* End PBXProject section */

/* Begin PBXResourcesBuildPhase section */
		77C3D4FA289910CE0088554F /* Resources */ = {
			isa = PBXResourcesBuildPhase;
			buildActionMask = 2147483647;
			files = (
				77C3D507289910CF0088554F /* Preview Assets.xcassets in Resources */,
				77C3D504289910CF0088554F /* Assets.xcassets in Resources */,
				776DFB5428B27E0100F9AC63 /* GoogleService-Info.plist in Resources */,
			);
			runOnlyForDeploymentPostprocessing = 0;
		};
		77C3D50A289910CF0088554F /* Resources */ = {
			isa = PBXResourcesBuildPhase;
			buildActionMask = 2147483647;
			files = (
				77626AF928CB1F0A00D1DD9E /* GoogleService-Info.plist in Resources */,
			);
			runOnlyForDeploymentPostprocessing = 0;
		};
		77C3D514289910CF0088554F /* Resources */ = {
			isa = PBXResourcesBuildPhase;
			buildActionMask = 2147483647;
			files = (
				77626AFA28CB1F0B00D1DD9E /* GoogleService-Info.plist in Resources */,
			);
			runOnlyForDeploymentPostprocessing = 0;
		};
/* End PBXResourcesBuildPhase section */

/* Begin PBXSourcesBuildPhase section */
		77C3D4F8289910CE0088554F /* Sources */ = {
			isa = PBXSourcesBuildPhase;
			buildActionMask = 2147483647;
			files = (
				77FB23BB292B5C29008F5469 /* UpcomingTabView.swift in Sources */,
				771AE40F296ACE7700F3A6A1 /* ImageDetailView.swift in Sources */,
				77FB23C2292B6227008F5469 /* ProfileInfoOverlay.swift in Sources */,
				77FB23C8293235F8008F5469 /* sdHomeView.swift in Sources */,
				774F2399291A501100C33E80 /* ThirdPartyButtons.swift in Sources */,
				775E062928C51B140082C27E /* ViewRouter.swift in Sources */,
				77493D23291E3C6C00C9E283 /* LittleThingsMainView.swift in Sources */,
				77FB244C294602CA008F5469 /* FacetimeView.swift in Sources */,
				776D4704295DCED700754DE5 /* TabCards.swift in Sources */,
				773B473328D6681C001217DF /* LogoView.swift in Sources */,
				776D4706295DD64B00754DE5 /* TabCard.swift in Sources */,
				77FB2474295DC11C008F5469 /* PageModel.swift in Sources */,
				77FB24672954A1D5008F5469 /* RatingsView.swift in Sources */,
				77FB24692958A0C0008F5469 /* MessageHomeView.swift in Sources */,
				77C3D53A289912B60088554F /* SettingsView.swift in Sources */,
				77B8FD1028BA28CE00AE45A8 /* PageViewModel.swift in Sources */,
				77FB246B2958A0F5008F5469 /* MessageCardView.swift in Sources */,
				77C3D532289912AD0088554F /* PreviewProfileView.swift in Sources */,
				777821AA29643ADE006CD035 /* sdViewModel.swift in Sources */,
				771EA01C28A24588007EBC40 /* MessagesManager.swift in Sources */,
				77FB2478295DC322008F5469 /* HomeViewModel.swift in Sources */,
				77FB246529539DB5008F5469 /* ImageSlider.swift in Sources */,
				77C3D54D289D05020088554F /* TitleRow.swift in Sources */,
				775E062E28C51B850082C27E /* SignUpView.swift in Sources */,
				7757FE22291BA991009C40CC /* LikesView.swift in Sources */,
				7731738228CDBE4200B8885B /* FacebookAuth.swift in Sources */,
				7731737F28CCE50100B8885B /* GoogleAuth.swift in Sources */,
				77493D17291D0C0D00C9E283 /* GamesView.swift in Sources */,
				77FB247B295DC3AB008F5469 /* ProfileModel.swift in Sources */,
				77619ED0295DC8AE00B1BF1F /* MockService.swift in Sources */,
				77493D21291E3C4C00C9E283 /* TopRatedTabView.swift in Sources */,
				771AE411296D4D4E00F3A6A1 /* sdInfoCardView.swift in Sources */,
				776D470B295F3B1300754DE5 /* sdModel.swift in Sources */,
				77FB23B7292A4CF3008F5469 /* CustomSegmentedControl.swift in Sources */,
				77FB245229460426008F5469 /* TokenProvider.swift in Sources */,
				775E062C28C51B6F0082C27E /* SignInView.swift in Sources */,
				77FB23CA2939D0A8008F5469 /* sdCardView.swift in Sources */,
				77FB23BF292B5E62008F5469 /* ProfileView.swift in Sources */,
				77B8FD1228BB4BDF00AE45A8 /* DropViewDelegate.swift in Sources */,
				77FB246D2958E256008F5469 /* UpcomingCardView.swift in Sources */,
				77DD938E289FC9B30039CF6D /* MessageView.swift in Sources */,
				77C3D52E289912840088554F /* EditProfileView.swift in Sources */,
				77ABBE1029182DC900A7669E /* TitleView.swift in Sources */,
				77626AEE28C87AF600D1DD9E /* AppleAuth.swift in Sources */,
				771EA01128A04810007EBC40 /* MessageField.swift in Sources */,
				777821AC2969558F006CD035 /* TabCardBig.swift in Sources */,
				7756A48328C5192C0038903D /* MotherView.swift in Sources */,
				77FB245E294DA1A2008F5469 /* SearchView.swift in Sources */,
				77B8FD0E28BA244000AE45A8 /* ImageGridView.swift in Sources */,
				77C3D55B289FB4E30088554F /* Message.swift in Sources */,
				77FB246F2958F3E0008F5469 /* sdInfoView.swift in Sources */,
				77FB2461294DA8D2008F5469 /* SearchInput.swift in Sources */,
				776D47112962010000754DE5 /* ProfileInfoModel.swift in Sources */,
				77FB23B9292B5C0C008F5469 /* RecommendedTabView.swift in Sources */,
				77493D15291D007E00C9E283 /* CustomHeaderView.swift in Sources */,
				776D470D2961A10000754DE5 /* CountdownTimerView.swift in Sources */,
				77FB24542946046B008F5469 /* VideoView.swift in Sources */,
				77C3D55F289FB5410088554F /* MessageBubble.swift in Sources */,
				776D470F2961FD9000754DE5 /* ProfileViewModel.swift in Sources */,
				77C3D540289A5E650088554F /* HomeView.swift in Sources */,
				77C3D536289912B10088554F /* UserProfileView.swift in Sources */,
				776D47132964053100754DE5 /* SideBarInfoModel.swift in Sources */,
				77C3D500289910CE0088554F /* projectDateApp.swift in Sources */,
				771EA00F28A045EC007EBC40 /* Extensions.swift in Sources */,
				776D4709295F359100754DE5 /* UserModel.swift in Sources */,
			);
			runOnlyForDeploymentPostprocessing = 0;
		};
		77C3D508289910CF0088554F /* Sources */ = {
			isa = PBXSourcesBuildPhase;
			buildActionMask = 2147483647;
			files = (
				77C3D511289910CF0088554F /* projectDateTests.swift in Sources */,
				771EA01D28A24588007EBC40 /* MessagesManager.swift in Sources */,
			);
			runOnlyForDeploymentPostprocessing = 0;
		};
		77C3D512289910CF0088554F /* Sources */ = {
			isa = PBXSourcesBuildPhase;
			buildActionMask = 2147483647;
			files = (
				77C3D51D289910CF0088554F /* projectDateUITestsLaunchTests.swift in Sources */,
				77C3D51B289910CF0088554F /* projectDateUITests.swift in Sources */,
				771EA01E28A24588007EBC40 /* MessagesManager.swift in Sources */,
			);
			runOnlyForDeploymentPostprocessing = 0;
		};
/* End PBXSourcesBuildPhase section */

/* Begin PBXTargetDependency section */
		77C3D50E289910CF0088554F /* PBXTargetDependency */ = {
			isa = PBXTargetDependency;
			target = 77C3D4FB289910CE0088554F /* projectDate */;
			targetProxy = 77C3D50D289910CF0088554F /* PBXContainerItemProxy */;
		};
		77C3D518289910CF0088554F /* PBXTargetDependency */ = {
			isa = PBXTargetDependency;
			target = 77C3D4FB289910CE0088554F /* projectDate */;
			targetProxy = 77C3D517289910CF0088554F /* PBXContainerItemProxy */;
		};
/* End PBXTargetDependency section */

/* Begin XCBuildConfiguration section */
		77C3D51E289910CF0088554F /* Debug */ = {
			isa = XCBuildConfiguration;
			buildSettings = {
				ALWAYS_SEARCH_USER_PATHS = NO;
				CLANG_ANALYZER_NONNULL = YES;
				CLANG_ANALYZER_NUMBER_OBJECT_CONVERSION = YES_AGGRESSIVE;
				CLANG_CXX_LANGUAGE_STANDARD = "gnu++17";
				CLANG_ENABLE_MODULES = YES;
				CLANG_ENABLE_OBJC_ARC = YES;
				CLANG_ENABLE_OBJC_WEAK = YES;
				CLANG_WARN_BLOCK_CAPTURE_AUTORELEASING = YES;
				CLANG_WARN_BOOL_CONVERSION = YES;
				CLANG_WARN_COMMA = YES;
				CLANG_WARN_CONSTANT_CONVERSION = YES;
				CLANG_WARN_DEPRECATED_OBJC_IMPLEMENTATIONS = YES;
				CLANG_WARN_DIRECT_OBJC_ISA_USAGE = YES_ERROR;
				CLANG_WARN_DOCUMENTATION_COMMENTS = YES;
				CLANG_WARN_EMPTY_BODY = YES;
				CLANG_WARN_ENUM_CONVERSION = YES;
				CLANG_WARN_INFINITE_RECURSION = YES;
				CLANG_WARN_INT_CONVERSION = YES;
				CLANG_WARN_NON_LITERAL_NULL_CONVERSION = YES;
				CLANG_WARN_OBJC_IMPLICIT_RETAIN_SELF = YES;
				CLANG_WARN_OBJC_LITERAL_CONVERSION = YES;
				CLANG_WARN_OBJC_ROOT_CLASS = YES_ERROR;
				CLANG_WARN_QUOTED_INCLUDE_IN_FRAMEWORK_HEADER = YES;
				CLANG_WARN_RANGE_LOOP_ANALYSIS = YES;
				CLANG_WARN_STRICT_PROTOTYPES = YES;
				CLANG_WARN_SUSPICIOUS_MOVE = YES;
				CLANG_WARN_UNGUARDED_AVAILABILITY = YES_AGGRESSIVE;
				CLANG_WARN_UNREACHABLE_CODE = YES;
				CLANG_WARN__DUPLICATE_METHOD_MATCH = YES;
				COPY_PHASE_STRIP = NO;
				DEBUG_INFORMATION_FORMAT = dwarf;
				ENABLE_STRICT_OBJC_MSGSEND = YES;
				ENABLE_TESTABILITY = YES;
				GCC_C_LANGUAGE_STANDARD = gnu11;
				GCC_DYNAMIC_NO_PIC = NO;
				GCC_NO_COMMON_BLOCKS = YES;
				GCC_OPTIMIZATION_LEVEL = 0;
				GCC_PREPROCESSOR_DEFINITIONS = (
					"DEBUG=1",
					"$(inherited)",
				);
				GCC_WARN_64_TO_32_BIT_CONVERSION = YES;
				GCC_WARN_ABOUT_RETURN_TYPE = YES_ERROR;
				GCC_WARN_UNDECLARED_SELECTOR = YES;
				GCC_WARN_UNINITIALIZED_AUTOS = YES_AGGRESSIVE;
				GCC_WARN_UNUSED_FUNCTION = YES;
				GCC_WARN_UNUSED_VARIABLE = YES;
				IPHONEOS_DEPLOYMENT_TARGET = 15.5;
				MTL_ENABLE_DEBUG_INFO = INCLUDE_SOURCE;
				MTL_FAST_MATH = YES;
				ONLY_ACTIVE_ARCH = YES;
				SDKROOT = iphoneos;
				SWIFT_ACTIVE_COMPILATION_CONDITIONS = DEBUG;
				SWIFT_OPTIMIZATION_LEVEL = "-Onone";
			};
			name = Debug;
		};
		77C3D51F289910CF0088554F /* Release */ = {
			isa = XCBuildConfiguration;
			buildSettings = {
				ALWAYS_SEARCH_USER_PATHS = NO;
				CLANG_ANALYZER_NONNULL = YES;
				CLANG_ANALYZER_NUMBER_OBJECT_CONVERSION = YES_AGGRESSIVE;
				CLANG_CXX_LANGUAGE_STANDARD = "gnu++17";
				CLANG_ENABLE_MODULES = YES;
				CLANG_ENABLE_OBJC_ARC = YES;
				CLANG_ENABLE_OBJC_WEAK = YES;
				CLANG_WARN_BLOCK_CAPTURE_AUTORELEASING = YES;
				CLANG_WARN_BOOL_CONVERSION = YES;
				CLANG_WARN_COMMA = YES;
				CLANG_WARN_CONSTANT_CONVERSION = YES;
				CLANG_WARN_DEPRECATED_OBJC_IMPLEMENTATIONS = YES;
				CLANG_WARN_DIRECT_OBJC_ISA_USAGE = YES_ERROR;
				CLANG_WARN_DOCUMENTATION_COMMENTS = YES;
				CLANG_WARN_EMPTY_BODY = YES;
				CLANG_WARN_ENUM_CONVERSION = YES;
				CLANG_WARN_INFINITE_RECURSION = YES;
				CLANG_WARN_INT_CONVERSION = YES;
				CLANG_WARN_NON_LITERAL_NULL_CONVERSION = YES;
				CLANG_WARN_OBJC_IMPLICIT_RETAIN_SELF = YES;
				CLANG_WARN_OBJC_LITERAL_CONVERSION = YES;
				CLANG_WARN_OBJC_ROOT_CLASS = YES_ERROR;
				CLANG_WARN_QUOTED_INCLUDE_IN_FRAMEWORK_HEADER = YES;
				CLANG_WARN_RANGE_LOOP_ANALYSIS = YES;
				CLANG_WARN_STRICT_PROTOTYPES = YES;
				CLANG_WARN_SUSPICIOUS_MOVE = YES;
				CLANG_WARN_UNGUARDED_AVAILABILITY = YES_AGGRESSIVE;
				CLANG_WARN_UNREACHABLE_CODE = YES;
				CLANG_WARN__DUPLICATE_METHOD_MATCH = YES;
				COPY_PHASE_STRIP = NO;
				DEBUG_INFORMATION_FORMAT = "dwarf-with-dsym";
				ENABLE_NS_ASSERTIONS = NO;
				ENABLE_STRICT_OBJC_MSGSEND = YES;
				GCC_C_LANGUAGE_STANDARD = gnu11;
				GCC_NO_COMMON_BLOCKS = YES;
				GCC_WARN_64_TO_32_BIT_CONVERSION = YES;
				GCC_WARN_ABOUT_RETURN_TYPE = YES_ERROR;
				GCC_WARN_UNDECLARED_SELECTOR = YES;
				GCC_WARN_UNINITIALIZED_AUTOS = YES_AGGRESSIVE;
				GCC_WARN_UNUSED_FUNCTION = YES;
				GCC_WARN_UNUSED_VARIABLE = YES;
				IPHONEOS_DEPLOYMENT_TARGET = 15.5;
				MTL_ENABLE_DEBUG_INFO = NO;
				MTL_FAST_MATH = YES;
				SDKROOT = iphoneos;
				SWIFT_COMPILATION_MODE = wholemodule;
				SWIFT_OPTIMIZATION_LEVEL = "-O";
				VALIDATE_PRODUCT = YES;
			};
			name = Release;
		};
		77C3D521289910CF0088554F /* Debug */ = {
			isa = XCBuildConfiguration;
			buildSettings = {
				ASSETCATALOG_COMPILER_APPICON_NAME = AppIcon;
				ASSETCATALOG_COMPILER_GLOBAL_ACCENT_COLOR_NAME = AccentColor;
				ASSETCATALOG_COMPILER_INCLUDE_ALL_APPICON_ASSETS = YES;
				CODE_SIGN_ENTITLEMENTS = projectDate/projectDate.entitlements;
				CODE_SIGN_IDENTITY = "Apple Development";
				CODE_SIGN_STYLE = Automatic;
				CURRENT_PROJECT_VERSION = 1;
				DEVELOPMENT_ASSET_PATHS = "\"projectDate/Preview Content\"";
				DEVELOPMENT_TEAM = D2P5JTGM3J;
				ENABLE_PREVIEWS = YES;
				GENERATE_INFOPLIST_FILE = YES;
				INFOPLIST_FILE = projectDate/Info.plist;
				INFOPLIST_KEY_NSCameraUsageDescription = "for dating";
				INFOPLIST_KEY_NSLocalNetworkUsageDescription = "for dating";
				INFOPLIST_KEY_NSMicrophoneUsageDescription = "for dating";
				INFOPLIST_KEY_UIApplicationSceneManifest_Generation = YES;
				INFOPLIST_KEY_UIApplicationSupportsIndirectInputEvents = YES;
				INFOPLIST_KEY_UILaunchScreen_Generation = YES;
				INFOPLIST_KEY_UISupportedInterfaceOrientations_iPad = "UIInterfaceOrientationPortrait UIInterfaceOrientationPortraitUpsideDown UIInterfaceOrientationLandscapeLeft UIInterfaceOrientationLandscapeRight";
				INFOPLIST_KEY_UISupportedInterfaceOrientations_iPhone = "UIInterfaceOrientationPortrait UIInterfaceOrientationLandscapeLeft UIInterfaceOrientationLandscapeRight";
				LD_RUNPATH_SEARCH_PATHS = (
					"$(inherited)",
					"@executable_path/Frameworks",
				);
				MARKETING_VERSION = 1.0;
				PRODUCT_BUNDLE_IDENTIFIER = com.dotzero.projectDate;
				PRODUCT_NAME = "$(TARGET_NAME)";
				PROVISIONING_PROFILE_SPECIFIER = "";
				SWIFT_EMIT_LOC_STRINGS = YES;
				SWIFT_VERSION = 5.0;
				TARGETED_DEVICE_FAMILY = "1,2";
			};
			name = Debug;
		};
		77C3D522289910CF0088554F /* Release */ = {
			isa = XCBuildConfiguration;
			buildSettings = {
				ASSETCATALOG_COMPILER_APPICON_NAME = AppIcon;
				ASSETCATALOG_COMPILER_GLOBAL_ACCENT_COLOR_NAME = AccentColor;
				ASSETCATALOG_COMPILER_INCLUDE_ALL_APPICON_ASSETS = YES;
				CODE_SIGN_ENTITLEMENTS = projectDate/projectDate.entitlements;
				CODE_SIGN_IDENTITY = "Apple Development";
				CODE_SIGN_STYLE = Automatic;
				CURRENT_PROJECT_VERSION = 1;
				DEVELOPMENT_ASSET_PATHS = "\"projectDate/Preview Content\"";
				DEVELOPMENT_TEAM = D2P5JTGM3J;
				ENABLE_PREVIEWS = YES;
				GENERATE_INFOPLIST_FILE = YES;
				INFOPLIST_FILE = projectDate/Info.plist;
				INFOPLIST_KEY_NSCameraUsageDescription = "for dating";
				INFOPLIST_KEY_NSLocalNetworkUsageDescription = "for dating";
				INFOPLIST_KEY_NSMicrophoneUsageDescription = "for dating";
				INFOPLIST_KEY_UIApplicationSceneManifest_Generation = YES;
				INFOPLIST_KEY_UIApplicationSupportsIndirectInputEvents = YES;
				INFOPLIST_KEY_UILaunchScreen_Generation = YES;
				INFOPLIST_KEY_UISupportedInterfaceOrientations_iPad = "UIInterfaceOrientationPortrait UIInterfaceOrientationPortraitUpsideDown UIInterfaceOrientationLandscapeLeft UIInterfaceOrientationLandscapeRight";
				INFOPLIST_KEY_UISupportedInterfaceOrientations_iPhone = "UIInterfaceOrientationPortrait UIInterfaceOrientationLandscapeLeft UIInterfaceOrientationLandscapeRight";
				LD_RUNPATH_SEARCH_PATHS = (
					"$(inherited)",
					"@executable_path/Frameworks",
				);
				MARKETING_VERSION = 1.0;
				PRODUCT_BUNDLE_IDENTIFIER = com.dotzero.projectDate;
				PRODUCT_NAME = "$(TARGET_NAME)";
				PROVISIONING_PROFILE_SPECIFIER = "";
				SWIFT_EMIT_LOC_STRINGS = YES;
				SWIFT_VERSION = 5.0;
				TARGETED_DEVICE_FAMILY = "1,2";
			};
			name = Release;
		};
		77C3D524289910CF0088554F /* Debug */ = {
			isa = XCBuildConfiguration;
			buildSettings = {
				ALWAYS_EMBED_SWIFT_STANDARD_LIBRARIES = YES;
				BUNDLE_LOADER = "$(TEST_HOST)";
				CODE_SIGN_STYLE = Automatic;
				CURRENT_PROJECT_VERSION = 1;
				DEVELOPMENT_TEAM = KZJW6NG9PY;
				GENERATE_INFOPLIST_FILE = YES;
				IPHONEOS_DEPLOYMENT_TARGET = 15.5;
				MARKETING_VERSION = 1.0;
				PRODUCT_BUNDLE_IDENTIFIER = dotZ3R0.projectDateTests;
				PRODUCT_NAME = "$(TARGET_NAME)";
				SWIFT_EMIT_LOC_STRINGS = NO;
				SWIFT_VERSION = 5.0;
				TARGETED_DEVICE_FAMILY = "1,2";
				TEST_HOST = "$(BUILT_PRODUCTS_DIR)/projectDate.app/projectDate";
			};
			name = Debug;
		};
		77C3D525289910CF0088554F /* Release */ = {
			isa = XCBuildConfiguration;
			buildSettings = {
				ALWAYS_EMBED_SWIFT_STANDARD_LIBRARIES = YES;
				BUNDLE_LOADER = "$(TEST_HOST)";
				CODE_SIGN_STYLE = Automatic;
				CURRENT_PROJECT_VERSION = 1;
				DEVELOPMENT_TEAM = KZJW6NG9PY;
				GENERATE_INFOPLIST_FILE = YES;
				IPHONEOS_DEPLOYMENT_TARGET = 15.5;
				MARKETING_VERSION = 1.0;
				PRODUCT_BUNDLE_IDENTIFIER = dotZ3R0.projectDateTests;
				PRODUCT_NAME = "$(TARGET_NAME)";
				SWIFT_EMIT_LOC_STRINGS = NO;
				SWIFT_VERSION = 5.0;
				TARGETED_DEVICE_FAMILY = "1,2";
				TEST_HOST = "$(BUILT_PRODUCTS_DIR)/projectDate.app/projectDate";
			};
			name = Release;
		};
		77C3D527289910CF0088554F /* Debug */ = {
			isa = XCBuildConfiguration;
			buildSettings = {
				ALWAYS_EMBED_SWIFT_STANDARD_LIBRARIES = YES;
				CODE_SIGN_STYLE = Automatic;
				CURRENT_PROJECT_VERSION = 1;
				DEVELOPMENT_TEAM = KZJW6NG9PY;
				GENERATE_INFOPLIST_FILE = YES;
				MARKETING_VERSION = 1.0;
				PRODUCT_BUNDLE_IDENTIFIER = dotZ3R0.projectDateUITests;
				PRODUCT_NAME = "$(TARGET_NAME)";
				SWIFT_EMIT_LOC_STRINGS = NO;
				SWIFT_VERSION = 5.0;
				TARGETED_DEVICE_FAMILY = "1,2";
				TEST_TARGET_NAME = projectDate;
			};
			name = Debug;
		};
		77C3D528289910CF0088554F /* Release */ = {
			isa = XCBuildConfiguration;
			buildSettings = {
				ALWAYS_EMBED_SWIFT_STANDARD_LIBRARIES = YES;
				CODE_SIGN_STYLE = Automatic;
				CURRENT_PROJECT_VERSION = 1;
				DEVELOPMENT_TEAM = KZJW6NG9PY;
				GENERATE_INFOPLIST_FILE = YES;
				MARKETING_VERSION = 1.0;
				PRODUCT_BUNDLE_IDENTIFIER = dotZ3R0.projectDateUITests;
				PRODUCT_NAME = "$(TARGET_NAME)";
				SWIFT_EMIT_LOC_STRINGS = NO;
				SWIFT_VERSION = 5.0;
				TARGETED_DEVICE_FAMILY = "1,2";
				TEST_TARGET_NAME = projectDate;
			};
			name = Release;
		};
/* End XCBuildConfiguration section */

/* Begin XCConfigurationList section */
		77C3D4F7289910CD0088554F /* Build configuration list for PBXProject "projectDate" */ = {
			isa = XCConfigurationList;
			buildConfigurations = (
				77C3D51E289910CF0088554F /* Debug */,
				77C3D51F289910CF0088554F /* Release */,
			);
			defaultConfigurationIsVisible = 0;
			defaultConfigurationName = Release;
		};
		77C3D520289910CF0088554F /* Build configuration list for PBXNativeTarget "projectDate" */ = {
			isa = XCConfigurationList;
			buildConfigurations = (
				77C3D521289910CF0088554F /* Debug */,
				77C3D522289910CF0088554F /* Release */,
			);
			defaultConfigurationIsVisible = 0;
			defaultConfigurationName = Release;
		};
		77C3D523289910CF0088554F /* Build configuration list for PBXNativeTarget "projectDateTests" */ = {
			isa = XCConfigurationList;
			buildConfigurations = (
				77C3D524289910CF0088554F /* Debug */,
				77C3D525289910CF0088554F /* Release */,
			);
			defaultConfigurationIsVisible = 0;
			defaultConfigurationName = Release;
		};
		77C3D526289910CF0088554F /* Build configuration list for PBXNativeTarget "projectDateUITests" */ = {
			isa = XCConfigurationList;
			buildConfigurations = (
				77C3D527289910CF0088554F /* Debug */,
				77C3D528289910CF0088554F /* Release */,
			);
			defaultConfigurationIsVisible = 0;
			defaultConfigurationName = Release;
		};
/* End XCConfigurationList section */

/* Begin XCRemoteSwiftPackageReference section */
		771EA01628A2435C007EBC40 /* XCRemoteSwiftPackageReference "firebase-ios-sdk" */ = {
			isa = XCRemoteSwiftPackageReference;
			repositoryURL = "https://github.com/firebase/firebase-ios-sdk";
			requirement = {
				kind = upToNextMajorVersion;
				minimumVersion = 9.0.0;
			};
		};
		7731738328CE2F6500B8885B /* XCRemoteSwiftPackageReference "facebook-ios-sdk" */ = {
			isa = XCRemoteSwiftPackageReference;
			repositoryURL = "https://github.com/facebook/facebook-ios-sdk.git";
			requirement = {
				kind = upToNextMajorVersion;
				minimumVersion = 9.0.0;
			};
		};
		77626AF428CB1D2F00D1DD9E /* XCRemoteSwiftPackageReference "GoogleSignIn-iOS" */ = {
			isa = XCRemoteSwiftPackageReference;
			repositoryURL = "https://github.com/google/GoogleSignIn-iOS";
			requirement = {
				kind = upToNextMajorVersion;
				minimumVersion = 6.0.0;
			};
		};
		776DFB5928B286B300F9AC63 /* XCRemoteSwiftPackageReference "firebase-ios-sdk" */ = {
			isa = XCRemoteSwiftPackageReference;
			repositoryURL = "https://github.com/firebase/firebase-ios-sdk";
			requirement = {
				branch = master;
				kind = branch;
			};
		};
		77FB244D29460394008F5469 /* XCRemoteSwiftPackageReference "100ms-ios-sdk" */ = {
			isa = XCRemoteSwiftPackageReference;
			repositoryURL = "https://github.com/100mslive/100ms-ios-sdk";
			requirement = {
				kind = upToNextMajorVersion;
				minimumVersion = 0.5.2;
			};
		};
/* End XCRemoteSwiftPackageReference section */

/* Begin XCSwiftPackageProductDependency section */
		771EA01728A2435C007EBC40 /* FirebaseFirestore */ = {
			isa = XCSwiftPackageProductDependency;
			package = 771EA01628A2435C007EBC40 /* XCRemoteSwiftPackageReference "firebase-ios-sdk" */;
			productName = FirebaseFirestore;
		};
		771EA01928A2435C007EBC40 /* FirebaseFirestoreSwift */ = {
			isa = XCSwiftPackageProductDependency;
			package = 771EA01628A2435C007EBC40 /* XCRemoteSwiftPackageReference "firebase-ios-sdk" */;
			productName = FirebaseFirestoreSwift;
		};
		7731738428CE2F6500B8885B /* FacebookCore */ = {
			isa = XCSwiftPackageProductDependency;
			package = 7731738328CE2F6500B8885B /* XCRemoteSwiftPackageReference "facebook-ios-sdk" */;
			productName = FacebookCore;
		};
		7731738628CE2F6500B8885B /* FacebookLogin */ = {
			isa = XCSwiftPackageProductDependency;
			package = 7731738328CE2F6500B8885B /* XCRemoteSwiftPackageReference "facebook-ios-sdk" */;
			productName = FacebookLogin;
		};
		7731738828CE2F6500B8885B /* FacebookShare */ = {
			isa = XCSwiftPackageProductDependency;
			package = 7731738328CE2F6500B8885B /* XCRemoteSwiftPackageReference "facebook-ios-sdk" */;
			productName = FacebookShare;
		};
		77626AF528CB1D2F00D1DD9E /* GoogleSignIn */ = {
			isa = XCSwiftPackageProductDependency;
			package = 77626AF428CB1D2F00D1DD9E /* XCRemoteSwiftPackageReference "GoogleSignIn-iOS" */;
			productName = GoogleSignIn;
		};
		77626AF728CB1D2F00D1DD9E /* GoogleSignInSwift */ = {
			isa = XCSwiftPackageProductDependency;
			package = 77626AF428CB1D2F00D1DD9E /* XCRemoteSwiftPackageReference "GoogleSignIn-iOS" */;
			productName = GoogleSignInSwift;
		};
		776DFB5A28B286B300F9AC63 /* FirebaseAuth */ = {
			isa = XCSwiftPackageProductDependency;
			package = 776DFB5928B286B300F9AC63 /* XCRemoteSwiftPackageReference "firebase-ios-sdk" */;
			productName = FirebaseAuth;
		};
		77FB244E29460394008F5469 /* HMSSDK */ = {
			isa = XCSwiftPackageProductDependency;
			package = 77FB244D29460394008F5469 /* XCRemoteSwiftPackageReference "100ms-ios-sdk" */;
			productName = HMSSDK;
		};
/* End XCSwiftPackageProductDependency section */
	};
	rootObject = 77C3D4F4289910CD0088554F /* Project object */;
}
