// !$*UTF8*$!
{
	archiveVersion = 1;
	classes = {
	};
	objectVersion = 55;
	objects = {

/* Begin PBXBuildFile section */
		77115F96299EF2EC00705811 /* ConfirmationView.swift in Sources */ = {isa = PBXBuildFile; fileRef = 77115F95299EF2EC00705811 /* ConfirmationView.swift */; };
		771AE40F296ACE7700F3A6A1 /* ImageDetailView.swift in Sources */ = {isa = PBXBuildFile; fileRef = 771AE40E296ACE7700F3A6A1 /* ImageDetailView.swift */; };
		771AE4162977C46A00F3A6A1 /* HomeView.swift in Sources */ = {isa = PBXBuildFile; fileRef = 771AE4152977C46A00F3A6A1 /* HomeView.swift */; };
		771AE4182979173A00F3A6A1 /* EventInfoView.swift in Sources */ = {isa = PBXBuildFile; fileRef = 771AE4172979173A00F3A6A1 /* EventInfoView.swift */; };
		771AE41C297918DB00F3A6A1 /* EventHomeView.swift in Sources */ = {isa = PBXBuildFile; fileRef = 771AE41B297918DB00F3A6A1 /* EventHomeView.swift */; };
		771AE41E2979263B00F3A6A1 /* CardView.swift in Sources */ = {isa = PBXBuildFile; fileRef = 771AE41D2979263B00F3A6A1 /* CardView.swift */; };
		771AE4202979B40B00F3A6A1 /* CardsView.swift in Sources */ = {isa = PBXBuildFile; fileRef = 771AE41F2979B40B00F3A6A1 /* CardsView.swift */; };
		771AE4222979B44F00F3A6A1 /* CardsModel.swift in Sources */ = {isa = PBXBuildFile; fileRef = 771AE4212979B44F00F3A6A1 /* CardsModel.swift */; };
		771AE42B2979DE3500F3A6A1 /* HomeViewModel.swift in Sources */ = {isa = PBXBuildFile; fileRef = 771AE42A2979DE3500F3A6A1 /* HomeViewModel.swift */; };
		771EA00F28A045EC007EBC40 /* Extensions.swift in Sources */ = {isa = PBXBuildFile; fileRef = 771EA00E28A045EC007EBC40 /* Extensions.swift */; };
		771EA01828A2435C007EBC40 /* FirebaseFirestore in Frameworks */ = {isa = PBXBuildFile; productRef = 771EA01728A2435C007EBC40 /* FirebaseFirestore */; };
		771EA01A28A2435C007EBC40 /* FirebaseFirestoreSwift in Frameworks */ = {isa = PBXBuildFile; productRef = 771EA01928A2435C007EBC40 /* FirebaseFirestoreSwift */; };
		7731737F28CCE50100B8885B /* GoogleAuth.swift in Sources */ = {isa = PBXBuildFile; fileRef = 7731737E28CCE50100B8885B /* GoogleAuth.swift */; };
		7731738228CDBE4200B8885B /* FacebookAuth.swift in Sources */ = {isa = PBXBuildFile; fileRef = 7731738128CDBE4200B8885B /* FacebookAuth.swift */; };
		7731738528CE2F6500B8885B /* FacebookCore in Frameworks */ = {isa = PBXBuildFile; productRef = 7731738428CE2F6500B8885B /* FacebookCore */; };
		7731738728CE2F6500B8885B /* FacebookLogin in Frameworks */ = {isa = PBXBuildFile; productRef = 7731738628CE2F6500B8885B /* FacebookLogin */; };
		7731738928CE2F6500B8885B /* FacebookShare in Frameworks */ = {isa = PBXBuildFile; productRef = 7731738828CE2F6500B8885B /* FacebookShare */; };
		7753927729A2316F00AA2B74 /* FailedView.swift in Sources */ = {isa = PBXBuildFile; fileRef = 7753927629A2316F00AA2B74 /* FailedView.swift */; };
		7753927929A425B300AA2B74 /* ImagePicker.swift in Sources */ = {isa = PBXBuildFile; fileRef = 7753927829A425B300AA2B74 /* ImagePicker.swift */; };
		7756A48328C5192C0038903D /* MotherView.swift in Sources */ = {isa = PBXBuildFile; fileRef = 7756A48228C5192C0038903D /* MotherView.swift */; };
		775E062928C51B140082C27E /* ViewRouter.swift in Sources */ = {isa = PBXBuildFile; fileRef = 775E062828C51B140082C27E /* ViewRouter.swift */; };
		775E062C28C51B6F0082C27E /* SignInView.swift in Sources */ = {isa = PBXBuildFile; fileRef = 775E062B28C51B6F0082C27E /* SignInView.swift */; };
		775E062E28C51B850082C27E /* SignUpView.swift in Sources */ = {isa = PBXBuildFile; fileRef = 775E062D28C51B850082C27E /* SignUpView.swift */; };
		77619ED0295DC8AE00B1BF1F /* MockService.swift in Sources */ = {isa = PBXBuildFile; fileRef = 77619ECF295DC8AE00B1BF1F /* MockService.swift */; };
		77626AEE28C87AF600D1DD9E /* AppleAuth.swift in Sources */ = {isa = PBXBuildFile; fileRef = 77626AED28C87AF600D1DD9E /* AppleAuth.swift */; };
		77626AF628CB1D2F00D1DD9E /* GoogleSignIn in Frameworks */ = {isa = PBXBuildFile; productRef = 77626AF528CB1D2F00D1DD9E /* GoogleSignIn */; };
		77626AF828CB1D2F00D1DD9E /* GoogleSignInSwift in Frameworks */ = {isa = PBXBuildFile; productRef = 77626AF728CB1D2F00D1DD9E /* GoogleSignInSwift */; };
		776D4709295F359100754DE5 /* UserModel.swift in Sources */ = {isa = PBXBuildFile; fileRef = 776D4708295F359100754DE5 /* UserModel.swift */; };
		776D470F2961FD9000754DE5 /* ProfileViewModel.swift in Sources */ = {isa = PBXBuildFile; fileRef = 776D470E2961FD9000754DE5 /* ProfileViewModel.swift */; };
		776D47112962010000754DE5 /* ProfileInfoModel.swift in Sources */ = {isa = PBXBuildFile; fileRef = 776D47102962010000754DE5 /* ProfileInfoModel.swift */; };
		776D47132964053100754DE5 /* SideBarInfoModel.swift in Sources */ = {isa = PBXBuildFile; fileRef = 776D47122964053100754DE5 /* SideBarInfoModel.swift */; };
		776DFB5B28B286B300F9AC63 /* FirebaseAuth in Frameworks */ = {isa = PBXBuildFile; productRef = 776DFB5A28B286B300F9AC63 /* FirebaseAuth */; };
		776E903229BC554800C14F8A /* InstructionsPopoverView.swift in Sources */ = {isa = PBXBuildFile; fileRef = 776E903129BC554800C14F8A /* InstructionsPopoverView.swift */; };
		776E903429BC868B00C14F8A /* BasicInfoPopoverView.swift in Sources */ = {isa = PBXBuildFile; fileRef = 776E903329BC868B00C14F8A /* BasicInfoPopoverView.swift */; };
		7770E2C0297E755300C70469 /* BarProgressView.swift in Sources */ = {isa = PBXBuildFile; fileRef = 7770E2BF297E755300C70469 /* BarProgressView.swift */; };
		777C2CD1298A373A00CD3CCE /* CreateCardView.swift in Sources */ = {isa = PBXBuildFile; fileRef = 777C2CD0298A373A00CD3CCE /* CreateCardView.swift */; };
		778A5F8B2998CA65004EA498 /* SwipedCardModel.swift in Sources */ = {isa = PBXBuildFile; fileRef = 778A5F8A2998CA65004EA498 /* SwipedCardModel.swift */; };
		779985DA298EC07D00D3FD74 /* CreateCardsView.swift in Sources */ = {isa = PBXBuildFile; fileRef = 779985D9298EC07D00D3FD74 /* CreateCardsView.swift */; };
		77A0F9BB2986CEA1009CD1E0 /* LogInItems.swift in Sources */ = {isa = PBXBuildFile; fileRef = 77A0F9BA2986CEA1009CD1E0 /* LogInItems.swift */; };
		77A1C7C2297C3B1C004C8FA6 /* CardModel.swift in Sources */ = {isa = PBXBuildFile; fileRef = 77A1C7C1297C3B1C004C8FA6 /* CardModel.swift */; };
		77A1C7C4297C4094004C8FA6 /* EventModel.swift in Sources */ = {isa = PBXBuildFile; fileRef = 77A1C7C3297C4094004C8FA6 /* EventModel.swift */; };
		77A1C7C6297C423B004C8FA6 /* EventViewModel.swift in Sources */ = {isa = PBXBuildFile; fileRef = 77A1C7C5297C423B004C8FA6 /* EventViewModel.swift */; };
		77A1C7CA297C4528004C8FA6 /* CircularProgressView.swift in Sources */ = {isa = PBXBuildFile; fileRef = 77A1C7C9297C4528004C8FA6 /* CircularProgressView.swift */; };
		77A471F529AD0A270047C7EA /* dbFunctions.swift in Sources */ = {isa = PBXBuildFile; fileRef = 77A471F429AD0A270047C7EA /* dbFunctions.swift */; };
		77C3D500289910CE0088554F /* projectDateApp.swift in Sources */ = {isa = PBXBuildFile; fileRef = 77C3D4FF289910CE0088554F /* projectDateApp.swift */; };
		77C3D504289910CF0088554F /* Assets.xcassets in Resources */ = {isa = PBXBuildFile; fileRef = 77C3D503289910CF0088554F /* Assets.xcassets */; };
		77C3D507289910CF0088554F /* Preview Assets.xcassets in Resources */ = {isa = PBXBuildFile; fileRef = 77C3D506289910CF0088554F /* Preview Assets.xcassets */; };
		77C3D511289910CF0088554F /* projectDateTests.swift in Sources */ = {isa = PBXBuildFile; fileRef = 77C3D510289910CF0088554F /* projectDateTests.swift */; };
		77C3D51B289910CF0088554F /* projectDateUITests.swift in Sources */ = {isa = PBXBuildFile; fileRef = 77C3D51A289910CF0088554F /* projectDateUITests.swift */; };
		77C3D51D289910CF0088554F /* projectDateUITestsLaunchTests.swift in Sources */ = {isa = PBXBuildFile; fileRef = 77C3D51C289910CF0088554F /* projectDateUITestsLaunchTests.swift */; };
		77C3D52E289912840088554F /* EditProfileView.swift in Sources */ = {isa = PBXBuildFile; fileRef = 77C3D52D289912840088554F /* EditProfileView.swift */; };
		77C3D532289912AD0088554F /* PreviewProfileView.swift in Sources */ = {isa = PBXBuildFile; fileRef = 77C3D531289912AD0088554F /* PreviewProfileView.swift */; };
		77C3D536289912B10088554F /* UserProfileView.swift in Sources */ = {isa = PBXBuildFile; fileRef = 77C3D535289912B10088554F /* UserProfileView.swift */; };
		77C3D53A289912B60088554F /* SettingsView.swift in Sources */ = {isa = PBXBuildFile; fileRef = 77C3D539289912B60088554F /* SettingsView.swift */; };
		77CB961729A68DE200D5BD7D /* FirebaseStorage in Frameworks */ = {isa = PBXBuildFile; productRef = 77CB961629A68DE200D5BD7D /* FirebaseStorage */; };
		77DCADA829B9D69D00641558 /* MatchRecordModel.swift in Sources */ = {isa = PBXBuildFile; fileRef = 77DCADA729B9D69D00641558 /* MatchRecordModel.swift */; };
		77DCADAA29B9E62300641558 /* SwipedCardGroupModel.swift in Sources */ = {isa = PBXBuildFile; fileRef = 77DCADA929B9E62300641558 /* SwipedCardGroupModel.swift */; };
		77DCADAC29B9E9CE00641558 /* SwipedCardGroupsModel.swift in Sources */ = {isa = PBXBuildFile; fileRef = 77DCADAB29B9E9CE00641558 /* SwipedCardGroupsModel.swift */; };
		77DCADAE29BA3E1900641558 /* CardGroupSnapshotModel.swift in Sources */ = {isa = PBXBuildFile; fileRef = 77DCADAD29BA3E1900641558 /* CardGroupSnapshotModel.swift */; };
		77DCADB129BA751000641558 /* MatchView.swift in Sources */ = {isa = PBXBuildFile; fileRef = 77DCADB029BA751000641558 /* MatchView.swift */; };
		77E88D752987ED9C00F20B29 /* FacebookSignInManager.swift in Sources */ = {isa = PBXBuildFile; fileRef = 77E88D742987ED9C00F20B29 /* FacebookSignInManager.swift */; };
		77ED84B129890F2000AACD19 /* GoogleService-Info.plist in Resources */ = {isa = PBXBuildFile; fileRef = 77ED84B029890F2000AACD19 /* GoogleService-Info.plist */; };
		77FB23BF292B5E62008F5469 /* ProfileView.swift in Sources */ = {isa = PBXBuildFile; fileRef = 77FB23BE292B5E62008F5469 /* ProfileView.swift */; };
		77FB23C2292B6227008F5469 /* ProfileInfoOverlay.swift in Sources */ = {isa = PBXBuildFile; fileRef = 77FB23C1292B6227008F5469 /* ProfileInfoOverlay.swift */; };
		77FB2461294DA8D2008F5469 /* SearchInput.swift in Sources */ = {isa = PBXBuildFile; fileRef = 77FB2460294DA8D2008F5469 /* SearchInput.swift */; };
		77FB246529539DB5008F5469 /* ImageSlider.swift in Sources */ = {isa = PBXBuildFile; fileRef = 77FB246429539DB5008F5469 /* ImageSlider.swift */; };
		77FB247B295DC3AB008F5469 /* ProfileModel.swift in Sources */ = {isa = PBXBuildFile; fileRef = 77FB247A295DC3AB008F5469 /* ProfileModel.swift */; };
/* End PBXBuildFile section */

/* Begin PBXContainerItemProxy section */
		77C3D50D289910CF0088554F /* PBXContainerItemProxy */ = {
			isa = PBXContainerItemProxy;
			containerPortal = 77C3D4F4289910CD0088554F /* Project object */;
			proxyType = 1;
			remoteGlobalIDString = 77C3D4FB289910CE0088554F;
			remoteInfo = projectDate;
		};
		77C3D517289910CF0088554F /* PBXContainerItemProxy */ = {
			isa = PBXContainerItemProxy;
			containerPortal = 77C3D4F4289910CD0088554F /* Project object */;
			proxyType = 1;
			remoteGlobalIDString = 77C3D4FB289910CE0088554F;
			remoteInfo = projectDate;
		};
/* End PBXContainerItemProxy section */

/* Begin PBXFileReference section */
		77115F95299EF2EC00705811 /* ConfirmationView.swift */ = {isa = PBXFileReference; lastKnownFileType = sourcecode.swift; path = ConfirmationView.swift; sourceTree = "<group>"; };
		771AE40E296ACE7700F3A6A1 /* ImageDetailView.swift */ = {isa = PBXFileReference; lastKnownFileType = sourcecode.swift; path = ImageDetailView.swift; sourceTree = "<group>"; };
		771AE4152977C46A00F3A6A1 /* HomeView.swift */ = {isa = PBXFileReference; lastKnownFileType = sourcecode.swift; path = HomeView.swift; sourceTree = "<group>"; };
		771AE4172979173A00F3A6A1 /* EventInfoView.swift */ = {isa = PBXFileReference; lastKnownFileType = sourcecode.swift; path = EventInfoView.swift; sourceTree = "<group>"; };
		771AE41B297918DB00F3A6A1 /* EventHomeView.swift */ = {isa = PBXFileReference; lastKnownFileType = sourcecode.swift; path = EventHomeView.swift; sourceTree = "<group>"; };
		771AE41D2979263B00F3A6A1 /* CardView.swift */ = {isa = PBXFileReference; lastKnownFileType = sourcecode.swift; path = CardView.swift; sourceTree = "<group>"; };
		771AE41F2979B40B00F3A6A1 /* CardsView.swift */ = {isa = PBXFileReference; lastKnownFileType = sourcecode.swift; path = CardsView.swift; sourceTree = "<group>"; };
		771AE4212979B44F00F3A6A1 /* CardsModel.swift */ = {isa = PBXFileReference; lastKnownFileType = sourcecode.swift; path = CardsModel.swift; sourceTree = "<group>"; };
		771AE42A2979DE3500F3A6A1 /* HomeViewModel.swift */ = {isa = PBXFileReference; lastKnownFileType = sourcecode.swift; path = HomeViewModel.swift; sourceTree = "<group>"; };
		771EA00E28A045EC007EBC40 /* Extensions.swift */ = {isa = PBXFileReference; lastKnownFileType = sourcecode.swift; path = Extensions.swift; sourceTree = "<group>"; };
		7731737E28CCE50100B8885B /* GoogleAuth.swift */ = {isa = PBXFileReference; lastKnownFileType = sourcecode.swift; path = GoogleAuth.swift; sourceTree = "<group>"; };
		7731738128CDBE4200B8885B /* FacebookAuth.swift */ = {isa = PBXFileReference; lastKnownFileType = sourcecode.swift; path = FacebookAuth.swift; sourceTree = "<group>"; };
		7753927629A2316F00AA2B74 /* FailedView.swift */ = {isa = PBXFileReference; lastKnownFileType = sourcecode.swift; path = FailedView.swift; sourceTree = "<group>"; };
		7753927829A425B300AA2B74 /* ImagePicker.swift */ = {isa = PBXFileReference; lastKnownFileType = sourcecode.swift; path = ImagePicker.swift; sourceTree = "<group>"; };
		7756A48228C5192C0038903D /* MotherView.swift */ = {isa = PBXFileReference; lastKnownFileType = sourcecode.swift; path = MotherView.swift; sourceTree = "<group>"; };
		775E062828C51B140082C27E /* ViewRouter.swift */ = {isa = PBXFileReference; lastKnownFileType = sourcecode.swift; path = ViewRouter.swift; sourceTree = "<group>"; };
		775E062B28C51B6F0082C27E /* SignInView.swift */ = {isa = PBXFileReference; lastKnownFileType = sourcecode.swift; path = SignInView.swift; sourceTree = "<group>"; };
		775E062D28C51B850082C27E /* SignUpView.swift */ = {isa = PBXFileReference; lastKnownFileType = sourcecode.swift; path = SignUpView.swift; sourceTree = "<group>"; };
		775E062F28C72B450082C27E /* projectDate.entitlements */ = {isa = PBXFileReference; lastKnownFileType = text.plist.entitlements; path = projectDate.entitlements; sourceTree = "<group>"; };
		77619ECF295DC8AE00B1BF1F /* MockService.swift */ = {isa = PBXFileReference; lastKnownFileType = sourcecode.swift; path = MockService.swift; sourceTree = "<group>"; };
		77626AED28C87AF600D1DD9E /* AppleAuth.swift */ = {isa = PBXFileReference; lastKnownFileType = sourcecode.swift; path = AppleAuth.swift; sourceTree = "<group>"; };
		776D4708295F359100754DE5 /* UserModel.swift */ = {isa = PBXFileReference; lastKnownFileType = sourcecode.swift; path = UserModel.swift; sourceTree = "<group>"; };
		776D470E2961FD9000754DE5 /* ProfileViewModel.swift */ = {isa = PBXFileReference; lastKnownFileType = sourcecode.swift; name = ProfileViewModel.swift; path = projectDate/feats/utils/views/ProfileViewModel.swift; sourceTree = SOURCE_ROOT; };
		776D47102962010000754DE5 /* ProfileInfoModel.swift */ = {isa = PBXFileReference; lastKnownFileType = sourcecode.swift; path = ProfileInfoModel.swift; sourceTree = "<group>"; };
		776D47122964053100754DE5 /* SideBarInfoModel.swift */ = {isa = PBXFileReference; lastKnownFileType = sourcecode.swift; path = SideBarInfoModel.swift; sourceTree = "<group>"; };
		776E903129BC554800C14F8A /* InstructionsPopoverView.swift */ = {isa = PBXFileReference; lastKnownFileType = sourcecode.swift; path = InstructionsPopoverView.swift; sourceTree = "<group>"; };
		776E903329BC868B00C14F8A /* BasicInfoPopoverView.swift */ = {isa = PBXFileReference; lastKnownFileType = sourcecode.swift; path = BasicInfoPopoverView.swift; sourceTree = "<group>"; };
		7770E2BF297E755300C70469 /* BarProgressView.swift */ = {isa = PBXFileReference; lastKnownFileType = sourcecode.swift; path = BarProgressView.swift; sourceTree = "<group>"; };
		777C2CD0298A373A00CD3CCE /* CreateCardView.swift */ = {isa = PBXFileReference; lastKnownFileType = sourcecode.swift; path = CreateCardView.swift; sourceTree = "<group>"; };
		778A5F8A2998CA65004EA498 /* SwipedCardModel.swift */ = {isa = PBXFileReference; lastKnownFileType = sourcecode.swift; path = SwipedCardModel.swift; sourceTree = "<group>"; };
		779985D9298EC07D00D3FD74 /* CreateCardsView.swift */ = {isa = PBXFileReference; lastKnownFileType = sourcecode.swift; path = CreateCardsView.swift; sourceTree = "<group>"; };
		77A0F9BA2986CEA1009CD1E0 /* LogInItems.swift */ = {isa = PBXFileReference; lastKnownFileType = sourcecode.swift; path = LogInItems.swift; sourceTree = "<group>"; };
		77A1C7C1297C3B1C004C8FA6 /* CardModel.swift */ = {isa = PBXFileReference; lastKnownFileType = sourcecode.swift; path = CardModel.swift; sourceTree = "<group>"; };
		77A1C7C3297C4094004C8FA6 /* EventModel.swift */ = {isa = PBXFileReference; lastKnownFileType = sourcecode.swift; path = EventModel.swift; sourceTree = "<group>"; };
		77A1C7C5297C423B004C8FA6 /* EventViewModel.swift */ = {isa = PBXFileReference; lastKnownFileType = sourcecode.swift; path = EventViewModel.swift; sourceTree = "<group>"; };
		77A1C7C9297C4528004C8FA6 /* CircularProgressView.swift */ = {isa = PBXFileReference; lastKnownFileType = sourcecode.swift; path = CircularProgressView.swift; sourceTree = "<group>"; };
		77A471F429AD0A270047C7EA /* dbFunctions.swift */ = {isa = PBXFileReference; lastKnownFileType = sourcecode.swift; path = dbFunctions.swift; sourceTree = "<group>"; };
		77C3D4FC289910CE0088554F /* projectDate.app */ = {isa = PBXFileReference; explicitFileType = wrapper.application; includeInIndex = 0; path = projectDate.app; sourceTree = BUILT_PRODUCTS_DIR; };
		77C3D4FF289910CE0088554F /* projectDateApp.swift */ = {isa = PBXFileReference; lastKnownFileType = sourcecode.swift; path = projectDateApp.swift; sourceTree = "<group>"; };
		77C3D503289910CF0088554F /* Assets.xcassets */ = {isa = PBXFileReference; lastKnownFileType = folder.assetcatalog; path = Assets.xcassets; sourceTree = "<group>"; };
		77C3D506289910CF0088554F /* Preview Assets.xcassets */ = {isa = PBXFileReference; lastKnownFileType = folder.assetcatalog; path = "Preview Assets.xcassets"; sourceTree = "<group>"; };
		77C3D50C289910CF0088554F /* projectDateTests.xctest */ = {isa = PBXFileReference; explicitFileType = wrapper.cfbundle; includeInIndex = 0; path = projectDateTests.xctest; sourceTree = BUILT_PRODUCTS_DIR; };
		77C3D510289910CF0088554F /* projectDateTests.swift */ = {isa = PBXFileReference; lastKnownFileType = sourcecode.swift; path = projectDateTests.swift; sourceTree = "<group>"; };
		77C3D516289910CF0088554F /* projectDateUITests.xctest */ = {isa = PBXFileReference; explicitFileType = wrapper.cfbundle; includeInIndex = 0; path = projectDateUITests.xctest; sourceTree = BUILT_PRODUCTS_DIR; };
		77C3D51A289910CF0088554F /* projectDateUITests.swift */ = {isa = PBXFileReference; lastKnownFileType = sourcecode.swift; path = projectDateUITests.swift; sourceTree = "<group>"; };
		77C3D51C289910CF0088554F /* projectDateUITestsLaunchTests.swift */ = {isa = PBXFileReference; lastKnownFileType = sourcecode.swift; path = projectDateUITestsLaunchTests.swift; sourceTree = "<group>"; };
		77C3D52D289912840088554F /* EditProfileView.swift */ = {isa = PBXFileReference; fileEncoding = 4; lastKnownFileType = sourcecode.swift; path = EditProfileView.swift; sourceTree = "<group>"; };
		77C3D531289912AD0088554F /* PreviewProfileView.swift */ = {isa = PBXFileReference; fileEncoding = 4; lastKnownFileType = sourcecode.swift; path = PreviewProfileView.swift; sourceTree = "<group>"; };
		77C3D535289912B10088554F /* UserProfileView.swift */ = {isa = PBXFileReference; fileEncoding = 4; lastKnownFileType = sourcecode.swift; path = UserProfileView.swift; sourceTree = "<group>"; };
		77C3D539289912B60088554F /* SettingsView.swift */ = {isa = PBXFileReference; fileEncoding = 4; lastKnownFileType = sourcecode.swift; path = SettingsView.swift; sourceTree = "<group>"; };
		77DCADA729B9D69D00641558 /* MatchRecordModel.swift */ = {isa = PBXFileReference; lastKnownFileType = sourcecode.swift; path = MatchRecordModel.swift; sourceTree = "<group>"; };
		77DCADA929B9E62300641558 /* SwipedCardGroupModel.swift */ = {isa = PBXFileReference; lastKnownFileType = sourcecode.swift; path = SwipedCardGroupModel.swift; sourceTree = "<group>"; };
		77DCADAB29B9E9CE00641558 /* SwipedCardGroupsModel.swift */ = {isa = PBXFileReference; lastKnownFileType = sourcecode.swift; path = SwipedCardGroupsModel.swift; sourceTree = "<group>"; };
		77DCADAD29BA3E1900641558 /* CardGroupSnapshotModel.swift */ = {isa = PBXFileReference; lastKnownFileType = sourcecode.swift; path = CardGroupSnapshotModel.swift; sourceTree = "<group>"; };
		77DCADB029BA751000641558 /* MatchView.swift */ = {isa = PBXFileReference; lastKnownFileType = sourcecode.swift; path = MatchView.swift; sourceTree = "<group>"; };
		77E88D742987ED9C00F20B29 /* FacebookSignInManager.swift */ = {isa = PBXFileReference; lastKnownFileType = sourcecode.swift; name = FacebookSignInManager.swift; path = projectDate/feats/auth/stores/FacebookSignInManager.swift; sourceTree = SOURCE_ROOT; };
		77ED84AE298908D700AACD19 /* Info.plist */ = {isa = PBXFileReference; lastKnownFileType = text.plist.xml; path = Info.plist; sourceTree = "<group>"; };
		77ED84B029890F2000AACD19 /* GoogleService-Info.plist */ = {isa = PBXFileReference; fileEncoding = 4; lastKnownFileType = text.plist.xml; path = "GoogleService-Info.plist"; sourceTree = "<group>"; };
		77FB23BE292B5E62008F5469 /* ProfileView.swift */ = {isa = PBXFileReference; lastKnownFileType = sourcecode.swift; path = ProfileView.swift; sourceTree = "<group>"; };
		77FB23C1292B6227008F5469 /* ProfileInfoOverlay.swift */ = {isa = PBXFileReference; lastKnownFileType = sourcecode.swift; path = ProfileInfoOverlay.swift; sourceTree = "<group>"; };
		77FB2460294DA8D2008F5469 /* SearchInput.swift */ = {isa = PBXFileReference; lastKnownFileType = sourcecode.swift; path = SearchInput.swift; sourceTree = "<group>"; };
		77FB246429539DB5008F5469 /* ImageSlider.swift */ = {isa = PBXFileReference; lastKnownFileType = sourcecode.swift; path = ImageSlider.swift; sourceTree = "<group>"; };
		77FB247A295DC3AB008F5469 /* ProfileModel.swift */ = {isa = PBXFileReference; lastKnownFileType = sourcecode.swift; path = ProfileModel.swift; sourceTree = "<group>"; };
/* End PBXFileReference section */

/* Begin PBXFrameworksBuildPhase section */
		77C3D4F9289910CE0088554F /* Frameworks */ = {
			isa = PBXFrameworksBuildPhase;
			buildActionMask = 2147483647;
			files = (
				77626AF828CB1D2F00D1DD9E /* GoogleSignInSwift in Frameworks */,
				7731738528CE2F6500B8885B /* FacebookCore in Frameworks */,
				7731738928CE2F6500B8885B /* FacebookShare in Frameworks */,
				77CB961729A68DE200D5BD7D /* FirebaseStorage in Frameworks */,
				771EA01828A2435C007EBC40 /* FirebaseFirestore in Frameworks */,
				77626AF628CB1D2F00D1DD9E /* GoogleSignIn in Frameworks */,
				776DFB5B28B286B300F9AC63 /* FirebaseAuth in Frameworks */,
				7731738728CE2F6500B8885B /* FacebookLogin in Frameworks */,
				771EA01A28A2435C007EBC40 /* FirebaseFirestoreSwift in Frameworks */,
			);
			runOnlyForDeploymentPostprocessing = 0;
		};
		77C3D509289910CF0088554F /* Frameworks */ = {
			isa = PBXFrameworksBuildPhase;
			buildActionMask = 2147483647;
			files = (
			);
			runOnlyForDeploymentPostprocessing = 0;
		};
		77C3D513289910CF0088554F /* Frameworks */ = {
			isa = PBXFrameworksBuildPhase;
			buildActionMask = 2147483647;
			files = (
			);
			runOnlyForDeploymentPostprocessing = 0;
		};
/* End PBXFrameworksBuildPhase section */

/* Begin PBXGroup section */
		771AE4132977C40300F3A6A1 /* home */ = {
			isa = PBXGroup;
			children = (
				771AE4282979D9BF00F3A6A1 /* stores */,
				771AE4272979D9B900F3A6A1 /* models */,
				771AE4142977C42100F3A6A1 /* views */,
			);
			path = home;
			sourceTree = "<group>";
		};
		771AE4142977C42100F3A6A1 /* views */ = {
			isa = PBXGroup;
			children = (
				77C3D539289912B60088554F /* SettingsView.swift */,
				771AE4152977C46A00F3A6A1 /* HomeView.swift */,
			);
			path = views;
			sourceTree = "<group>";
		};
		771AE4232979D96600F3A6A1 /* events */ = {
			isa = PBXGroup;
			children = (
				771AE4262979D9A600F3A6A1 /* models */,
				771AE4252979D99F00F3A6A1 /* stores */,
				771AE4242979D98A00F3A6A1 /* views */,
			);
			path = events;
			sourceTree = "<group>";
		};
		771AE4242979D98A00F3A6A1 /* views */ = {
			isa = PBXGroup;
			children = (
				771AE41B297918DB00F3A6A1 /* EventHomeView.swift */,
				771AE4172979173A00F3A6A1 /* EventInfoView.swift */,
			);
			path = views;
			sourceTree = "<group>";
		};
		771AE4252979D99F00F3A6A1 /* stores */ = {
			isa = PBXGroup;
			children = (
				77A1C7C5297C423B004C8FA6 /* EventViewModel.swift */,
			);
			path = stores;
			sourceTree = "<group>";
		};
		771AE4262979D9A600F3A6A1 /* models */ = {
			isa = PBXGroup;
			children = (
				77A1C7C3297C4094004C8FA6 /* EventModel.swift */,
			);
			path = models;
			sourceTree = "<group>";
		};
		771AE4272979D9B900F3A6A1 /* models */ = {
			isa = PBXGroup;
			children = (
			);
			path = models;
			sourceTree = "<group>";
		};
		771AE4282979D9BF00F3A6A1 /* stores */ = {
			isa = PBXGroup;
			children = (
				775E062828C51B140082C27E /* ViewRouter.swift */,
				771AE42A2979DE3500F3A6A1 /* HomeViewModel.swift */,
			);
			path = stores;
			sourceTree = "<group>";
		};
		77493D18291D12F400C9E283 /* match */ = {
			isa = PBXGroup;
			children = (
				77DCADAF29BA74F500641558 /* views */,
				77DCADA629B9D67D00641558 /* models */,
			);
			name = match;
			path = ../match;
			sourceTree = "<group>";
		};
		774F2397291A4FEB00C33E80 /* shared */ = {
			isa = PBXGroup;
			children = (
				77587DE528EEBDDD00A46031 /* signInButtons */,
				77A0F9BA2986CEA1009CD1E0 /* LogInItems.swift */,
			);
			path = shared;
			sourceTree = "<group>";
		};
		77587DE528EEBDDD00A46031 /* signInButtons */ = {
			isa = PBXGroup;
			children = (
				7731738128CDBE4200B8885B /* FacebookAuth.swift */,
				7731737E28CCE50100B8885B /* GoogleAuth.swift */,
				77626AED28C87AF600D1DD9E /* AppleAuth.swift */,
			);
			path = signInButtons;
			sourceTree = "<group>";
		};
		77619ECE295DC88C00B1BF1F /* mockData */ = {
			isa = PBXGroup;
			children = (
				77619ECF295DC8AE00B1BF1F /* MockService.swift */,
				77A471F429AD0A270047C7EA /* dbFunctions.swift */,
			);
			path = mockData;
			sourceTree = "<group>";
		};
		776D4700295DCC2700754DE5 /* feats */ = {
			isa = PBXGroup;
			children = (
				77A1C7BF297C3A65004C8FA6 /* cards */,
				77A1C7C7297C44F9004C8FA6 /* progressCircle */,
				77ABBE0329182BFD00A7669E /* profile */,
				77ABBE0429182C1600A7669E /* auth */,
				77493D18291D12F400C9E283 /* match */,
				77FB2459294C58E1008F5469 /* utils */,
			);
			path = feats;
			sourceTree = "<group>";
		};
		776D4707295F357600754DE5 /* model */ = {
			isa = PBXGroup;
			children = (
				776D4708295F359100754DE5 /* UserModel.swift */,
			);
			path = model;
			sourceTree = "<group>";
		};
		779985D7298EC04000D3FD74 /* cards */ = {
			isa = PBXGroup;
			children = (
				771AE41F2979B40B00F3A6A1 /* CardsView.swift */,
				771AE41D2979263B00F3A6A1 /* CardView.swift */,
			);
			path = cards;
			sourceTree = "<group>";
		};
		779985D8298EC05700D3FD74 /* createCards */ = {
			isa = PBXGroup;
			children = (
				777C2CD0298A373A00CD3CCE /* CreateCardView.swift */,
				779985D9298EC07D00D3FD74 /* CreateCardsView.swift */,
			);
			path = createCards;
			sourceTree = "<group>";
		};
		77A1C7BF297C3A65004C8FA6 /* cards */ = {
			isa = PBXGroup;
			children = (
				779985D8298EC05700D3FD74 /* createCards */,
				779985D7298EC04000D3FD74 /* cards */,
				77A1C7C0297C3B05004C8FA6 /* models */,
			);
			path = cards;
			sourceTree = "<group>";
		};
		77A1C7C0297C3B05004C8FA6 /* models */ = {
			isa = PBXGroup;
			children = (
				771AE4212979B44F00F3A6A1 /* CardsModel.swift */,
				77A1C7C1297C3B1C004C8FA6 /* CardModel.swift */,
				778A5F8A2998CA65004EA498 /* SwipedCardModel.swift */,
			);
			path = models;
			sourceTree = "<group>";
		};
		77A1C7C7297C44F9004C8FA6 /* progressCircle */ = {
			isa = PBXGroup;
			children = (
				77A1C7C8297C450F004C8FA6 /* models */,
				77A1C7C9297C4528004C8FA6 /* CircularProgressView.swift */,
				7770E2BF297E755300C70469 /* BarProgressView.swift */,
			);
			path = progressCircle;
			sourceTree = "<group>";
		};
		77A1C7C8297C450F004C8FA6 /* models */ = {
			isa = PBXGroup;
			children = (
			);
			path = models;
			sourceTree = "<group>";
		};
		77ABBE0329182BFD00A7669E /* profile */ = {
			isa = PBXGroup;
			children = (
				77FB2479295DC372008F5469 /* model */,
				77ABBE0C29182CDC00A7669E /* stores */,
				77ABBE0629182C2600A7669E /* views */,
			);
			path = profile;
			sourceTree = "<group>";
		};
		77ABBE0429182C1600A7669E /* auth */ = {
			isa = PBXGroup;
			children = (
				77E88D762987EDD600F20B29 /* stores */,
				776D4707295F357600754DE5 /* model */,
				77ABBE0529182C2100A7669E /* views */,
			);
			path = auth;
			sourceTree = "<group>";
		};
		77ABBE0529182C2100A7669E /* views */ = {
			isa = PBXGroup;
			children = (
				774F2397291A4FEB00C33E80 /* shared */,
				775E062B28C51B6F0082C27E /* SignInView.swift */,
				775E062D28C51B850082C27E /* SignUpView.swift */,
			);
			path = views;
			sourceTree = "<group>";
		};
		77ABBE0629182C2600A7669E /* views */ = {
			isa = PBXGroup;
			children = (
				77FB23C0292B61FD008F5469 /* shared */,
				77C3D535289912B10088554F /* UserProfileView.swift */,
				77C3D531289912AD0088554F /* PreviewProfileView.swift */,
				77C3D52D289912840088554F /* EditProfileView.swift */,
				77FB23BE292B5E62008F5469 /* ProfileView.swift */,
			);
			path = views;
			sourceTree = "<group>";
		};
		77ABBE0C29182CDC00A7669E /* stores */ = {
			isa = PBXGroup;
			children = (
				776D470E2961FD9000754DE5 /* ProfileViewModel.swift */,
			);
			path = stores;
			sourceTree = "<group>";
		};
		77C3D4F3289910CD0088554F = {
			isa = PBXGroup;
			children = (
				77C3D4FE289910CE0088554F /* projectDate */,
				77C3D50F289910CF0088554F /* projectDateTests */,
				77C3D519289910CF0088554F /* projectDateUITests */,
				77C3D4FD289910CE0088554F /* Products */,
				77CB961529A68DE200D5BD7D /* Frameworks */,
			);
			sourceTree = "<group>";
		};
		77C3D4FD289910CE0088554F /* Products */ = {
			isa = PBXGroup;
			children = (
				77C3D4FC289910CE0088554F /* projectDate.app */,
				77C3D50C289910CF0088554F /* projectDateTests.xctest */,
				77C3D516289910CF0088554F /* projectDateUITests.xctest */,
			);
			name = Products;
			sourceTree = "<group>";
		};
		77C3D4FE289910CE0088554F /* projectDate */ = {
			isa = PBXGroup;
			children = (
				77ED84B029890F2000AACD19 /* GoogleService-Info.plist */,
				77ED84AE298908D700AACD19 /* Info.plist */,
				776D4700295DCC2700754DE5 /* feats */,
				77619ECE295DC88C00B1BF1F /* mockData */,
				771AE4132977C40300F3A6A1 /* home */,
				771AE4232979D96600F3A6A1 /* events */,
				771EA00E28A045EC007EBC40 /* Extensions.swift */,
				7756A48228C5192C0038903D /* MotherView.swift */,
				77C3D4FF289910CE0088554F /* projectDateApp.swift */,
				77C3D503289910CF0088554F /* Assets.xcassets */,
				775E062F28C72B450082C27E /* projectDate.entitlements */,
				77C3D505289910CF0088554F /* Preview Content */,
			);
			path = projectDate;
			sourceTree = "<group>";
		};
		77C3D505289910CF0088554F /* Preview Content */ = {
			isa = PBXGroup;
			children = (
				77C3D506289910CF0088554F /* Preview Assets.xcassets */,
			);
			path = "Preview Content";
			sourceTree = "<group>";
		};
		77C3D50F289910CF0088554F /* projectDateTests */ = {
			isa = PBXGroup;
			children = (
				77C3D510289910CF0088554F /* projectDateTests.swift */,
			);
			path = projectDateTests;
			sourceTree = "<group>";
		};
		77C3D519289910CF0088554F /* projectDateUITests */ = {
			isa = PBXGroup;
			children = (
				77C3D51A289910CF0088554F /* projectDateUITests.swift */,
				77C3D51C289910CF0088554F /* projectDateUITestsLaunchTests.swift */,
			);
			path = projectDateUITests;
			sourceTree = "<group>";
		};
		77CB961529A68DE200D5BD7D /* Frameworks */ = {
			isa = PBXGroup;
			children = (
			);
			name = Frameworks;
			sourceTree = "<group>";
		};
		77DCADA629B9D67D00641558 /* models */ = {
			isa = PBXGroup;
			children = (
				77DCADA929B9E62300641558 /* SwipedCardGroupModel.swift */,
				77DCADA729B9D69D00641558 /* MatchRecordModel.swift */,
				77DCADAB29B9E9CE00641558 /* SwipedCardGroupsModel.swift */,
				77DCADAD29BA3E1900641558 /* CardGroupSnapshotModel.swift */,
			);
			path = models;
			sourceTree = "<group>";
		};
		77DCADAF29BA74F500641558 /* views */ = {
			isa = PBXGroup;
			children = (
				77DCADB029BA751000641558 /* MatchView.swift */,
			);
			path = views;
			sourceTree = "<group>";
		};
		77E88D762987EDD600F20B29 /* stores */ = {
			isa = PBXGroup;
			children = (
				77E88D742987ED9C00F20B29 /* FacebookSignInManager.swift */,
			);
			path = stores;
			sourceTree = "<group>";
		};
		77FB23C0292B61FD008F5469 /* shared */ = {
			isa = PBXGroup;
			children = (
				77FB23C1292B6227008F5469 /* ProfileInfoOverlay.swift */,
				77FB246429539DB5008F5469 /* ImageSlider.swift */,
				771AE40E296ACE7700F3A6A1 /* ImageDetailView.swift */,
			);
			path = shared;
			sourceTree = "<group>";
		};
		77FB2459294C58E1008F5469 /* utils */ = {
			isa = PBXGroup;
			children = (
				77FB245A294C58F5008F5469 /* views */,
			);
			path = utils;
			sourceTree = "<group>";
		};
		77FB245A294C58F5008F5469 /* views */ = {
			isa = PBXGroup;
			children = (
				77FB245F294DA8BA008F5469 /* shared */,
				7753927829A425B300AA2B74 /* ImagePicker.swift */,
				776E903129BC554800C14F8A /* InstructionsPopoverView.swift */,
				776E903329BC868B00C14F8A /* BasicInfoPopoverView.swift */,
			);
			path = views;
			sourceTree = "<group>";
		};
		77FB245F294DA8BA008F5469 /* shared */ = {
			isa = PBXGroup;
			children = (
				77115F95299EF2EC00705811 /* ConfirmationView.swift */,
				77FB2460294DA8D2008F5469 /* SearchInput.swift */,
				7753927629A2316F00AA2B74 /* FailedView.swift */,
			);
			path = shared;
			sourceTree = "<group>";
		};
		77FB2479295DC372008F5469 /* model */ = {
			isa = PBXGroup;
			children = (
				77FB247A295DC3AB008F5469 /* ProfileModel.swift */,
				776D47102962010000754DE5 /* ProfileInfoModel.swift */,
				776D47122964053100754DE5 /* SideBarInfoModel.swift */,
			);
			path = model;
			sourceTree = "<group>";
		};
/* End PBXGroup section */

/* Begin PBXNativeTarget section */
		77C3D4FB289910CE0088554F /* projectDate */ = {
			isa = PBXNativeTarget;
			buildConfigurationList = 77C3D520289910CF0088554F /* Build configuration list for PBXNativeTarget "projectDate" */;
			buildPhases = (
				77C3D4F8289910CE0088554F /* Sources */,
				77C3D4F9289910CE0088554F /* Frameworks */,
				77C3D4FA289910CE0088554F /* Resources */,
			);
			buildRules = (
			);
			dependencies = (
			);
			name = projectDate;
			packageProductDependencies = (
				771EA01728A2435C007EBC40 /* FirebaseFirestore */,
				771EA01928A2435C007EBC40 /* FirebaseFirestoreSwift */,
				776DFB5A28B286B300F9AC63 /* FirebaseAuth */,
				77626AF528CB1D2F00D1DD9E /* GoogleSignIn */,
				77626AF728CB1D2F00D1DD9E /* GoogleSignInSwift */,
				7731738428CE2F6500B8885B /* FacebookCore */,
				7731738628CE2F6500B8885B /* FacebookLogin */,
				7731738828CE2F6500B8885B /* FacebookShare */,
				77CB961629A68DE200D5BD7D /* FirebaseStorage */,
			);
			productName = projectDate;
			productReference = 77C3D4FC289910CE0088554F /* projectDate.app */;
			productType = "com.apple.product-type.application";
		};
		77C3D50B289910CF0088554F /* projectDateTests */ = {
			isa = PBXNativeTarget;
			buildConfigurationList = 77C3D523289910CF0088554F /* Build configuration list for PBXNativeTarget "projectDateTests" */;
			buildPhases = (
				77C3D508289910CF0088554F /* Sources */,
				77C3D509289910CF0088554F /* Frameworks */,
				77C3D50A289910CF0088554F /* Resources */,
			);
			buildRules = (
			);
			dependencies = (
				77C3D50E289910CF0088554F /* PBXTargetDependency */,
			);
			name = projectDateTests;
			productName = projectDateTests;
			productReference = 77C3D50C289910CF0088554F /* projectDateTests.xctest */;
			productType = "com.apple.product-type.bundle.unit-test";
		};
		77C3D515289910CF0088554F /* projectDateUITests */ = {
			isa = PBXNativeTarget;
			buildConfigurationList = 77C3D526289910CF0088554F /* Build configuration list for PBXNativeTarget "projectDateUITests" */;
			buildPhases = (
				77C3D512289910CF0088554F /* Sources */,
				77C3D513289910CF0088554F /* Frameworks */,
				77C3D514289910CF0088554F /* Resources */,
			);
			buildRules = (
			);
			dependencies = (
				77C3D518289910CF0088554F /* PBXTargetDependency */,
			);
			name = projectDateUITests;
			productName = projectDateUITests;
			productReference = 77C3D516289910CF0088554F /* projectDateUITests.xctest */;
			productType = "com.apple.product-type.bundle.ui-testing";
		};
/* End PBXNativeTarget section */

/* Begin PBXProject section */
		77C3D4F4289910CD0088554F /* Project object */ = {
			isa = PBXProject;
			attributes = {
				BuildIndependentTargetsInParallel = NO;
				LastSwiftUpdateCheck = 1340;
				LastUpgradeCheck = 1340;
				TargetAttributes = {
					77C3D4FB289910CE0088554F = {
						CreatedOnToolsVersion = 13.4.1;
					};
					77C3D50B289910CF0088554F = {
						CreatedOnToolsVersion = 13.4.1;
						TestTargetID = 77C3D4FB289910CE0088554F;
					};
					77C3D515289910CF0088554F = {
						CreatedOnToolsVersion = 13.4.1;
						TestTargetID = 77C3D4FB289910CE0088554F;
					};
				};
			};
			buildConfigurationList = 77C3D4F7289910CD0088554F /* Build configuration list for PBXProject "projectDate" */;
			compatibilityVersion = "Xcode 13.0";
			developmentRegion = en;
			hasScannedForEncodings = 0;
			knownRegions = (
				en,
				Base,
			);
			mainGroup = 77C3D4F3289910CD0088554F;
			packageReferences = (
				771EA01628A2435C007EBC40 /* XCRemoteSwiftPackageReference "firebase-ios-sdk" */,
				776DFB5928B286B300F9AC63 /* XCRemoteSwiftPackageReference "firebase-ios-sdk" */,
				77626AF428CB1D2F00D1DD9E /* XCRemoteSwiftPackageReference "GoogleSignIn-iOS" */,
				7731738328CE2F6500B8885B /* XCRemoteSwiftPackageReference "facebook-ios-sdk" */,
			);
			productRefGroup = 77C3D4FD289910CE0088554F /* Products */;
			projectDirPath = "";
			projectRoot = "";
			targets = (
				77C3D4FB289910CE0088554F /* projectDate */,
				77C3D50B289910CF0088554F /* projectDateTests */,
				77C3D515289910CF0088554F /* projectDateUITests */,
			);
		};
/* End PBXProject section */

/* Begin PBXResourcesBuildPhase section */
		77C3D4FA289910CE0088554F /* Resources */ = {
			isa = PBXResourcesBuildPhase;
			buildActionMask = 2147483647;
			files = (
				77C3D507289910CF0088554F /* Preview Assets.xcassets in Resources */,
				77C3D504289910CF0088554F /* Assets.xcassets in Resources */,
				77ED84B129890F2000AACD19 /* GoogleService-Info.plist in Resources */,
			);
			runOnlyForDeploymentPostprocessing = 0;
		};
		77C3D50A289910CF0088554F /* Resources */ = {
			isa = PBXResourcesBuildPhase;
			buildActionMask = 2147483647;
			files = (
			);
			runOnlyForDeploymentPostprocessing = 0;
		};
		77C3D514289910CF0088554F /* Resources */ = {
			isa = PBXResourcesBuildPhase;
			buildActionMask = 2147483647;
			files = (
			);
			runOnlyForDeploymentPostprocessing = 0;
		};
/* End PBXResourcesBuildPhase section */

/* Begin PBXSourcesBuildPhase section */
		77C3D4F8289910CE0088554F /* Sources */ = {
			isa = PBXSourcesBuildPhase;
			buildActionMask = 2147483647;
			files = (
				771AE40F296ACE7700F3A6A1 /* ImageDetailView.swift in Sources */,
				77FB23C2292B6227008F5469 /* ProfileInfoOverlay.swift in Sources */,
				775E062928C51B140082C27E /* ViewRouter.swift in Sources */,
				777C2CD1298A373A00CD3CCE /* CreateCardView.swift in Sources */,
				77A1C7CA297C4528004C8FA6 /* CircularProgressView.swift in Sources */,
				771AE41E2979263B00F3A6A1 /* CardView.swift in Sources */,
				776E903229BC554800C14F8A /* InstructionsPopoverView.swift in Sources */,
				77DCADB129BA751000641558 /* MatchView.swift in Sources */,
				77C3D53A289912B60088554F /* SettingsView.swift in Sources */,
				77C3D532289912AD0088554F /* PreviewProfileView.swift in Sources */,
				77A0F9BB2986CEA1009CD1E0 /* LogInItems.swift in Sources */,
				77FB246529539DB5008F5469 /* ImageSlider.swift in Sources */,
				775E062E28C51B850082C27E /* SignUpView.swift in Sources */,
				77115F96299EF2EC00705811 /* ConfirmationView.swift in Sources */,
				7731738228CDBE4200B8885B /* FacebookAuth.swift in Sources */,
				7731737F28CCE50100B8885B /* GoogleAuth.swift in Sources */,
				771AE4162977C46A00F3A6A1 /* HomeView.swift in Sources */,
				77A471F529AD0A270047C7EA /* dbFunctions.swift in Sources */,
				77FB247B295DC3AB008F5469 /* ProfileModel.swift in Sources */,
				77619ED0295DC8AE00B1BF1F /* MockService.swift in Sources */,
				77DCADAA29B9E62300641558 /* SwipedCardGroupModel.swift in Sources */,
				775E062C28C51B6F0082C27E /* SignInView.swift in Sources */,
				77FB23BF292B5E62008F5469 /* ProfileView.swift in Sources */,
				779985DA298EC07D00D3FD74 /* CreateCardsView.swift in Sources */,
				77C3D52E289912840088554F /* EditProfileView.swift in Sources */,
				77DCADA829B9D69D00641558 /* MatchRecordModel.swift in Sources */,
				771AE4202979B40B00F3A6A1 /* CardsView.swift in Sources */,
				77626AEE28C87AF600D1DD9E /* AppleAuth.swift in Sources */,
				77E88D752987ED9C00F20B29 /* FacebookSignInManager.swift in Sources */,
				7756A48328C5192C0038903D /* MotherView.swift in Sources */,
				778A5F8B2998CA65004EA498 /* SwipedCardModel.swift in Sources */,
				771AE42B2979DE3500F3A6A1 /* HomeViewModel.swift in Sources */,
				7770E2C0297E755300C70469 /* BarProgressView.swift in Sources */,
				7753927729A2316F00AA2B74 /* FailedView.swift in Sources */,
				7753927929A425B300AA2B74 /* ImagePicker.swift in Sources */,
				771AE4222979B44F00F3A6A1 /* CardsModel.swift in Sources */,
				77FB2461294DA8D2008F5469 /* SearchInput.swift in Sources */,
				776D47112962010000754DE5 /* ProfileInfoModel.swift in Sources */,
				771AE4182979173A00F3A6A1 /* EventInfoView.swift in Sources */,
				77A1C7C6297C423B004C8FA6 /* EventViewModel.swift in Sources */,
				776D470F2961FD9000754DE5 /* ProfileViewModel.swift in Sources */,
				77C3D536289912B10088554F /* UserProfileView.swift in Sources */,
				77DCADAE29BA3E1900641558 /* CardGroupSnapshotModel.swift in Sources */,
				771AE41C297918DB00F3A6A1 /* EventHomeView.swift in Sources */,
				776D47132964053100754DE5 /* SideBarInfoModel.swift in Sources */,
				77C3D500289910CE0088554F /* projectDateApp.swift in Sources */,
				771EA00F28A045EC007EBC40 /* Extensions.swift in Sources */,
				776D4709295F359100754DE5 /* UserModel.swift in Sources */,
				77DCADAC29B9E9CE00641558 /* SwipedCardGroupsModel.swift in Sources */,
				776E903429BC868B00C14F8A /* BasicInfoPopoverView.swift in Sources */,
				77A1C7C4297C4094004C8FA6 /* EventModel.swift in Sources */,
				77A1C7C2297C3B1C004C8FA6 /* CardModel.swift in Sources */,
			);
			runOnlyForDeploymentPostprocessing = 0;
		};
		77C3D508289910CF0088554F /* Sources */ = {
			isa = PBXSourcesBuildPhase;
			buildActionMask = 2147483647;
			files = (
				77C3D511289910CF0088554F /* projectDateTests.swift in Sources */,
			);
			runOnlyForDeploymentPostprocessing = 0;
		};
		77C3D512289910CF0088554F /* Sources */ = {
			isa = PBXSourcesBuildPhase;
			buildActionMask = 2147483647;
			files = (
				77C3D51D289910CF0088554F /* projectDateUITestsLaunchTests.swift in Sources */,
				77C3D51B289910CF0088554F /* projectDateUITests.swift in Sources */,
			);
			runOnlyForDeploymentPostprocessing = 0;
		};
/* End PBXSourcesBuildPhase section */

/* Begin PBXTargetDependency section */
		77C3D50E289910CF0088554F /* PBXTargetDependency */ = {
			isa = PBXTargetDependency;
			target = 77C3D4FB289910CE0088554F /* projectDate */;
			targetProxy = 77C3D50D289910CF0088554F /* PBXContainerItemProxy */;
		};
		77C3D518289910CF0088554F /* PBXTargetDependency */ = {
			isa = PBXTargetDependency;
			target = 77C3D4FB289910CE0088554F /* projectDate */;
			targetProxy = 77C3D517289910CF0088554F /* PBXContainerItemProxy */;
		};
/* End PBXTargetDependency section */

/* Begin XCBuildConfiguration section */
		77C3D51E289910CF0088554F /* Debug */ = {
			isa = XCBuildConfiguration;
			buildSettings = {
				ALWAYS_SEARCH_USER_PATHS = NO;
				CLANG_ANALYZER_NONNULL = YES;
				CLANG_ANALYZER_NUMBER_OBJECT_CONVERSION = YES_AGGRESSIVE;
				CLANG_CXX_LANGUAGE_STANDARD = "gnu++17";
				CLANG_ENABLE_MODULES = YES;
				CLANG_ENABLE_OBJC_ARC = YES;
				CLANG_ENABLE_OBJC_WEAK = YES;
				CLANG_WARN_BLOCK_CAPTURE_AUTORELEASING = YES;
				CLANG_WARN_BOOL_CONVERSION = YES;
				CLANG_WARN_COMMA = YES;
				CLANG_WARN_CONSTANT_CONVERSION = YES;
				CLANG_WARN_DEPRECATED_OBJC_IMPLEMENTATIONS = YES;
				CLANG_WARN_DIRECT_OBJC_ISA_USAGE = YES_ERROR;
				CLANG_WARN_DOCUMENTATION_COMMENTS = YES;
				CLANG_WARN_EMPTY_BODY = YES;
				CLANG_WARN_ENUM_CONVERSION = YES;
				CLANG_WARN_INFINITE_RECURSION = YES;
				CLANG_WARN_INT_CONVERSION = YES;
				CLANG_WARN_NON_LITERAL_NULL_CONVERSION = YES;
				CLANG_WARN_OBJC_IMPLICIT_RETAIN_SELF = YES;
				CLANG_WARN_OBJC_LITERAL_CONVERSION = YES;
				CLANG_WARN_OBJC_ROOT_CLASS = YES_ERROR;
				CLANG_WARN_QUOTED_INCLUDE_IN_FRAMEWORK_HEADER = YES;
				CLANG_WARN_RANGE_LOOP_ANALYSIS = YES;
				CLANG_WARN_STRICT_PROTOTYPES = YES;
				CLANG_WARN_SUSPICIOUS_MOVE = YES;
				CLANG_WARN_UNGUARDED_AVAILABILITY = YES_AGGRESSIVE;
				CLANG_WARN_UNREACHABLE_CODE = YES;
				CLANG_WARN__DUPLICATE_METHOD_MATCH = YES;
				COPY_PHASE_STRIP = NO;
				DEBUG_INFORMATION_FORMAT = dwarf;
				ENABLE_STRICT_OBJC_MSGSEND = YES;
				ENABLE_TESTABILITY = YES;
				GCC_C_LANGUAGE_STANDARD = gnu11;
				GCC_DYNAMIC_NO_PIC = NO;
				GCC_NO_COMMON_BLOCKS = YES;
				GCC_OPTIMIZATION_LEVEL = 0;
				GCC_PREPROCESSOR_DEFINITIONS = (
					"DEBUG=1",
					"$(inherited)",
				);
				GCC_WARN_64_TO_32_BIT_CONVERSION = YES;
				GCC_WARN_ABOUT_RETURN_TYPE = YES_ERROR;
				GCC_WARN_UNDECLARED_SELECTOR = YES;
				GCC_WARN_UNINITIALIZED_AUTOS = YES_AGGRESSIVE;
				GCC_WARN_UNUSED_FUNCTION = YES;
				GCC_WARN_UNUSED_VARIABLE = YES;
				IPHONEOS_DEPLOYMENT_TARGET = 15.5;
				MTL_ENABLE_DEBUG_INFO = INCLUDE_SOURCE;
				MTL_FAST_MATH = YES;
				ONLY_ACTIVE_ARCH = YES;
				SDKROOT = iphoneos;
				SWIFT_ACTIVE_COMPILATION_CONDITIONS = DEBUG;
				SWIFT_OPTIMIZATION_LEVEL = "-Onone";
			};
			name = Debug;
		};
		77C3D51F289910CF0088554F /* Release */ = {
			isa = XCBuildConfiguration;
			buildSettings = {
				ALWAYS_SEARCH_USER_PATHS = NO;
				CLANG_ANALYZER_NONNULL = YES;
				CLANG_ANALYZER_NUMBER_OBJECT_CONVERSION = YES_AGGRESSIVE;
				CLANG_CXX_LANGUAGE_STANDARD = "gnu++17";
				CLANG_ENABLE_MODULES = YES;
				CLANG_ENABLE_OBJC_ARC = YES;
				CLANG_ENABLE_OBJC_WEAK = YES;
				CLANG_WARN_BLOCK_CAPTURE_AUTORELEASING = YES;
				CLANG_WARN_BOOL_CONVERSION = YES;
				CLANG_WARN_COMMA = YES;
				CLANG_WARN_CONSTANT_CONVERSION = YES;
				CLANG_WARN_DEPRECATED_OBJC_IMPLEMENTATIONS = YES;
				CLANG_WARN_DIRECT_OBJC_ISA_USAGE = YES_ERROR;
				CLANG_WARN_DOCUMENTATION_COMMENTS = YES;
				CLANG_WARN_EMPTY_BODY = YES;
				CLANG_WARN_ENUM_CONVERSION = YES;
				CLANG_WARN_INFINITE_RECURSION = YES;
				CLANG_WARN_INT_CONVERSION = YES;
				CLANG_WARN_NON_LITERAL_NULL_CONVERSION = YES;
				CLANG_WARN_OBJC_IMPLICIT_RETAIN_SELF = YES;
				CLANG_WARN_OBJC_LITERAL_CONVERSION = YES;
				CLANG_WARN_OBJC_ROOT_CLASS = YES_ERROR;
				CLANG_WARN_QUOTED_INCLUDE_IN_FRAMEWORK_HEADER = YES;
				CLANG_WARN_RANGE_LOOP_ANALYSIS = YES;
				CLANG_WARN_STRICT_PROTOTYPES = YES;
				CLANG_WARN_SUSPICIOUS_MOVE = YES;
				CLANG_WARN_UNGUARDED_AVAILABILITY = YES_AGGRESSIVE;
				CLANG_WARN_UNREACHABLE_CODE = YES;
				CLANG_WARN__DUPLICATE_METHOD_MATCH = YES;
				COPY_PHASE_STRIP = NO;
				DEBUG_INFORMATION_FORMAT = "dwarf-with-dsym";
				ENABLE_NS_ASSERTIONS = NO;
				ENABLE_STRICT_OBJC_MSGSEND = YES;
				GCC_C_LANGUAGE_STANDARD = gnu11;
				GCC_NO_COMMON_BLOCKS = YES;
				GCC_WARN_64_TO_32_BIT_CONVERSION = YES;
				GCC_WARN_ABOUT_RETURN_TYPE = YES_ERROR;
				GCC_WARN_UNDECLARED_SELECTOR = YES;
				GCC_WARN_UNINITIALIZED_AUTOS = YES_AGGRESSIVE;
				GCC_WARN_UNUSED_FUNCTION = YES;
				GCC_WARN_UNUSED_VARIABLE = YES;
				IPHONEOS_DEPLOYMENT_TARGET = 15.5;
				MTL_ENABLE_DEBUG_INFO = NO;
				MTL_FAST_MATH = YES;
				SDKROOT = iphoneos;
				SWIFT_COMPILATION_MODE = wholemodule;
				SWIFT_OPTIMIZATION_LEVEL = "-O";
				VALIDATE_PRODUCT = YES;
			};
			name = Release;
		};
		77C3D521289910CF0088554F /* Debug */ = {
			isa = XCBuildConfiguration;
			buildSettings = {
				ASSETCATALOG_COMPILER_APPICON_NAME = AppIcon;
				ASSETCATALOG_COMPILER_GLOBAL_ACCENT_COLOR_NAME = AccentColor;
				ASSETCATALOG_COMPILER_INCLUDE_ALL_APPICON_ASSETS = YES;
				CODE_SIGN_ENTITLEMENTS = projectDate/projectDate.entitlements;
				CODE_SIGN_IDENTITY = "Apple Development";
				CODE_SIGN_STYLE = Automatic;
				CURRENT_PROJECT_VERSION = 1;
				DEVELOPMENT_ASSET_PATHS = "\"projectDate/Preview Content\"";
				DEVELOPMENT_TEAM = D2P5JTGM3J;
				ENABLE_PREVIEWS = YES;
				GENERATE_INFOPLIST_FILE = YES;
				INFOPLIST_FILE = projectDate/Info.plist;
				INFOPLIST_KEY_CFBundleDisplayName = IceBreakrrr;
				INFOPLIST_KEY_LSApplicationCategoryType = "public.app-category.lifestyle";
				INFOPLIST_KEY_NSCameraUsageDescription = "for dating";
				INFOPLIST_KEY_NSLocalNetworkUsageDescription = "for dating";
				INFOPLIST_KEY_NSMicrophoneUsageDescription = "for dating";
				INFOPLIST_KEY_UIApplicationSceneManifest_Generation = YES;
				INFOPLIST_KEY_UIApplicationSupportsIndirectInputEvents = YES;
				INFOPLIST_KEY_UILaunchScreen_Generation = YES;
				INFOPLIST_KEY_UISupportedInterfaceOrientations = UIInterfaceOrientationPortrait;
				LD_RUNPATH_SEARCH_PATHS = (
					"$(inherited)",
					"@executable_path/Frameworks",
				);
				MARKETING_VERSION = 1.0;
				PRODUCT_BUNDLE_IDENTIFIER = com.dotzero.projectDate;
				PRODUCT_NAME = "$(TARGET_NAME)";
				PROVISIONING_PROFILE_SPECIFIER = "";
				SUPPORTED_PLATFORMS = "iphoneos iphonesimulator";
				SUPPORTS_MACCATALYST = NO;
				SUPPORTS_MAC_DESIGNED_FOR_IPHONE_IPAD = NO;
				SWIFT_EMIT_LOC_STRINGS = YES;
				SWIFT_VERSION = 5.0;
				TARGETED_DEVICE_FAMILY = 1;
			};
			name = Debug;
		};
		77C3D522289910CF0088554F /* Release */ = {
			isa = XCBuildConfiguration;
			buildSettings = {
				ASSETCATALOG_COMPILER_APPICON_NAME = AppIcon;
				ASSETCATALOG_COMPILER_GLOBAL_ACCENT_COLOR_NAME = AccentColor;
				ASSETCATALOG_COMPILER_INCLUDE_ALL_APPICON_ASSETS = YES;
				CODE_SIGN_ENTITLEMENTS = projectDate/projectDate.entitlements;
				CODE_SIGN_IDENTITY = "Apple Development";
				CODE_SIGN_STYLE = Automatic;
				CURRENT_PROJECT_VERSION = 1;
				DEVELOPMENT_ASSET_PATHS = "\"projectDate/Preview Content\"";
				DEVELOPMENT_TEAM = D2P5JTGM3J;
				ENABLE_PREVIEWS = YES;
				GENERATE_INFOPLIST_FILE = YES;
				INFOPLIST_FILE = projectDate/Info.plist;
				INFOPLIST_KEY_CFBundleDisplayName = IceBreakrrr;
				INFOPLIST_KEY_LSApplicationCategoryType = "public.app-category.lifestyle";
				INFOPLIST_KEY_NSCameraUsageDescription = "for dating";
				INFOPLIST_KEY_NSLocalNetworkUsageDescription = "for dating";
				INFOPLIST_KEY_NSMicrophoneUsageDescription = "for dating";
				INFOPLIST_KEY_UIApplicationSceneManifest_Generation = YES;
				INFOPLIST_KEY_UIApplicationSupportsIndirectInputEvents = YES;
				INFOPLIST_KEY_UILaunchScreen_Generation = YES;
				INFOPLIST_KEY_UISupportedInterfaceOrientations = UIInterfaceOrientationPortrait;
				LD_RUNPATH_SEARCH_PATHS = (
					"$(inherited)",
					"@executable_path/Frameworks",
				);
				MARKETING_VERSION = 1.0;
				PRODUCT_BUNDLE_IDENTIFIER = com.dotzero.projectDate;
				PRODUCT_NAME = "$(TARGET_NAME)";
				PROVISIONING_PROFILE_SPECIFIER = "";
				SUPPORTED_PLATFORMS = "iphoneos iphonesimulator";
				SUPPORTS_MACCATALYST = NO;
				SUPPORTS_MAC_DESIGNED_FOR_IPHONE_IPAD = NO;
				SWIFT_EMIT_LOC_STRINGS = YES;
				SWIFT_VERSION = 5.0;
				TARGETED_DEVICE_FAMILY = 1;
			};
			name = Release;
		};
		77C3D524289910CF0088554F /* Debug */ = {
			isa = XCBuildConfiguration;
			buildSettings = {
				ALWAYS_EMBED_SWIFT_STANDARD_LIBRARIES = YES;
				BUNDLE_LOADER = "$(TEST_HOST)";
				CODE_SIGN_STYLE = Automatic;
				CURRENT_PROJECT_VERSION = 1;
				DEVELOPMENT_TEAM = KZJW6NG9PY;
				GENERATE_INFOPLIST_FILE = YES;
				IPHONEOS_DEPLOYMENT_TARGET = 15.5;
				MARKETING_VERSION = 1.0;
				PRODUCT_BUNDLE_IDENTIFIER = dotZ3R0.projectDateTests;
				PRODUCT_NAME = "$(TARGET_NAME)";
				SUPPORTED_PLATFORMS = "iphoneos iphonesimulator";
				SUPPORTS_MACCATALYST = NO;
				SUPPORTS_MAC_DESIGNED_FOR_IPHONE_IPAD = NO;
				SWIFT_EMIT_LOC_STRINGS = NO;
				SWIFT_VERSION = 5.0;
				TARGETED_DEVICE_FAMILY = 1;
				TEST_HOST = "$(BUILT_PRODUCTS_DIR)/projectDate.app/projectDate";
			};
			name = Debug;
		};
		77C3D525289910CF0088554F /* Release */ = {
			isa = XCBuildConfiguration;
			buildSettings = {
				ALWAYS_EMBED_SWIFT_STANDARD_LIBRARIES = YES;
				BUNDLE_LOADER = "$(TEST_HOST)";
				CODE_SIGN_STYLE = Automatic;
				CURRENT_PROJECT_VERSION = 1;
				DEVELOPMENT_TEAM = KZJW6NG9PY;
				GENERATE_INFOPLIST_FILE = YES;
				IPHONEOS_DEPLOYMENT_TARGET = 15.5;
				MARKETING_VERSION = 1.0;
				PRODUCT_BUNDLE_IDENTIFIER = dotZ3R0.projectDateTests;
				PRODUCT_NAME = "$(TARGET_NAME)";
				SUPPORTED_PLATFORMS = "iphoneos iphonesimulator";
				SUPPORTS_MACCATALYST = NO;
				SUPPORTS_MAC_DESIGNED_FOR_IPHONE_IPAD = NO;
				SWIFT_EMIT_LOC_STRINGS = NO;
				SWIFT_VERSION = 5.0;
				TARGETED_DEVICE_FAMILY = 1;
				TEST_HOST = "$(BUILT_PRODUCTS_DIR)/projectDate.app/projectDate";
			};
			name = Release;
		};
		77C3D527289910CF0088554F /* Debug */ = {
			isa = XCBuildConfiguration;
			buildSettings = {
				ALWAYS_EMBED_SWIFT_STANDARD_LIBRARIES = YES;
				CODE_SIGN_STYLE = Automatic;
				CURRENT_PROJECT_VERSION = 1;
				DEVELOPMENT_TEAM = KZJW6NG9PY;
				GENERATE_INFOPLIST_FILE = YES;
				MARKETING_VERSION = 1.0;
				PRODUCT_BUNDLE_IDENTIFIER = dotZ3R0.projectDateUITests;
				PRODUCT_NAME = "$(TARGET_NAME)";
				SWIFT_EMIT_LOC_STRINGS = NO;
				SWIFT_VERSION = 5.0;
				TARGETED_DEVICE_FAMILY = "1,2";
				TEST_TARGET_NAME = projectDate;
			};
			name = Debug;
		};
		77C3D528289910CF0088554F /* Release */ = {
			isa = XCBuildConfiguration;
			buildSettings = {
				ALWAYS_EMBED_SWIFT_STANDARD_LIBRARIES = YES;
				CODE_SIGN_STYLE = Automatic;
				CURRENT_PROJECT_VERSION = 1;
				DEVELOPMENT_TEAM = KZJW6NG9PY;
				GENERATE_INFOPLIST_FILE = YES;
				MARKETING_VERSION = 1.0;
				PRODUCT_BUNDLE_IDENTIFIER = dotZ3R0.projectDateUITests;
				PRODUCT_NAME = "$(TARGET_NAME)";
				SWIFT_EMIT_LOC_STRINGS = NO;
				SWIFT_VERSION = 5.0;
				TARGETED_DEVICE_FAMILY = "1,2";
				TEST_TARGET_NAME = projectDate;
			};
			name = Release;
		};
/* End XCBuildConfiguration section */

/* Begin XCConfigurationList section */
		77C3D4F7289910CD0088554F /* Build configuration list for PBXProject "projectDate" */ = {
			isa = XCConfigurationList;
			buildConfigurations = (
				77C3D51E289910CF0088554F /* Debug */,
				77C3D51F289910CF0088554F /* Release */,
			);
			defaultConfigurationIsVisible = 0;
			defaultConfigurationName = Release;
		};
		77C3D520289910CF0088554F /* Build configuration list for PBXNativeTarget "projectDate" */ = {
			isa = XCConfigurationList;
			buildConfigurations = (
				77C3D521289910CF0088554F /* Debug */,
				77C3D522289910CF0088554F /* Release */,
			);
			defaultConfigurationIsVisible = 0;
			defaultConfigurationName = Release;
		};
		77C3D523289910CF0088554F /* Build configuration list for PBXNativeTarget "projectDateTests" */ = {
			isa = XCConfigurationList;
			buildConfigurations = (
				77C3D524289910CF0088554F /* Debug */,
				77C3D525289910CF0088554F /* Release */,
			);
			defaultConfigurationIsVisible = 0;
			defaultConfigurationName = Release;
		};
		77C3D526289910CF0088554F /* Build configuration list for PBXNativeTarget "projectDateUITests" */ = {
			isa = XCConfigurationList;
			buildConfigurations = (
				77C3D527289910CF0088554F /* Debug */,
				77C3D528289910CF0088554F /* Release */,
			);
			defaultConfigurationIsVisible = 0;
			defaultConfigurationName = Release;
		};
/* End XCConfigurationList section */

/* Begin XCRemoteSwiftPackageReference section */
		771EA01628A2435C007EBC40 /* XCRemoteSwiftPackageReference "firebase-ios-sdk" */ = {
			isa = XCRemoteSwiftPackageReference;
			repositoryURL = "https://github.com/firebase/firebase-ios-sdk";
			requirement = {
				kind = upToNextMajorVersion;
				minimumVersion = 9.0.0;
			};
		};
		7731738328CE2F6500B8885B /* XCRemoteSwiftPackageReference "facebook-ios-sdk" */ = {
			isa = XCRemoteSwiftPackageReference;
			repositoryURL = "https://github.com/facebook/facebook-ios-sdk.git";
			requirement = {
				kind = upToNextMajorVersion;
				minimumVersion = 9.0.0;
			};
		};
		77626AF428CB1D2F00D1DD9E /* XCRemoteSwiftPackageReference "GoogleSignIn-iOS" */ = {
			isa = XCRemoteSwiftPackageReference;
			repositoryURL = "https://github.com/google/GoogleSignIn-iOS";
			requirement = {
				kind = upToNextMajorVersion;
				minimumVersion = 6.0.0;
			};
		};
		776DFB5928B286B300F9AC63 /* XCRemoteSwiftPackageReference "firebase-ios-sdk" */ = {
			isa = XCRemoteSwiftPackageReference;
			repositoryURL = "https://github.com/firebase/firebase-ios-sdk";
			requirement = {
				branch = master;
				kind = branch;
			};
		};
/* End XCRemoteSwiftPackageReference section */

/* Begin XCSwiftPackageProductDependency section */
		771EA01728A2435C007EBC40 /* FirebaseFirestore */ = {
			isa = XCSwiftPackageProductDependency;
			package = 771EA01628A2435C007EBC40 /* XCRemoteSwiftPackageReference "firebase-ios-sdk" */;
			productName = FirebaseFirestore;
		};
		771EA01928A2435C007EBC40 /* FirebaseFirestoreSwift */ = {
			isa = XCSwiftPackageProductDependency;
			package = 771EA01628A2435C007EBC40 /* XCRemoteSwiftPackageReference "firebase-ios-sdk" */;
			productName = FirebaseFirestoreSwift;
		};
		7731738428CE2F6500B8885B /* FacebookCore */ = {
			isa = XCSwiftPackageProductDependency;
			package = 7731738328CE2F6500B8885B /* XCRemoteSwiftPackageReference "facebook-ios-sdk" */;
			productName = FacebookCore;
		};
		7731738628CE2F6500B8885B /* FacebookLogin */ = {
			isa = XCSwiftPackageProductDependency;
			package = 7731738328CE2F6500B8885B /* XCRemoteSwiftPackageReference "facebook-ios-sdk" */;
			productName = FacebookLogin;
		};
		7731738828CE2F6500B8885B /* FacebookShare */ = {
			isa = XCSwiftPackageProductDependency;
			package = 7731738328CE2F6500B8885B /* XCRemoteSwiftPackageReference "facebook-ios-sdk" */;
			productName = FacebookShare;
		};
		77626AF528CB1D2F00D1DD9E /* GoogleSignIn */ = {
			isa = XCSwiftPackageProductDependency;
			package = 77626AF428CB1D2F00D1DD9E /* XCRemoteSwiftPackageReference "GoogleSignIn-iOS" */;
			productName = GoogleSignIn;
		};
		77626AF728CB1D2F00D1DD9E /* GoogleSignInSwift */ = {
			isa = XCSwiftPackageProductDependency;
			package = 77626AF428CB1D2F00D1DD9E /* XCRemoteSwiftPackageReference "GoogleSignIn-iOS" */;
			productName = GoogleSignInSwift;
		};
		776DFB5A28B286B300F9AC63 /* FirebaseAuth */ = {
			isa = XCSwiftPackageProductDependency;
			package = 776DFB5928B286B300F9AC63 /* XCRemoteSwiftPackageReference "firebase-ios-sdk" */;
			productName = FirebaseAuth;
		};
		77CB961629A68DE200D5BD7D /* FirebaseStorage */ = {
			isa = XCSwiftPackageProductDependency;
			package = 771EA01628A2435C007EBC40 /* XCRemoteSwiftPackageReference "firebase-ios-sdk" */;
			productName = FirebaseStorage;
		};
/* End XCSwiftPackageProductDependency section */
	};
	rootObject = 77C3D4F4289910CD0088554F /* Project object */;
}
