// !$*UTF8*$!
{
	archiveVersion = 1;
	classes = {
	};
	objectVersion = 70;
	objects = {

/* Begin PBXBuildFile section */
		770E60A629F8E461005DDE79 /* FirebaseAnalytics in Frameworks */ = {isa = PBXBuildFile; productRef = 770E60A529F8E461005DDE79 /* FirebaseAnalytics */; };
		770E60A829F8E461005DDE79 /* FirebaseAnalyticsOnDeviceConversion in Frameworks */ = {isa = PBXBuildFile; productRef = 770E60A729F8E461005DDE79 /* FirebaseAnalyticsOnDeviceConversion */; };
		770E60AA29F8E461005DDE79 /* FirebaseAnalyticsSwift in Frameworks */ = {isa = PBXBuildFile; productRef = 770E60A929F8E461005DDE79 /* FirebaseAnalyticsSwift */; };
		770E60AC29F8E461005DDE79 /* FirebaseAnalyticsWithoutAdIdSupport in Frameworks */ = {isa = PBXBuildFile; productRef = 770E60AB29F8E461005DDE79 /* FirebaseAnalyticsWithoutAdIdSupport */; };
		770E60AE29F8E461005DDE79 /* FirebaseAppCheck in Frameworks */ = {isa = PBXBuildFile; productRef = 770E60AD29F8E461005DDE79 /* FirebaseAppCheck */; };
		770E60B029F8E461005DDE79 /* FirebaseAppDistribution-Beta in Frameworks */ = {isa = PBXBuildFile; productRef = 770E60AF29F8E461005DDE79 /* FirebaseAppDistribution-Beta */; };
		770E60B229F8E461005DDE79 /* FirebaseAuth in Frameworks */ = {isa = PBXBuildFile; productRef = 770E60B129F8E461005DDE79 /* FirebaseAuth */; };
		770E60B429F8E461005DDE79 /* FirebaseAuthCombine-Community in Frameworks */ = {isa = PBXBuildFile; productRef = 770E60B329F8E461005DDE79 /* FirebaseAuthCombine-Community */; };
		770E60B629F8E461005DDE79 /* FirebaseCrashlytics in Frameworks */ = {isa = PBXBuildFile; productRef = 770E60B529F8E461005DDE79 /* FirebaseCrashlytics */; };
		770E60B829F8E461005DDE79 /* FirebaseDatabase in Frameworks */ = {isa = PBXBuildFile; productRef = 770E60B729F8E461005DDE79 /* FirebaseDatabase */; };
		770E60BA29F8E461005DDE79 /* FirebaseDatabaseSwift in Frameworks */ = {isa = PBXBuildFile; productRef = 770E60B929F8E461005DDE79 /* FirebaseDatabaseSwift */; };
		770E60BC29F8E461005DDE79 /* FirebaseDynamicLinks in Frameworks */ = {isa = PBXBuildFile; productRef = 770E60BB29F8E461005DDE79 /* FirebaseDynamicLinks */; };
		770E60BE29F8E461005DDE79 /* FirebaseFirestore in Frameworks */ = {isa = PBXBuildFile; productRef = 770E60BD29F8E461005DDE79 /* FirebaseFirestore */; };
		770E60C029F8E461005DDE79 /* FirebaseFirestoreCombine-Community in Frameworks */ = {isa = PBXBuildFile; productRef = 770E60BF29F8E461005DDE79 /* FirebaseFirestoreCombine-Community */; };
		770E60C229F8E461005DDE79 /* FirebaseFirestoreSwift in Frameworks */ = {isa = PBXBuildFile; productRef = 770E60C129F8E461005DDE79 /* FirebaseFirestoreSwift */; };
		770E60C429F8E461005DDE79 /* FirebaseFunctions in Frameworks */ = {isa = PBXBuildFile; productRef = 770E60C329F8E461005DDE79 /* FirebaseFunctions */; };
		770E60C629F8E461005DDE79 /* FirebaseFunctionsCombine-Community in Frameworks */ = {isa = PBXBuildFile; productRef = 770E60C529F8E461005DDE79 /* FirebaseFunctionsCombine-Community */; };
		770E60C829F8E461005DDE79 /* FirebaseInAppMessaging-Beta in Frameworks */ = {isa = PBXBuildFile; productRef = 770E60C729F8E461005DDE79 /* FirebaseInAppMessaging-Beta */; };
		770E60CA29F8E461005DDE79 /* FirebaseInAppMessagingSwift-Beta in Frameworks */ = {isa = PBXBuildFile; productRef = 770E60C929F8E461005DDE79 /* FirebaseInAppMessagingSwift-Beta */; };
		770E60CC29F8E461005DDE79 /* FirebaseInstallations in Frameworks */ = {isa = PBXBuildFile; productRef = 770E60CB29F8E461005DDE79 /* FirebaseInstallations */; };
		770E60CE29F8E461005DDE79 /* FirebaseMLModelDownloader in Frameworks */ = {isa = PBXBuildFile; productRef = 770E60CD29F8E461005DDE79 /* FirebaseMLModelDownloader */; };
		770E60D029F8E461005DDE79 /* FirebaseMessaging in Frameworks */ = {isa = PBXBuildFile; productRef = 770E60CF29F8E461005DDE79 /* FirebaseMessaging */; };
		770E60D229F8E461005DDE79 /* FirebasePerformance in Frameworks */ = {isa = PBXBuildFile; productRef = 770E60D129F8E461005DDE79 /* FirebasePerformance */; };
		770E60D429F8E461005DDE79 /* FirebaseRemoteConfig in Frameworks */ = {isa = PBXBuildFile; productRef = 770E60D329F8E461005DDE79 /* FirebaseRemoteConfig */; };
		770E60D629F8E461005DDE79 /* FirebaseRemoteConfigSwift in Frameworks */ = {isa = PBXBuildFile; productRef = 770E60D529F8E461005DDE79 /* FirebaseRemoteConfigSwift */; };
		770E60D829F8E461005DDE79 /* FirebaseStorage in Frameworks */ = {isa = PBXBuildFile; productRef = 770E60D729F8E461005DDE79 /* FirebaseStorage */; };
		770E60DA29F8E461005DDE79 /* FirebaseStorageCombine-Community in Frameworks */ = {isa = PBXBuildFile; productRef = 770E60D929F8E461005DDE79 /* FirebaseStorageCombine-Community */; };
		7731738528CE2F6500B8885B /* FacebookCore in Frameworks */ = {isa = PBXBuildFile; productRef = 7731738428CE2F6500B8885B /* FacebookCore */; };
		7731738728CE2F6500B8885B /* FacebookLogin in Frameworks */ = {isa = PBXBuildFile; productRef = 7731738628CE2F6500B8885B /* FacebookLogin */; };
		7731738928CE2F6500B8885B /* FacebookShare in Frameworks */ = {isa = PBXBuildFile; productRef = 7731738828CE2F6500B8885B /* FacebookShare */; };
		773EA1F22DDBD3CC00069D37 /* AppDelegate.swift in Sources */ = {isa = PBXBuildFile; fileRef = 773EA1F12DDBD3CC00069D37 /* AppDelegate.swift */; };
		77626AF628CB1D2F00D1DD9E /* GoogleSignIn in Frameworks */ = {isa = PBXBuildFile; productRef = 77626AF528CB1D2F00D1DD9E /* GoogleSignIn */; };
		77626AF828CB1D2F00D1DD9E /* GoogleSignInSwift in Frameworks */ = {isa = PBXBuildFile; productRef = 77626AF728CB1D2F00D1DD9E /* GoogleSignInSwift */; };
		77AE81AD2D8D719B007FCB75 /* HMSRoomKit in Frameworks */ = {isa = PBXBuildFile; productRef = 77AE81AC2D8D719B007FCB75 /* HMSRoomKit */; };
		77C3D500289910CE0088554F /* projectDateApp.swift in Sources */ = {isa = PBXBuildFile; fileRef = 77C3D4FF289910CE0088554F /* projectDateApp.swift */; };
		77C3D504289910CF0088554F /* Assets.xcassets in Resources */ = {isa = PBXBuildFile; fileRef = 77C3D503289910CF0088554F /* Assets.xcassets */; };
		77C3D507289910CF0088554F /* Preview Assets.xcassets in Resources */ = {isa = PBXBuildFile; fileRef = 77C3D506289910CF0088554F /* Preview Assets.xcassets */; };
		77C3D511289910CF0088554F /* projectDateTests.swift in Sources */ = {isa = PBXBuildFile; fileRef = 77C3D510289910CF0088554F /* projectDateTests.swift */; };
		77C3D51B289910CF0088554F /* projectDateUITests.swift in Sources */ = {isa = PBXBuildFile; fileRef = 77C3D51A289910CF0088554F /* projectDateUITests.swift */; };
		77C3D51D289910CF0088554F /* projectDateUITestsLaunchTests.swift in Sources */ = {isa = PBXBuildFile; fileRef = 77C3D51C289910CF0088554F /* projectDateUITestsLaunchTests.swift */; };
/* End PBXBuildFile section */

/* Begin PBXContainerItemProxy section */
		77C3D50D289910CF0088554F /* PBXContainerItemProxy */ = {
			isa = PBXContainerItemProxy;
			containerPortal = 77C3D4F4289910CD0088554F /* Project object */;
			proxyType = 1;
			remoteGlobalIDString = 77C3D4FB289910CE0088554F;
			remoteInfo = projectDate;
		};
		77C3D517289910CF0088554F /* PBXContainerItemProxy */ = {
			isa = PBXContainerItemProxy;
			containerPortal = 77C3D4F4289910CD0088554F /* Project object */;
			proxyType = 1;
			remoteGlobalIDString = 77C3D4FB289910CE0088554F;
			remoteInfo = projectDate;
		};
/* End PBXContainerItemProxy section */

/* Begin PBXFileReference section */
		770CF55129C5138C00AA90AE /* projectDateRelease.entitlements */ = {isa = PBXFileReference; lastKnownFileType = text.plist.entitlements; path = projectDateRelease.entitlements; sourceTree = "<group>"; };
		773EA1F12DDBD3CC00069D37 /* AppDelegate.swift */ = {isa = PBXFileReference; lastKnownFileType = sourcecode.swift; path = AppDelegate.swift; sourceTree = "<group>"; };
		775E062F28C72B450082C27E /* projectDate.entitlements */ = {isa = PBXFileReference; lastKnownFileType = text.plist.entitlements; path = projectDate.entitlements; sourceTree = "<group>"; };
		775EC41C2D6336750040680B /* ProjectDate.app */ = {isa = PBXFileReference; explicitFileType = wrapper.application; includeInIndex = 0; path = ProjectDate.app; sourceTree = BUILT_PRODUCTS_DIR; };
		775EC41D2D6336750040680B /* ProjectDateTests.xctest */ = {isa = PBXFileReference; explicitFileType = wrapper.cfbundle; includeInIndex = 0; path = ProjectDateTests.xctest; sourceTree = BUILT_PRODUCTS_DIR; };
		775EC41E2D6336750040680B /* ProjectDateUITests.xctest */ = {isa = PBXFileReference; explicitFileType = wrapper.cfbundle; includeInIndex = 0; path = ProjectDateUITests.xctest; sourceTree = BUILT_PRODUCTS_DIR; };
		7766CF3B2D5B3F7300B9BC6C /* .gitignore */ = {isa = PBXFileReference; lastKnownFileType = text; path = .gitignore; sourceTree = "<group>"; };
		77C3D4FF289910CE0088554F /* projectDateApp.swift */ = {isa = PBXFileReference; lastKnownFileType = sourcecode.swift; path = projectDateApp.swift; sourceTree = "<group>"; };
		77C3D503289910CF0088554F /* Assets.xcassets */ = {isa = PBXFileReference; lastKnownFileType = folder.assetcatalog; path = Assets.xcassets; sourceTree = "<group>"; };
		77C3D506289910CF0088554F /* Preview Assets.xcassets */ = {isa = PBXFileReference; lastKnownFileType = folder.assetcatalog; path = "Preview Assets.xcassets"; sourceTree = "<group>"; };
		77C3D510289910CF0088554F /* projectDateTests.swift */ = {isa = PBXFileReference; lastKnownFileType = sourcecode.swift; path = projectDateTests.swift; sourceTree = "<group>"; };
		77C3D51A289910CF0088554F /* projectDateUITests.swift */ = {isa = PBXFileReference; lastKnownFileType = sourcecode.swift; path = projectDateUITests.swift; sourceTree = "<group>"; };
		77C3D51C289910CF0088554F /* projectDateUITestsLaunchTests.swift */ = {isa = PBXFileReference; lastKnownFileType = sourcecode.swift; path = projectDateUITestsLaunchTests.swift; sourceTree = "<group>"; };
/* End PBXFileReference section */

/* Begin PBXFileSystemSynchronizedBuildFileExceptionSet section */
		774432AA2D5B39F800BAF98A /* PBXFileSystemSynchronizedBuildFileExceptionSet */ = {
			isa = PBXFileSystemSynchronizedBuildFileExceptionSet;
			membershipExceptions = (
				"Prod/GoogleService-Info.plist",
			);
			target = 77C3D4FB289910CE0088554F /* ProjectDate */;
		};
		77650EE62D58FE1200586676 /* PBXFileSystemSynchronizedBuildFileExceptionSet */ = {
			isa = PBXFileSystemSynchronizedBuildFileExceptionSet;
			membershipExceptions = (
				AnswerModel.swift,
				ChoiceModel.swift,
				FCMTokenModel.swift,
				ProfileInfoModel.swift,
				ProfileModel.swift,
				QADTOModel.swift,
				QAModel.swift,
				SpeedDateModel.swift,
				VideoConfigModel.swift,
			);
			target = 77C3D50B289910CF0088554F /* ProjectDateTests */;
		};
		779B19D72DC8BDBD00FF38F9 /* PBXFileSystemSynchronizedBuildFileExceptionSet */ = {
			isa = PBXFileSystemSynchronizedBuildFileExceptionSet;
			membershipExceptions = (
				AnimatedButton.swift,
				Constants.swift,
				Spinner.swift,
				TransactionState.swift,
			);
			target = 77C3D50B289910CF0088554F /* ProjectDateTests */;
		};
		779B19E82DD0957500FF38F9 /* PBXFileSystemSynchronizedBuildFileExceptionSet */ = {
			isa = PBXFileSystemSynchronizedBuildFileExceptionSet;
			membershipExceptions = (
				AnswerRepository.swift,
			);
			target = 77C3D50B289910CF0088554F /* ProjectDateTests */;
		};
		779B19EC2DD0A1CF00FF38F9 /* PBXFileSystemSynchronizedBuildFileExceptionSet */ = {
			isa = PBXFileSystemSynchronizedBuildFileExceptionSet;
			membershipExceptions = (
				QAViewModel.swift,
			);
			target = 77C3D50B289910CF0088554F /* ProjectDateTests */;
		};
/* End PBXFileSystemSynchronizedBuildFileExceptionSet section */

/* Begin PBXFileSystemSynchronizedRootGroup section */
		774432A32D5B386400BAF98A /* firebase */ = {isa = PBXFileSystemSynchronizedRootGroup; exceptions = (774432AA2D5B39F800BAF98A /* PBXFileSystemSynchronizedBuildFileExceptionSet */, ); explicitFileTypes = {}; explicitFolders = (); path = firebase; sourceTree = "<group>"; };
		77650EE22D58FDB500586676 /* viewModels */ = {isa = PBXFileSystemSynchronizedRootGroup; exceptions = (779B19EC2DD0A1CF00FF38F9 /* PBXFileSystemSynchronizedBuildFileExceptionSet */, ); explicitFileTypes = {}; explicitFolders = (); path = viewModels; sourceTree = "<group>"; };
		77650EE32D58FDC400586676 /* models */ = {isa = PBXFileSystemSynchronizedRootGroup; exceptions = (77650EE62D58FE1200586676 /* PBXFileSystemSynchronizedBuildFileExceptionSet */, ); explicitFileTypes = {}; explicitFolders = (); path = models; sourceTree = "<group>"; };
		77650EE42D58FDCA00586676 /* views */ = {isa = PBXFileSystemSynchronizedRootGroup; explicitFileTypes = {}; explicitFolders = (); path = views; sourceTree = "<group>"; };
		77650EE72D58FFB100586676 /* utils */ = {isa = PBXFileSystemSynchronizedRootGroup; exceptions = (779B19D72DC8BDBD00FF38F9 /* PBXFileSystemSynchronizedBuildFileExceptionSet */, ); explicitFileTypes = {}; explicitFolders = (); path = utils; sourceTree = "<group>"; };
		77DB9E832D6B30D700935F69 /* services */ = {isa = PBXFileSystemSynchronizedRootGroup; explicitFileTypes = {}; explicitFolders = (); path = services; sourceTree = "<group>"; };
		77DB9E882D6B316B00935F69 /* database */ = {isa = PBXFileSystemSynchronizedRootGroup; exceptions = (779B19E82DD0957500FF38F9 /* PBXFileSystemSynchronizedBuildFileExceptionSet */, ); explicitFileTypes = {}; explicitFolders = (); path = database; sourceTree = "<group>"; };
/* End PBXFileSystemSynchronizedRootGroup section */

/* Begin PBXFrameworksBuildPhase section */
		77C3D4F9289910CE0088554F /* Frameworks */ = {
			isa = PBXFrameworksBuildPhase;
			buildActionMask = 2147483647;
			files = (
				770E60AA29F8E461005DDE79 /* FirebaseAnalyticsSwift in Frameworks */,
				770E60AC29F8E461005DDE79 /* FirebaseAnalyticsWithoutAdIdSupport in Frameworks */,
				770E60A629F8E461005DDE79 /* FirebaseAnalytics in Frameworks */,
				770E60D229F8E461005DDE79 /* FirebasePerformance in Frameworks */,
				770E60D829F8E461005DDE79 /* FirebaseStorage in Frameworks */,
				770E60BE29F8E461005DDE79 /* FirebaseFirestore in Frameworks */,
				77626AF828CB1D2F00D1DD9E /* GoogleSignInSwift in Frameworks */,
				770E60C629F8E461005DDE79 /* FirebaseFunctionsCombine-Community in Frameworks */,
				770E60D629F8E461005DDE79 /* FirebaseRemoteConfigSwift in Frameworks */,
				770E60BC29F8E461005DDE79 /* FirebaseDynamicLinks in Frameworks */,
				770E60D429F8E461005DDE79 /* FirebaseRemoteConfig in Frameworks */,
				770E60B429F8E461005DDE79 /* FirebaseAuthCombine-Community in Frameworks */,
				770E60B829F8E461005DDE79 /* FirebaseDatabase in Frameworks */,
				770E60C429F8E461005DDE79 /* FirebaseFunctions in Frameworks */,
				770E60C829F8E461005DDE79 /* FirebaseInAppMessaging-Beta in Frameworks */,
				7731738528CE2F6500B8885B /* FacebookCore in Frameworks */,
				7731738928CE2F6500B8885B /* FacebookShare in Frameworks */,
				77626AF628CB1D2F00D1DD9E /* GoogleSignIn in Frameworks */,
				770E60CC29F8E461005DDE79 /* FirebaseInstallations in Frameworks */,
				770E60D029F8E461005DDE79 /* FirebaseMessaging in Frameworks */,
				7731738728CE2F6500B8885B /* FacebookLogin in Frameworks */,
				770E60DA29F8E461005DDE79 /* FirebaseStorageCombine-Community in Frameworks */,
				770E60C029F8E461005DDE79 /* FirebaseFirestoreCombine-Community in Frameworks */,
				770E60CA29F8E461005DDE79 /* FirebaseInAppMessagingSwift-Beta in Frameworks */,
				770E60A829F8E461005DDE79 /* FirebaseAnalyticsOnDeviceConversion in Frameworks */,
				770E60B229F8E461005DDE79 /* FirebaseAuth in Frameworks */,
				770E60B629F8E461005DDE79 /* FirebaseCrashlytics in Frameworks */,
				77AE81AD2D8D719B007FCB75 /* HMSRoomKit in Frameworks */,
				770E60C229F8E461005DDE79 /* FirebaseFirestoreSwift in Frameworks */,
				770E60BA29F8E461005DDE79 /* FirebaseDatabaseSwift in Frameworks */,
				770E60CE29F8E461005DDE79 /* FirebaseMLModelDownloader in Frameworks */,
				770E60AE29F8E461005DDE79 /* FirebaseAppCheck in Frameworks */,
				770E60B029F8E461005DDE79 /* FirebaseAppDistribution-Beta in Frameworks */,
			);
			runOnlyForDeploymentPostprocessing = 0;
		};
		77C3D509289910CF0088554F /* Frameworks */ = {
			isa = PBXFrameworksBuildPhase;
			buildActionMask = 2147483647;
			files = (
			);
			runOnlyForDeploymentPostprocessing = 0;
		};
		77C3D513289910CF0088554F /* Frameworks */ = {
			isa = PBXFrameworksBuildPhase;
			buildActionMask = 2147483647;
			files = (
			);
			runOnlyForDeploymentPostprocessing = 0;
		};
/* End PBXFrameworksBuildPhase section */

/* Begin PBXGroup section */
		77C3D4F3289910CD0088554F = {
			isa = PBXGroup;
			children = (
				77C3D4FE289910CE0088554F /* projectDate */,
				77C3D50F289910CF0088554F /* projectDateTests */,
				77C3D519289910CF0088554F /* projectDateUITests */,
				7766CF3B2D5B3F7300B9BC6C /* .gitignore */,
				775EC41C2D6336750040680B /* ProjectDate.app */,
				775EC41D2D6336750040680B /* ProjectDateTests.xctest */,
				775EC41E2D6336750040680B /* ProjectDateUITests.xctest */,
			);
			sourceTree = "<group>";
		};
		77C3D4FE289910CE0088554F /* projectDate */ = {
			isa = PBXGroup;
			children = (
				77DB9E882D6B316B00935F69 /* database */,
				77DB9E832D6B30D700935F69 /* services */,
				774432A32D5B386400BAF98A /* firebase */,
				77650EE72D58FFB100586676 /* utils */,
				77650EE42D58FDCA00586676 /* views */,
				77650EE32D58FDC400586676 /* models */,
				77650EE22D58FDB500586676 /* viewModels */,
				77C3D4FF289910CE0088554F /* projectDateApp.swift */,
				77C3D503289910CF0088554F /* Assets.xcassets */,
				775E062F28C72B450082C27E /* projectDate.entitlements */,
				770CF55129C5138C00AA90AE /* projectDateRelease.entitlements */,
				77C3D505289910CF0088554F /* Preview Content */,
				773EA1F12DDBD3CC00069D37 /* AppDelegate.swift */,
			);
			path = projectDate;
			sourceTree = "<group>";
		};
		77C3D505289910CF0088554F /* Preview Content */ = {
			isa = PBXGroup;
			children = (
				77C3D506289910CF0088554F /* Preview Assets.xcassets */,
			);
			path = "Preview Content";
			sourceTree = "<group>";
		};
		77C3D50F289910CF0088554F /* projectDateTests */ = {
			isa = PBXGroup;
			children = (
				77C3D510289910CF0088554F /* projectDateTests.swift */,
			);
			path = projectDateTests;
			sourceTree = "<group>";
		};
		77C3D519289910CF0088554F /* projectDateUITests */ = {
			isa = PBXGroup;
			children = (
				77C3D51A289910CF0088554F /* projectDateUITests.swift */,
				77C3D51C289910CF0088554F /* projectDateUITestsLaunchTests.swift */,
			);
			path = projectDateUITests;
			sourceTree = "<group>";
		};
/* End PBXGroup section */

/* Begin PBXNativeTarget section */
		77C3D4FB289910CE0088554F /* ProjectDate */ = {
			isa = PBXNativeTarget;
			buildConfigurationList = 77C3D520289910CF0088554F /* Build configuration list for PBXNativeTarget "ProjectDate" */;
			buildPhases = (
				77C3D4F8289910CE0088554F /* Sources */,
				77C3D4F9289910CE0088554F /* Frameworks */,
				774FB7C929EC35A6000B382C /* Setup Firebase Environment GoogleService-Info.plist */,
				77C3D4FA289910CE0088554F /* Resources */,
				770E60DB29FB9961005DDE79 /* ShellScript */,
			);
			buildRules = (
			);
			dependencies = (
			);
			fileSystemSynchronizedGroups = (
				774432A32D5B386400BAF98A /* firebase */,
				77650EE22D58FDB500586676 /* viewModels */,
				77650EE32D58FDC400586676 /* models */,
				77650EE42D58FDCA00586676 /* views */,
				77650EE72D58FFB100586676 /* utils */,
				77DB9E832D6B30D700935F69 /* services */,
				77DB9E882D6B316B00935F69 /* database */,
			);
			name = ProjectDate;
			packageProductDependencies = (
				77626AF528CB1D2F00D1DD9E /* GoogleSignIn */,
				77626AF728CB1D2F00D1DD9E /* GoogleSignInSwift */,
				7731738428CE2F6500B8885B /* FacebookCore */,
				7731738628CE2F6500B8885B /* FacebookLogin */,
				7731738828CE2F6500B8885B /* FacebookShare */,
				770E60A529F8E461005DDE79 /* FirebaseAnalytics */,
				770E60A729F8E461005DDE79 /* FirebaseAnalyticsOnDeviceConversion */,
				770E60A929F8E461005DDE79 /* FirebaseAnalyticsSwift */,
				770E60AB29F8E461005DDE79 /* FirebaseAnalyticsWithoutAdIdSupport */,
				770E60AD29F8E461005DDE79 /* FirebaseAppCheck */,
				770E60AF29F8E461005DDE79 /* FirebaseAppDistribution-Beta */,
				770E60B129F8E461005DDE79 /* FirebaseAuth */,
				770E60B329F8E461005DDE79 /* FirebaseAuthCombine-Community */,
				770E60B529F8E461005DDE79 /* FirebaseCrashlytics */,
				770E60B729F8E461005DDE79 /* FirebaseDatabase */,
				770E60B929F8E461005DDE79 /* FirebaseDatabaseSwift */,
				770E60BB29F8E461005DDE79 /* FirebaseDynamicLinks */,
				770E60BD29F8E461005DDE79 /* FirebaseFirestore */,
				770E60BF29F8E461005DDE79 /* FirebaseFirestoreCombine-Community */,
				770E60C129F8E461005DDE79 /* FirebaseFirestoreSwift */,
				770E60C329F8E461005DDE79 /* FirebaseFunctions */,
				770E60C529F8E461005DDE79 /* FirebaseFunctionsCombine-Community */,
				770E60C729F8E461005DDE79 /* FirebaseInAppMessaging-Beta */,
				770E60C929F8E461005DDE79 /* FirebaseInAppMessagingSwift-Beta */,
				770E60CB29F8E461005DDE79 /* FirebaseInstallations */,
				770E60CD29F8E461005DDE79 /* FirebaseMLModelDownloader */,
				770E60CF29F8E461005DDE79 /* FirebaseMessaging */,
				770E60D129F8E461005DDE79 /* FirebasePerformance */,
				770E60D329F8E461005DDE79 /* FirebaseRemoteConfig */,
				770E60D529F8E461005DDE79 /* FirebaseRemoteConfigSwift */,
				770E60D729F8E461005DDE79 /* FirebaseStorage */,
				770E60D929F8E461005DDE79 /* FirebaseStorageCombine-Community */,
				77AE81AC2D8D719B007FCB75 /* HMSRoomKit */,
			);
			productName = projectDate;
			productReference = 775EC41C2D6336750040680B /* ProjectDate.app */;
			productType = "com.apple.product-type.application";
		};
		77C3D50B289910CF0088554F /* ProjectDateTests */ = {
			isa = PBXNativeTarget;
			buildConfigurationList = 77C3D523289910CF0088554F /* Build configuration list for PBXNativeTarget "ProjectDateTests" */;
			buildPhases = (
				77C3D508289910CF0088554F /* Sources */,
				77C3D509289910CF0088554F /* Frameworks */,
				77C3D50A289910CF0088554F /* Resources */,
			);
			buildRules = (
			);
			dependencies = (
				77C3D50E289910CF0088554F /* PBXTargetDependency */,
			);
			name = ProjectDateTests;
			productName = projectDateTests;
			productReference = 775EC41D2D6336750040680B /* ProjectDateTests.xctest */;
			productType = "com.apple.product-type.bundle.unit-test";
		};
		77C3D515289910CF0088554F /* ProjectDateUITests */ = {
			isa = PBXNativeTarget;
			buildConfigurationList = 77C3D526289910CF0088554F /* Build configuration list for PBXNativeTarget "ProjectDateUITests" */;
			buildPhases = (
				77C3D512289910CF0088554F /* Sources */,
				77C3D513289910CF0088554F /* Frameworks */,
				77C3D514289910CF0088554F /* Resources */,
			);
			buildRules = (
			);
			dependencies = (
				77C3D518289910CF0088554F /* PBXTargetDependency */,
			);
			name = ProjectDateUITests;
			productName = projectDateUITests;
			productReference = 775EC41E2D6336750040680B /* ProjectDateUITests.xctest */;
			productType = "com.apple.product-type.bundle.ui-testing";
		};
/* End PBXNativeTarget section */

/* Begin PBXProject section */
		77C3D4F4289910CD0088554F /* Project object */ = {
			isa = PBXProject;
			attributes = {
				BuildIndependentTargetsInParallel = NO;
				LastSwiftUpdateCheck = 1340;
				LastUpgradeCheck = 1340;
				TargetAttributes = {
					77C3D4FB289910CE0088554F = {
						CreatedOnToolsVersion = 13.4.1;
					};
					77C3D50B289910CF0088554F = {
						CreatedOnToolsVersion = 13.4.1;
						TestTargetID = 77C3D4FB289910CE0088554F;
					};
					77C3D515289910CF0088554F = {
						CreatedOnToolsVersion = 13.4.1;
						TestTargetID = 77C3D4FB289910CE0088554F;
					};
				};
			};
			buildConfigurationList = 77C3D4F7289910CD0088554F /* Build configuration list for PBXProject "ProjectDate" */;
			compatibilityVersion = "Xcode 13.0";
			developmentRegion = en;
			hasScannedForEncodings = 0;
			knownRegions = (
				en,
				Base,
			);
			mainGroup = 77C3D4F3289910CD0088554F;
			packageReferences = (
				77626AF428CB1D2F00D1DD9E /* XCRemoteSwiftPackageReference "GoogleSignIn-iOS" */,
				7731738328CE2F6500B8885B /* XCRemoteSwiftPackageReference "facebook-ios-sdk" */,
				770E60A429F8E461005DDE79 /* XCRemoteSwiftPackageReference "firebase-ios-sdk" */,
				77AE81AB2D8D719B007FCB75 /* XCLocalSwiftPackageReference "../100ms-roomkit-ios" */,
			);
			productRefGroup = 77C3D4F3289910CD0088554F;
			projectDirPath = "";
			projectRoot = "";
			targets = (
				77C3D4FB289910CE0088554F /* ProjectDate */,
				77C3D50B289910CF0088554F /* ProjectDateTests */,
				77C3D515289910CF0088554F /* ProjectDateUITests */,
			);
		};
/* End PBXProject section */

/* Begin PBXResourcesBuildPhase section */
		77C3D4FA289910CE0088554F /* Resources */ = {
			isa = PBXResourcesBuildPhase;
			buildActionMask = 2147483647;
			files = (
				77C3D507289910CF0088554F /* Preview Assets.xcassets in Resources */,
				77C3D504289910CF0088554F /* Assets.xcassets in Resources */,
			);
			runOnlyForDeploymentPostprocessing = 0;
		};
		77C3D50A289910CF0088554F /* Resources */ = {
			isa = PBXResourcesBuildPhase;
			buildActionMask = 2147483647;
			files = (
			);
			runOnlyForDeploymentPostprocessing = 0;
		};
		77C3D514289910CF0088554F /* Resources */ = {
			isa = PBXResourcesBuildPhase;
			buildActionMask = 2147483647;
			files = (
			);
			runOnlyForDeploymentPostprocessing = 0;
		};
/* End PBXResourcesBuildPhase section */

/* Begin PBXShellScriptBuildPhase section */
		770E60DB29FB9961005DDE79 /* ShellScript */ = {
			isa = PBXShellScriptBuildPhase;
			buildActionMask = 2147483647;
			files = (
			);
			inputFileListPaths = (
			);
			inputPaths = (
				"${DWARF_DSYM_FOLDER_PATH}/${DWARF_DSYM_FILE_NAME}/Contents/Resources/DWARF/${TARGET_NAME}",
				"$(SRCROOT)/$(BUILT_PRODUCTS_DIR)/$(INFOPLIST_PATH)",
			);
			outputFileListPaths = (
			);
			outputPaths = (
			);
			runOnlyForDeploymentPostprocessing = 0;
			shellPath = /bin/sh;
			shellScript = "\"${BUILD_DIR%/Build/*}/SourcePackages/checkouts/firebase-ios-sdk/Crashlytics/run\"\n";
		};
		774FB7C929EC35A6000B382C /* Setup Firebase Environment GoogleService-Info.plist */ = {
			isa = PBXShellScriptBuildPhase;
			buildActionMask = 2147483647;
			files = (
			);
			inputFileListPaths = (
			);
			inputPaths = (
			);
			name = "Setup Firebase Environment GoogleService-Info.plist";
			outputFileListPaths = (
			);
			outputPaths = (
			);
			runOnlyForDeploymentPostprocessing = 0;
			shellPath = /bin/sh;
			shellScript = "# Name of the resource we're selectively copying\nGOOGLESERVICE_INFO_PLIST=GoogleService-Info.plist\n\n# Get references to dev and prod versions of the GoogleService-Info.plist\n# NOTE: These should only live on the file system and should NOT be part of the target (since we'll be adding them to the target manually)\nGOOGLESERVICE_INFO_DEV=${PROJECT_DIR}/${TARGET_NAME}/Firebase/Dev/${GOOGLESERVICE_INFO_PLIST}\nGOOGLESERVICE_INFO_PROD=${PROJECT_DIR}/${TARGET_NAME}/Firebase/Prod/${GOOGLESERVICE_INFO_PLIST}\n\n# Make sure the dev version of GoogleService-Info.plist exists\necho \"Looking for ${GOOGLESERVICE_INFO_PLIST} in ${GOOGLESERVICE_INFO_DEV}\"\nif [ ! -f $GOOGLESERVICE_INFO_DEV ]\nthen\n    echo \"No Development GoogleService-Info.plist found. Please ensure it's in the proper directory.\"\n    exit 1\nfi\n\n# Make sure the prod version of GoogleService-Info.plist exists\necho \"Looking for ${GOOGLESERVICE_INFO_PLIST} in ${GOOGLESERVICE_INFO_PROD}\"\nif [ ! -f $GOOGLESERVICE_INFO_PROD ]\nthen\n    echo \"No Production GoogleService-Info.plist found. Please ensure it's in the proper directory.\"\n    exit 1\nfi\n\n# Get a reference to the destination location for the GoogleService-Info.plist\nPLIST_DESTINATION=${BUILT_PRODUCTS_DIR}/${PRODUCT_NAME}.app\necho \"Will copy ${GOOGLESERVICE_INFO_PLIST} to final destination: ${PLIST_DESTINATION}\"\n\n# Copy over the prod GoogleService-Info.plist for Release builds\nif [ \"${CONFIGURATION}\" == \"Release\" ]\nthen\n    echo \"Using ${GOOGLESERVICE_INFO_PROD}\"\n    cp \"${GOOGLESERVICE_INFO_PROD}\" \"${PLIST_DESTINATION}\"\nelse\n    echo \"Using ${GOOGLESERVICE_INFO_DEV}\"\n    cp \"${GOOGLESERVICE_INFO_DEV}\" \"${PLIST_DESTINATION}\"\nfi\n";
		};
/* End PBXShellScriptBuildPhase section */

/* Begin PBXSourcesBuildPhase section */
		77C3D4F8289910CE0088554F /* Sources */ = {
			isa = PBXSourcesBuildPhase;
			buildActionMask = 2147483647;
			files = (
				773EA1F22DDBD3CC00069D37 /* AppDelegate.swift in Sources */,
				77C3D500289910CE0088554F /* projectDateApp.swift in Sources */,
			);
			runOnlyForDeploymentPostprocessing = 0;
		};
		77C3D508289910CF0088554F /* Sources */ = {
			isa = PBXSourcesBuildPhase;
			buildActionMask = 2147483647;
			files = (
				77C3D511289910CF0088554F /* projectDateTests.swift in Sources */,
			);
			runOnlyForDeploymentPostprocessing = 0;
		};
		77C3D512289910CF0088554F /* Sources */ = {
			isa = PBXSourcesBuildPhase;
			buildActionMask = 2147483647;
			files = (
				77C3D51D289910CF0088554F /* projectDateUITestsLaunchTests.swift in Sources */,
				77C3D51B289910CF0088554F /* projectDateUITests.swift in Sources */,
			);
			runOnlyForDeploymentPostprocessing = 0;
		};
/* End PBXSourcesBuildPhase section */

/* Begin PBXTargetDependency section */
		77C3D50E289910CF0088554F /* PBXTargetDependency */ = {
			isa = PBXTargetDependency;
			target = 77C3D4FB289910CE0088554F /* ProjectDate */;
			targetProxy = 77C3D50D289910CF0088554F /* PBXContainerItemProxy */;
		};
		77C3D518289910CF0088554F /* PBXTargetDependency */ = {
			isa = PBXTargetDependency;
			target = 77C3D4FB289910CE0088554F /* ProjectDate */;
			targetProxy = 77C3D517289910CF0088554F /* PBXContainerItemProxy */;
		};
/* End PBXTargetDependency section */

/* Begin XCBuildConfiguration section */
		77C3D51E289910CF0088554F /* Debug */ = {
			isa = XCBuildConfiguration;
			buildSettings = {
				ALWAYS_SEARCH_USER_PATHS = NO;
				CLANG_ANALYZER_NONNULL = YES;
				CLANG_ANALYZER_NUMBER_OBJECT_CONVERSION = YES_AGGRESSIVE;
				CLANG_CXX_LANGUAGE_STANDARD = "gnu++17";
				CLANG_ENABLE_MODULES = YES;
				CLANG_ENABLE_OBJC_ARC = YES;
				CLANG_ENABLE_OBJC_WEAK = YES;
				CLANG_WARN_BLOCK_CAPTURE_AUTORELEASING = YES;
				CLANG_WARN_BOOL_CONVERSION = YES;
				CLANG_WARN_COMMA = YES;
				CLANG_WARN_CONSTANT_CONVERSION = YES;
				CLANG_WARN_DEPRECATED_OBJC_IMPLEMENTATIONS = YES;
				CLANG_WARN_DIRECT_OBJC_ISA_USAGE = YES_ERROR;
				CLANG_WARN_DOCUMENTATION_COMMENTS = YES;
				CLANG_WARN_EMPTY_BODY = YES;
				CLANG_WARN_ENUM_CONVERSION = YES;
				CLANG_WARN_INFINITE_RECURSION = YES;
				CLANG_WARN_INT_CONVERSION = YES;
				CLANG_WARN_NON_LITERAL_NULL_CONVERSION = YES;
				CLANG_WARN_OBJC_IMPLICIT_RETAIN_SELF = YES;
				CLANG_WARN_OBJC_LITERAL_CONVERSION = YES;
				CLANG_WARN_OBJC_ROOT_CLASS = YES_ERROR;
				CLANG_WARN_QUOTED_INCLUDE_IN_FRAMEWORK_HEADER = YES;
				CLANG_WARN_RANGE_LOOP_ANALYSIS = YES;
				CLANG_WARN_STRICT_PROTOTYPES = YES;
				CLANG_WARN_SUSPICIOUS_MOVE = YES;
				CLANG_WARN_UNGUARDED_AVAILABILITY = YES_AGGRESSIVE;
				CLANG_WARN_UNREACHABLE_CODE = YES;
				CLANG_WARN__DUPLICATE_METHOD_MATCH = YES;
				COPY_PHASE_STRIP = NO;
				DEBUG_INFORMATION_FORMAT = "dwarf-with-dsym";
				ENABLE_STRICT_OBJC_MSGSEND = YES;
				ENABLE_TESTABILITY = YES;
				GCC_C_LANGUAGE_STANDARD = gnu11;
				GCC_DYNAMIC_NO_PIC = NO;
				GCC_NO_COMMON_BLOCKS = YES;
				GCC_OPTIMIZATION_LEVEL = 0;
				GCC_PREPROCESSOR_DEFINITIONS = (
					"DEBUG=1",
					"$(inherited)",
				);
				GCC_WARN_64_TO_32_BIT_CONVERSION = YES;
				GCC_WARN_ABOUT_RETURN_TYPE = YES_ERROR;
				GCC_WARN_UNDECLARED_SELECTOR = YES;
				GCC_WARN_UNINITIALIZED_AUTOS = YES_AGGRESSIVE;
				GCC_WARN_UNUSED_FUNCTION = YES;
				GCC_WARN_UNUSED_VARIABLE = YES;
				IPHONEOS_DEPLOYMENT_TARGET = 15.5;
				MTL_ENABLE_DEBUG_INFO = INCLUDE_SOURCE;
				MTL_FAST_MATH = YES;
				ONLY_ACTIVE_ARCH = YES;
				SDKROOT = iphoneos;
				SWIFT_ACTIVE_COMPILATION_CONDITIONS = DEBUG;
				SWIFT_OPTIMIZATION_LEVEL = "-Onone";
			};
			name = Debug;
		};
		77C3D51F289910CF0088554F /* Release */ = {
			isa = XCBuildConfiguration;
			buildSettings = {
				ALWAYS_SEARCH_USER_PATHS = NO;
				CLANG_ANALYZER_NONNULL = YES;
				CLANG_ANALYZER_NUMBER_OBJECT_CONVERSION = YES_AGGRESSIVE;
				CLANG_CXX_LANGUAGE_STANDARD = "gnu++17";
				CLANG_ENABLE_MODULES = YES;
				CLANG_ENABLE_OBJC_ARC = YES;
				CLANG_ENABLE_OBJC_WEAK = YES;
				CLANG_WARN_BLOCK_CAPTURE_AUTORELEASING = YES;
				CLANG_WARN_BOOL_CONVERSION = YES;
				CLANG_WARN_COMMA = YES;
				CLANG_WARN_CONSTANT_CONVERSION = YES;
				CLANG_WARN_DEPRECATED_OBJC_IMPLEMENTATIONS = YES;
				CLANG_WARN_DIRECT_OBJC_ISA_USAGE = YES_ERROR;
				CLANG_WARN_DOCUMENTATION_COMMENTS = YES;
				CLANG_WARN_EMPTY_BODY = YES;
				CLANG_WARN_ENUM_CONVERSION = YES;
				CLANG_WARN_INFINITE_RECURSION = YES;
				CLANG_WARN_INT_CONVERSION = YES;
				CLANG_WARN_NON_LITERAL_NULL_CONVERSION = YES;
				CLANG_WARN_OBJC_IMPLICIT_RETAIN_SELF = YES;
				CLANG_WARN_OBJC_LITERAL_CONVERSION = YES;
				CLANG_WARN_OBJC_ROOT_CLASS = YES_ERROR;
				CLANG_WARN_QUOTED_INCLUDE_IN_FRAMEWORK_HEADER = YES;
				CLANG_WARN_RANGE_LOOP_ANALYSIS = YES;
				CLANG_WARN_STRICT_PROTOTYPES = YES;
				CLANG_WARN_SUSPICIOUS_MOVE = YES;
				CLANG_WARN_UNGUARDED_AVAILABILITY = YES_AGGRESSIVE;
				CLANG_WARN_UNREACHABLE_CODE = YES;
				CLANG_WARN__DUPLICATE_METHOD_MATCH = YES;
				COPY_PHASE_STRIP = NO;
				DEBUG_INFORMATION_FORMAT = "dwarf-with-dsym";
				ENABLE_NS_ASSERTIONS = NO;
				ENABLE_STRICT_OBJC_MSGSEND = YES;
				GCC_C_LANGUAGE_STANDARD = gnu11;
				GCC_NO_COMMON_BLOCKS = YES;
				GCC_WARN_64_TO_32_BIT_CONVERSION = YES;
				GCC_WARN_ABOUT_RETURN_TYPE = YES_ERROR;
				GCC_WARN_UNDECLARED_SELECTOR = YES;
				GCC_WARN_UNINITIALIZED_AUTOS = YES_AGGRESSIVE;
				GCC_WARN_UNUSED_FUNCTION = YES;
				GCC_WARN_UNUSED_VARIABLE = YES;
				IPHONEOS_DEPLOYMENT_TARGET = 15.5;
				MTL_ENABLE_DEBUG_INFO = NO;
				MTL_FAST_MATH = YES;
				SDKROOT = iphoneos;
				SWIFT_COMPILATION_MODE = wholemodule;
				SWIFT_OPTIMIZATION_LEVEL = "-O";
				VALIDATE_PRODUCT = YES;
			};
			name = Release;
		};
		77C3D521289910CF0088554F /* Debug */ = {
			isa = XCBuildConfiguration;
			buildSettings = {
				ASSETCATALOG_COMPILER_APPICON_NAME = AppIcon;
				ASSETCATALOG_COMPILER_GLOBAL_ACCENT_COLOR_NAME = AccentColor;
				ASSETCATALOG_COMPILER_INCLUDE_ALL_APPICON_ASSETS = YES;
				CODE_SIGN_ENTITLEMENTS = projectDate/projectDate.entitlements;
				CODE_SIGN_IDENTITY = "Apple Development";
				CODE_SIGN_STYLE = Automatic;
				CURRENT_PROJECT_VERSION = 1;
				DEBUG_INFORMATION_FORMAT = "dwarf-with-dsym";
				DEVELOPMENT_ASSET_PATHS = "\"projectDate/Preview Content\"";
				DEVELOPMENT_TEAM = D2P5JTGM3J;
				ENABLE_PREVIEWS = YES;
				GENERATE_INFOPLIST_FILE = YES;
				INFOPLIST_FILE = projectDate/Info.plist;
				INFOPLIST_KEY_CFBundleDisplayName = LittleBigThings;
				INFOPLIST_KEY_LSApplicationCategoryType = "public.app-category.entertainment";
				INFOPLIST_KEY_NSCameraUsageDescription = "for videochatting with friends and others in the area. Data like your name and camera will be used when connecting with others in videochat so everyone can be comfortable when joining";
				INFOPLIST_KEY_NSLocalNetworkUsageDescription = "for dating";
				INFOPLIST_KEY_NSMicrophoneUsageDescription = "for videochatting with friends and others in the area. Data like your audio will be used when connecting with others in videochat so everyone can be comfortable when joining";
				INFOPLIST_KEY_UIApplicationSceneManifest_Generation = YES;
				INFOPLIST_KEY_UIApplicationSupportsIndirectInputEvents = NO;
				INFOPLIST_KEY_UILaunchScreen_Generation = YES;
				INFOPLIST_KEY_UISupportedInterfaceOrientations = UIInterfaceOrientationPortrait;
				IPHONEOS_DEPLOYMENT_TARGET = 17.4;
				LD_RUNPATH_SEARCH_PATHS = (
					"$(inherited)",
					"@executable_path/Frameworks",
				);
				MARKETING_VERSION = 1.0;
				PRODUCT_BUNDLE_IDENTIFIER = com.dotzero.projectDate;
				PRODUCT_NAME = "$(TARGET_NAME)";
				PROVISIONING_PROFILE_SPECIFIER = "";
				SUPPORTED_PLATFORMS = "iphoneos iphonesimulator";
				SUPPORTS_MACCATALYST = NO;
				SUPPORTS_MAC_DESIGNED_FOR_IPHONE_IPAD = NO;
				SWIFT_EMIT_LOC_STRINGS = YES;
				SWIFT_VERSION = 5.0;
				TARGETED_DEVICE_FAMILY = 1;
			};
			name = Debug;
		};
		77C3D522289910CF0088554F /* Release */ = {
			isa = XCBuildConfiguration;
			buildSettings = {
				ASSETCATALOG_COMPILER_APPICON_NAME = AppIcon;
				ASSETCATALOG_COMPILER_GLOBAL_ACCENT_COLOR_NAME = AccentColor;
				ASSETCATALOG_COMPILER_INCLUDE_ALL_APPICON_ASSETS = YES;
				CODE_SIGN_ENTITLEMENTS = projectDate/projectDateRelease.entitlements;
				CODE_SIGN_IDENTITY = "Apple Development";
				CODE_SIGN_STYLE = Automatic;
				CURRENT_PROJECT_VERSION = 1;
				DEVELOPMENT_ASSET_PATHS = "\"projectDate/Preview Content\"";
				DEVELOPMENT_TEAM = D2P5JTGM3J;
				ENABLE_PREVIEWS = YES;
				GENERATE_INFOPLIST_FILE = YES;
				INFOPLIST_FILE = projectDate/Info.plist;
				INFOPLIST_KEY_CFBundleDisplayName = LittleBigThings;
				INFOPLIST_KEY_LSApplicationCategoryType = "public.app-category.entertainment";
				INFOPLIST_KEY_NSCameraUsageDescription = "for videochatting with friends and others in the area. Data like your name and camera will be used when connecting with others in videochat so everyone can be comfortable when joining";
				INFOPLIST_KEY_NSLocalNetworkUsageDescription = "for dating";
				INFOPLIST_KEY_NSMicrophoneUsageDescription = "for videochatting with friends and others in the area. Data like your audio will be used when connecting with others in videochat so everyone can be comfortable when joining";
				INFOPLIST_KEY_UIApplicationSceneManifest_Generation = YES;
				INFOPLIST_KEY_UIApplicationSupportsIndirectInputEvents = NO;
				INFOPLIST_KEY_UILaunchScreen_Generation = YES;
				INFOPLIST_KEY_UISupportedInterfaceOrientations = UIInterfaceOrientationPortrait;
				IPHONEOS_DEPLOYMENT_TARGET = 17.4;
				LD_RUNPATH_SEARCH_PATHS = (
					"$(inherited)",
					"@executable_path/Frameworks",
				);
				MARKETING_VERSION = 1.0;
				PRODUCT_BUNDLE_IDENTIFIER = com.dotzero.projectDate;
				PRODUCT_NAME = "$(TARGET_NAME)";
				PROVISIONING_PROFILE_SPECIFIER = "";
				SUPPORTED_PLATFORMS = "iphoneos iphonesimulator";
				SUPPORTS_MACCATALYST = NO;
				SUPPORTS_MAC_DESIGNED_FOR_IPHONE_IPAD = NO;
				SWIFT_EMIT_LOC_STRINGS = YES;
				SWIFT_VERSION = 5.0;
				TARGETED_DEVICE_FAMILY = 1;
			};
			name = Release;
		};
		77C3D524289910CF0088554F /* Debug */ = {
			isa = XCBuildConfiguration;
			buildSettings = {
				ALWAYS_EMBED_SWIFT_STANDARD_LIBRARIES = YES;
				BUNDLE_LOADER = "$(TEST_HOST)";
				CODE_SIGN_STYLE = Automatic;
				CURRENT_PROJECT_VERSION = 1;
				DEVELOPMENT_TEAM = D2P5JTGM3J;
				GENERATE_INFOPLIST_FILE = YES;
				IPHONEOS_DEPLOYMENT_TARGET = 15.5;
				MARKETING_VERSION = 1.0;
				PRODUCT_BUNDLE_IDENTIFIER = dotZ3R0.projectDateTests;
				PRODUCT_NAME = "$(TARGET_NAME)";
				SUPPORTED_PLATFORMS = "iphoneos iphonesimulator";
				SUPPORTS_MACCATALYST = NO;
				SUPPORTS_MAC_DESIGNED_FOR_IPHONE_IPAD = NO;
				SWIFT_EMIT_LOC_STRINGS = NO;
				SWIFT_VERSION = 5.0;
				TARGETED_DEVICE_FAMILY = 1;
				TEST_HOST = "$(BUILT_PRODUCTS_DIR)/ProjectDate.app/ProjectDate";
			};
			name = Debug;
		};
		77C3D525289910CF0088554F /* Release */ = {
			isa = XCBuildConfiguration;
			buildSettings = {
				ALWAYS_EMBED_SWIFT_STANDARD_LIBRARIES = YES;
				BUNDLE_LOADER = "$(TEST_HOST)";
				CODE_SIGN_STYLE = Automatic;
				CURRENT_PROJECT_VERSION = 1;
				DEVELOPMENT_TEAM = KZJW6NG9PY;
				GENERATE_INFOPLIST_FILE = YES;
				IPHONEOS_DEPLOYMENT_TARGET = 15.5;
				MARKETING_VERSION = 1.0;
				PRODUCT_BUNDLE_IDENTIFIER = dotZ3R0.projectDateTests;
				PRODUCT_NAME = "$(TARGET_NAME)";
				SUPPORTED_PLATFORMS = "iphoneos iphonesimulator";
				SUPPORTS_MACCATALYST = NO;
				SUPPORTS_MAC_DESIGNED_FOR_IPHONE_IPAD = NO;
				SWIFT_EMIT_LOC_STRINGS = NO;
				SWIFT_VERSION = 5.0;
				TARGETED_DEVICE_FAMILY = 1;
				TEST_HOST = "$(BUILT_PRODUCTS_DIR)/ProjectDate.app/ProjectDate";
			};
			name = Release;
		};
		77C3D527289910CF0088554F /* Debug */ = {
			isa = XCBuildConfiguration;
			buildSettings = {
				ALWAYS_EMBED_SWIFT_STANDARD_LIBRARIES = YES;
				CODE_SIGN_STYLE = Automatic;
				CURRENT_PROJECT_VERSION = 1;
				DEVELOPMENT_TEAM = KZJW6NG9PY;
				GENERATE_INFOPLIST_FILE = YES;
				MARKETING_VERSION = 1.0;
				PRODUCT_BUNDLE_IDENTIFIER = dotZ3R0.projectDateUITests;
				PRODUCT_NAME = "$(TARGET_NAME)";
				SWIFT_EMIT_LOC_STRINGS = NO;
				SWIFT_VERSION = 5.0;
				TARGETED_DEVICE_FAMILY = "1,2";
				TEST_TARGET_NAME = projectDate;
			};
			name = Debug;
		};
		77C3D528289910CF0088554F /* Release */ = {
			isa = XCBuildConfiguration;
			buildSettings = {
				ALWAYS_EMBED_SWIFT_STANDARD_LIBRARIES = YES;
				CODE_SIGN_STYLE = Automatic;
				CURRENT_PROJECT_VERSION = 1;
				DEVELOPMENT_TEAM = KZJW6NG9PY;
				GENERATE_INFOPLIST_FILE = YES;
				MARKETING_VERSION = 1.0;
				PRODUCT_BUNDLE_IDENTIFIER = dotZ3R0.projectDateUITests;
				PRODUCT_NAME = "$(TARGET_NAME)";
				SWIFT_EMIT_LOC_STRINGS = NO;
				SWIFT_VERSION = 5.0;
				TARGETED_DEVICE_FAMILY = "1,2";
				TEST_TARGET_NAME = projectDate;
			};
			name = Release;
		};
/* End XCBuildConfiguration section */

/* Begin XCConfigurationList section */
		77C3D4F7289910CD0088554F /* Build configuration list for PBXProject "ProjectDate" */ = {
			isa = XCConfigurationList;
			buildConfigurations = (
				77C3D51E289910CF0088554F /* Debug */,
				77C3D51F289910CF0088554F /* Release */,
			);
			defaultConfigurationIsVisible = 0;
			defaultConfigurationName = Release;
		};
		77C3D520289910CF0088554F /* Build configuration list for PBXNativeTarget "ProjectDate" */ = {
			isa = XCConfigurationList;
			buildConfigurations = (
				77C3D521289910CF0088554F /* Debug */,
				77C3D522289910CF0088554F /* Release */,
			);
			defaultConfigurationIsVisible = 0;
			defaultConfigurationName = Release;
		};
		77C3D523289910CF0088554F /* Build configuration list for PBXNativeTarget "ProjectDateTests" */ = {
			isa = XCConfigurationList;
			buildConfigurations = (
				77C3D524289910CF0088554F /* Debug */,
				77C3D525289910CF0088554F /* Release */,
			);
			defaultConfigurationIsVisible = 0;
			defaultConfigurationName = Release;
		};
		77C3D526289910CF0088554F /* Build configuration list for PBXNativeTarget "ProjectDateUITests" */ = {
			isa = XCConfigurationList;
			buildConfigurations = (
				77C3D527289910CF0088554F /* Debug */,
				77C3D528289910CF0088554F /* Release */,
			);
			defaultConfigurationIsVisible = 0;
			defaultConfigurationName = Release;
		};
/* End XCConfigurationList section */

/* Begin XCLocalSwiftPackageReference section */
		77AE81AB2D8D719B007FCB75 /* XCLocalSwiftPackageReference "../100ms-roomkit-ios" */ = {
			isa = XCLocalSwiftPackageReference;
			relativePath = "../100ms-roomkit-ios";
		};
/* End XCLocalSwiftPackageReference section */

/* Begin XCRemoteSwiftPackageReference section */
		770E60A429F8E461005DDE79 /* XCRemoteSwiftPackageReference "firebase-ios-sdk" */ = {
			isa = XCRemoteSwiftPackageReference;
			repositoryURL = "https://github.com/firebase/firebase-ios-sdk";
			requirement = {
				kind = upToNextMajorVersion;
				minimumVersion = 10.29.0;
			};
		};
		7731738328CE2F6500B8885B /* XCRemoteSwiftPackageReference "facebook-ios-sdk" */ = {
			isa = XCRemoteSwiftPackageReference;
			repositoryURL = "https://github.com/facebook/facebook-ios-sdk.git";
			requirement = {
				kind = upToNextMajorVersion;
				minimumVersion = 9.0.0;
			};
		};
		77626AF428CB1D2F00D1DD9E /* XCRemoteSwiftPackageReference "GoogleSignIn-iOS" */ = {
			isa = XCRemoteSwiftPackageReference;
			repositoryURL = "https://github.com/google/GoogleSignIn-iOS";
			requirement = {
				kind = upToNextMajorVersion;
				minimumVersion = 6.0.0;
			};
		};
/* End XCRemoteSwiftPackageReference section */

/* Begin XCSwiftPackageProductDependency section */
		770E60A529F8E461005DDE79 /* FirebaseAnalytics */ = {
			isa = XCSwiftPackageProductDependency;
			package = 770E60A429F8E461005DDE79 /* XCRemoteSwiftPackageReference "firebase-ios-sdk" */;
			productName = FirebaseAnalytics;
		};
		770E60A729F8E461005DDE79 /* FirebaseAnalyticsOnDeviceConversion */ = {
			isa = XCSwiftPackageProductDependency;
			package = 770E60A429F8E461005DDE79 /* XCRemoteSwiftPackageReference "firebase-ios-sdk" */;
			productName = FirebaseAnalyticsOnDeviceConversion;
		};
		770E60A929F8E461005DDE79 /* FirebaseAnalyticsSwift */ = {
			isa = XCSwiftPackageProductDependency;
			package = 770E60A429F8E461005DDE79 /* XCRemoteSwiftPackageReference "firebase-ios-sdk" */;
			productName = FirebaseAnalyticsSwift;
		};
		770E60AB29F8E461005DDE79 /* FirebaseAnalyticsWithoutAdIdSupport */ = {
			isa = XCSwiftPackageProductDependency;
			package = 770E60A429F8E461005DDE79 /* XCRemoteSwiftPackageReference "firebase-ios-sdk" */;
			productName = FirebaseAnalyticsWithoutAdIdSupport;
		};
		770E60AD29F8E461005DDE79 /* FirebaseAppCheck */ = {
			isa = XCSwiftPackageProductDependency;
			package = 770E60A429F8E461005DDE79 /* XCRemoteSwiftPackageReference "firebase-ios-sdk" */;
			productName = FirebaseAppCheck;
		};
		770E60AF29F8E461005DDE79 /* FirebaseAppDistribution-Beta */ = {
			isa = XCSwiftPackageProductDependency;
			package = 770E60A429F8E461005DDE79 /* XCRemoteSwiftPackageReference "firebase-ios-sdk" */;
			productName = "FirebaseAppDistribution-Beta";
		};
		770E60B129F8E461005DDE79 /* FirebaseAuth */ = {
			isa = XCSwiftPackageProductDependency;
			package = 770E60A429F8E461005DDE79 /* XCRemoteSwiftPackageReference "firebase-ios-sdk" */;
			productName = FirebaseAuth;
		};
		770E60B329F8E461005DDE79 /* FirebaseAuthCombine-Community */ = {
			isa = XCSwiftPackageProductDependency;
			package = 770E60A429F8E461005DDE79 /* XCRemoteSwiftPackageReference "firebase-ios-sdk" */;
			productName = "FirebaseAuthCombine-Community";
		};
		770E60B529F8E461005DDE79 /* FirebaseCrashlytics */ = {
			isa = XCSwiftPackageProductDependency;
			package = 770E60A429F8E461005DDE79 /* XCRemoteSwiftPackageReference "firebase-ios-sdk" */;
			productName = FirebaseCrashlytics;
		};
		770E60B729F8E461005DDE79 /* FirebaseDatabase */ = {
			isa = XCSwiftPackageProductDependency;
			package = 770E60A429F8E461005DDE79 /* XCRemoteSwiftPackageReference "firebase-ios-sdk" */;
			productName = FirebaseDatabase;
		};
		770E60B929F8E461005DDE79 /* FirebaseDatabaseSwift */ = {
			isa = XCSwiftPackageProductDependency;
			package = 770E60A429F8E461005DDE79 /* XCRemoteSwiftPackageReference "firebase-ios-sdk" */;
			productName = FirebaseDatabaseSwift;
		};
		770E60BB29F8E461005DDE79 /* FirebaseDynamicLinks */ = {
			isa = XCSwiftPackageProductDependency;
			package = 770E60A429F8E461005DDE79 /* XCRemoteSwiftPackageReference "firebase-ios-sdk" */;
			productName = FirebaseDynamicLinks;
		};
		770E60BD29F8E461005DDE79 /* FirebaseFirestore */ = {
			isa = XCSwiftPackageProductDependency;
			package = 770E60A429F8E461005DDE79 /* XCRemoteSwiftPackageReference "firebase-ios-sdk" */;
			productName = FirebaseFirestore;
		};
		770E60BF29F8E461005DDE79 /* FirebaseFirestoreCombine-Community */ = {
			isa = XCSwiftPackageProductDependency;
			package = 770E60A429F8E461005DDE79 /* XCRemoteSwiftPackageReference "firebase-ios-sdk" */;
			productName = "FirebaseFirestoreCombine-Community";
		};
		770E60C129F8E461005DDE79 /* FirebaseFirestoreSwift */ = {
			isa = XCSwiftPackageProductDependency;
			package = 770E60A429F8E461005DDE79 /* XCRemoteSwiftPackageReference "firebase-ios-sdk" */;
			productName = FirebaseFirestoreSwift;
		};
		770E60C329F8E461005DDE79 /* FirebaseFunctions */ = {
			isa = XCSwiftPackageProductDependency;
			package = 770E60A429F8E461005DDE79 /* XCRemoteSwiftPackageReference "firebase-ios-sdk" */;
			productName = FirebaseFunctions;
		};
		770E60C529F8E461005DDE79 /* FirebaseFunctionsCombine-Community */ = {
			isa = XCSwiftPackageProductDependency;
			package = 770E60A429F8E461005DDE79 /* XCRemoteSwiftPackageReference "firebase-ios-sdk" */;
			productName = "FirebaseFunctionsCombine-Community";
		};
		770E60C729F8E461005DDE79 /* FirebaseInAppMessaging-Beta */ = {
			isa = XCSwiftPackageProductDependency;
			package = 770E60A429F8E461005DDE79 /* XCRemoteSwiftPackageReference "firebase-ios-sdk" */;
			productName = "FirebaseInAppMessaging-Beta";
		};
		770E60C929F8E461005DDE79 /* FirebaseInAppMessagingSwift-Beta */ = {
			isa = XCSwiftPackageProductDependency;
			package = 770E60A429F8E461005DDE79 /* XCRemoteSwiftPackageReference "firebase-ios-sdk" */;
			productName = "FirebaseInAppMessagingSwift-Beta";
		};
		770E60CB29F8E461005DDE79 /* FirebaseInstallations */ = {
			isa = XCSwiftPackageProductDependency;
			package = 770E60A429F8E461005DDE79 /* XCRemoteSwiftPackageReference "firebase-ios-sdk" */;
			productName = FirebaseInstallations;
		};
		770E60CD29F8E461005DDE79 /* FirebaseMLModelDownloader */ = {
			isa = XCSwiftPackageProductDependency;
			package = 770E60A429F8E461005DDE79 /* XCRemoteSwiftPackageReference "firebase-ios-sdk" */;
			productName = FirebaseMLModelDownloader;
		};
		770E60CF29F8E461005DDE79 /* FirebaseMessaging */ = {
			isa = XCSwiftPackageProductDependency;
			package = 770E60A429F8E461005DDE79 /* XCRemoteSwiftPackageReference "firebase-ios-sdk" */;
			productName = FirebaseMessaging;
		};
		770E60D129F8E461005DDE79 /* FirebasePerformance */ = {
			isa = XCSwiftPackageProductDependency;
			package = 770E60A429F8E461005DDE79 /* XCRemoteSwiftPackageReference "firebase-ios-sdk" */;
			productName = FirebasePerformance;
		};
		770E60D329F8E461005DDE79 /* FirebaseRemoteConfig */ = {
			isa = XCSwiftPackageProductDependency;
			package = 770E60A429F8E461005DDE79 /* XCRemoteSwiftPackageReference "firebase-ios-sdk" */;
			productName = FirebaseRemoteConfig;
		};
		770E60D529F8E461005DDE79 /* FirebaseRemoteConfigSwift */ = {
			isa = XCSwiftPackageProductDependency;
			package = 770E60A429F8E461005DDE79 /* XCRemoteSwiftPackageReference "firebase-ios-sdk" */;
			productName = FirebaseRemoteConfigSwift;
		};
		770E60D729F8E461005DDE79 /* FirebaseStorage */ = {
			isa = XCSwiftPackageProductDependency;
			package = 770E60A429F8E461005DDE79 /* XCRemoteSwiftPackageReference "firebase-ios-sdk" */;
			productName = FirebaseStorage;
		};
		770E60D929F8E461005DDE79 /* FirebaseStorageCombine-Community */ = {
			isa = XCSwiftPackageProductDependency;
			package = 770E60A429F8E461005DDE79 /* XCRemoteSwiftPackageReference "firebase-ios-sdk" */;
			productName = "FirebaseStorageCombine-Community";
		};
		7731738428CE2F6500B8885B /* FacebookCore */ = {
			isa = XCSwiftPackageProductDependency;
			package = 7731738328CE2F6500B8885B /* XCRemoteSwiftPackageReference "facebook-ios-sdk" */;
			productName = FacebookCore;
		};
		7731738628CE2F6500B8885B /* FacebookLogin */ = {
			isa = XCSwiftPackageProductDependency;
			package = 7731738328CE2F6500B8885B /* XCRemoteSwiftPackageReference "facebook-ios-sdk" */;
			productName = FacebookLogin;
		};
		7731738828CE2F6500B8885B /* FacebookShare */ = {
			isa = XCSwiftPackageProductDependency;
			package = 7731738328CE2F6500B8885B /* XCRemoteSwiftPackageReference "facebook-ios-sdk" */;
			productName = FacebookShare;
		};
		77626AF528CB1D2F00D1DD9E /* GoogleSignIn */ = {
			isa = XCSwiftPackageProductDependency;
			package = 77626AF428CB1D2F00D1DD9E /* XCRemoteSwiftPackageReference "GoogleSignIn-iOS" */;
			productName = GoogleSignIn;
		};
		77626AF728CB1D2F00D1DD9E /* GoogleSignInSwift */ = {
			isa = XCSwiftPackageProductDependency;
			package = 77626AF428CB1D2F00D1DD9E /* XCRemoteSwiftPackageReference "GoogleSignIn-iOS" */;
			productName = GoogleSignInSwift;
		};
		77AE81AC2D8D719B007FCB75 /* HMSRoomKit */ = {
			isa = XCSwiftPackageProductDependency;
			productName = HMSRoomKit;
		};
/* End XCSwiftPackageProductDependency section */
	};
	rootObject = 77C3D4F4289910CD0088554F /* Project object */;
}
